// !$*UTF8*$!
{
	archiveVersion = 1;
	classes = {
	};
	objectVersion = 45;
	objects = {

/* Begin PBXBuildFile section */
		1D60589B0D05DD56006BFB54 /* main.m in Sources */ = {isa = PBXBuildFile; fileRef = 29B97316FDCFA39411CA2CEA /* main.m */; };
		1D60589F0D05DD5A006BFB54 /* Foundation.framework in Frameworks */ = {isa = PBXBuildFile; fileRef = 1D30AB110D05D00D00671497 /* Foundation.framework */; };
		1DF5F4E00D08C38300B7A737 /* UIKit.framework in Frameworks */ = {isa = PBXBuildFile; fileRef = 1DF5F4DF0D08C38300B7A737 /* UIKit.framework */; };
		288765A50DF7441C002DB57D /* CoreGraphics.framework in Frameworks */ = {isa = PBXBuildFile; fileRef = 288765A40DF7441C002DB57D /* CoreGraphics.framework */; };
		28AD733F0D9D9553002E5188 /* FindAnApartmentMainWindow.xib in Resources */ = {isa = PBXBuildFile; fileRef = 28AD733E0D9D9553002E5188 /* FindAnApartmentMainWindow.xib */; };
		28D801B40F44B63D00FB423F /* CoreData.framework in Frameworks */ = {isa = PBXBuildFile; fileRef = 28D801B30F44B63D00FB423F /* CoreData.framework */; };
		453DBF881002ED760090982C /* AppDelegate.m in Sources */ = {isa = PBXBuildFile; fileRef = 45D456881002E4C000944852 /* AppDelegate.m */; };
		453EE36E0FF084DB0044390F /* DescriptionCell.xib in Resources */ = {isa = PBXBuildFile; fileRef = 453EE36D0FF084DB0044390F /* DescriptionCell.xib */; };
		453EE3710FF084EC0044390F /* DescriptionCell.m in Sources */ = {isa = PBXBuildFile; fileRef = 453EE3700FF084EC0044390F /* DescriptionCell.m */; };
		4558D5AE1002FECD0065C4DD /* HomeFinderAppDelegate.m in Sources */ = {isa = PBXBuildFile; fileRef = 4558D5AD1002FECD0065C4DD /* HomeFinderAppDelegate.m */; };
		4558D65910058CF30065C4DD /* MortgageCriteriaViewController.m in Sources */ = {isa = PBXBuildFile; fileRef = 4558D65710058CF30065C4DD /* MortgageCriteriaViewController.m */; };
		4558D65A10058CF30065C4DD /* MortgageCriteriaView.xib in Resources */ = {isa = PBXBuildFile; fileRef = 4558D65810058CF30065C4DD /* MortgageCriteriaView.xib */; };
		455BFE400FDC9BC4000BCD39 /* PropertyDetailsView.xib in Resources */ = {isa = PBXBuildFile; fileRef = 455BFE3F0FDC9BC4000BCD39 /* PropertyDetailsView.xib */; };
		457930A40FE3601C008E2ACD /* PropertySummary.m in Sources */ = {isa = PBXBuildFile; fileRef = 457930A20FE3601C008E2ACD /* PropertySummary.m */; };
		457931010FE36A08008E2ACD /* SummaryCell.m in Sources */ = {isa = PBXBuildFile; fileRef = 457930FF0FE36A08008E2ACD /* SummaryCell.m */; };
		457931020FE36A08008E2ACD /* SummaryCell.xib in Resources */ = {isa = PBXBuildFile; fileRef = 457931000FE36A08008E2ACD /* SummaryCell.xib */; };
		4579324C0FE59783008E2ACD /* PropertySortChoicesViewController.m in Sources */ = {isa = PBXBuildFile; fileRef = 4579324B0FE59783008E2ACD /* PropertySortChoicesViewController.m */; };
		4579324E0FE59791008E2ACD /* PropertySortChoicesView.xib in Resources */ = {isa = PBXBuildFile; fileRef = 4579324D0FE59791008E2ACD /* PropertySortChoicesView.xib */; };
		457933800FE5ED93008E2ACD /* PropertyFavoritesViewController.m in Sources */ = {isa = PBXBuildFile; fileRef = 4579337F0FE5ED93008E2ACD /* PropertyFavoritesViewController.m */; };
		457AA2AF0FD8D4FF00F0D16C /* libxml2.2.dylib in Frameworks */ = {isa = PBXBuildFile; fileRef = 457AA2AE0FD8D4FF00F0D16C /* libxml2.2.dylib */; };
		457AA3490FDAC26100F0D16C /* UrlUtil.m in Sources */ = {isa = PBXBuildFile; fileRef = 457AA3380FDAC26100F0D16C /* UrlUtil.m */; };
		457AA34A0FDAC26100F0D16C /* XmlParser.m in Sources */ = {isa = PBXBuildFile; fileRef = 457AA33A0FDAC26100F0D16C /* XmlParser.m */; };
		457AA38D0FDAC45900F0D16C /* FindAnApartmentAppDelegate.m in Sources */ = {isa = PBXBuildFile; fileRef = 457AA3780FDAC45900F0D16C /* FindAnApartmentAppDelegate.m */; };
		457AA38E0FDAC45900F0D16C /* InputRangeCell.m in Sources */ = {isa = PBXBuildFile; fileRef = 457AA37A0FDAC45900F0D16C /* InputRangeCell.m */; };
		457AA38F0FDAC45900F0D16C /* InputRangeCell.xib in Resources */ = {isa = PBXBuildFile; fileRef = 457AA37B0FDAC45900F0D16C /* InputRangeCell.xib */; };
		457AA3900FDAC45900F0D16C /* InputSimpleCell.m in Sources */ = {isa = PBXBuildFile; fileRef = 457AA37D0FDAC45900F0D16C /* InputSimpleCell.m */; };
		457AA3910FDAC45900F0D16C /* InputSimpleCell.xib in Resources */ = {isa = PBXBuildFile; fileRef = 457AA37E0FDAC45900F0D16C /* InputSimpleCell.xib */; };
		457AA3920FDAC45900F0D16C /* PropertyCitiesViewController.m in Sources */ = {isa = PBXBuildFile; fileRef = 457AA3800FDAC45900F0D16C /* PropertyCitiesViewController.m */; };
		457AA3930FDAC45900F0D16C /* PropertyCitiesView.xib in Resources */ = {isa = PBXBuildFile; fileRef = 457AA3810FDAC45900F0D16C /* PropertyCitiesView.xib */; };
		457AA3940FDAC45900F0D16C /* PropertyCriteriaViewController.m in Sources */ = {isa = PBXBuildFile; fileRef = 457AA3830FDAC45900F0D16C /* PropertyCriteriaViewController.m */; };
		457AA3950FDAC45900F0D16C /* PropertyCriteriaView.xib in Resources */ = {isa = PBXBuildFile; fileRef = 457AA3840FDAC45900F0D16C /* PropertyCriteriaView.xib */; };
		457AA3960FDAC45900F0D16C /* PropertyListViewController.m in Sources */ = {isa = PBXBuildFile; fileRef = 457AA3860FDAC45900F0D16C /* PropertyListViewController.m */; };
		457AA3970FDAC45900F0D16C /* PropertyListView.xib in Resources */ = {isa = PBXBuildFile; fileRef = 457AA3870FDAC45900F0D16C /* PropertyListView.xib */; };
		457AA3980FDAC45900F0D16C /* PropertyStatesViewController.m in Sources */ = {isa = PBXBuildFile; fileRef = 457AA3890FDAC45900F0D16C /* PropertyStatesViewController.m */; };
		457AA3990FDAC45900F0D16C /* PropertyStatesView.xib in Resources */ = {isa = PBXBuildFile; fileRef = 457AA38A0FDAC45900F0D16C /* PropertyStatesView.xib */; };
		457AA39A0FDAC45900F0D16C /* PropertyUrlConstructor.m in Sources */ = {isa = PBXBuildFile; fileRef = 457AA38C0FDAC45900F0D16C /* PropertyUrlConstructor.m */; };
		457AA3E90FDB04B200F0D16C /* PropertyDetailsViewController.m in Sources */ = {isa = PBXBuildFile; fileRef = 457AA3E70FDB04B200F0D16C /* PropertyDetailsViewController.m */; };
		45858DE40FDEF476003F8831 /* Property.xcdatamodel in Sources */ = {isa = PBXBuildFile; fileRef = 45858DE30FDEF476003F8831 /* Property.xcdatamodel */; };
		458783A60FDB45F7000B4F5D /* PropertyMapViewController.m in Sources */ = {isa = PBXBuildFile; fileRef = 458783A40FDB45F7000B4F5D /* PropertyMapViewController.m */; };
		458783A70FDB45F7000B4F5D /* PropertyMapView.xib in Resources */ = {isa = PBXBuildFile; fileRef = 458783A50FDB45F7000B4F5D /* PropertyMapView.xib */; };
		45BEE7A910058F7E0031613E /* mortgageTabBar.png in Resources */ = {isa = PBXBuildFile; fileRef = 45BEE7A810058F7E0031613E /* mortgageTabBar.png */; };
		45BEE9001006D7D00031613E /* Mortgage.xcdatamodel in Sources */ = {isa = PBXBuildFile; fileRef = 45BEE8FF1006D7D00031613E /* Mortgage.xcdatamodel */; };
		45BEE9871008FACC0031613E /* CriteriaViewController.m in Sources */ = {isa = PBXBuildFile; fileRef = 45BEE9861008FACC0031613E /* CriteriaViewController.m */; };
		45BEE9881008FACC0031613E /* CriteriaViewController.m in Sources */ = {isa = PBXBuildFile; fileRef = 45BEE9861008FACC0031613E /* CriteriaViewController.m */; };
		45BEEA75100962FF0031613E /* MortgageCriteria.m in Sources */ = {isa = PBXBuildFile; fileRef = 45BEEA74100962FF0031613E /* MortgageCriteria.m */; };
		45C767CA0FEC7A1C00C75D90 /* PropertyListEmailerViewController.m in Sources */ = {isa = PBXBuildFile; fileRef = 45C767C80FEC7A1C00C75D90 /* PropertyListEmailerViewController.m */; };
		45C7682C0FEC804100C75D90 /* MessageUI.framework in Frameworks */ = {isa = PBXBuildFile; fileRef = 45C7682B0FEC804100C75D90 /* MessageUI.framework */; };
		45C974180FDCCA150021EE6D /* PropertyHistoryView.xib in Resources */ = {isa = PBXBuildFile; fileRef = 45C974150FDCCA150021EE6D /* PropertyHistoryView.xib */; };
		45C974190FDCCA150021EE6D /* PropertyHistoryViewController.m in Sources */ = {isa = PBXBuildFile; fileRef = 45C974170FDCCA150021EE6D /* PropertyHistoryViewController.m */; };
		45D4550B1001970000944852 /* InputRangeCell.xib in Resources */ = {isa = PBXBuildFile; fileRef = 457AA37B0FDAC45900F0D16C /* InputRangeCell.xib */; };
		45D4550C1001970000944852 /* InputSimpleCell.xib in Resources */ = {isa = PBXBuildFile; fileRef = 457AA37E0FDAC45900F0D16C /* InputSimpleCell.xib */; };
		45D4550D1001970000944852 /* PropertyCitiesView.xib in Resources */ = {isa = PBXBuildFile; fileRef = 457AA3810FDAC45900F0D16C /* PropertyCitiesView.xib */; };
		45D4550E1001970000944852 /* PropertyCriteriaView.xib in Resources */ = {isa = PBXBuildFile; fileRef = 457AA3840FDAC45900F0D16C /* PropertyCriteriaView.xib */; };
		45D4550F1001970000944852 /* PropertyListView.xib in Resources */ = {isa = PBXBuildFile; fileRef = 457AA3870FDAC45900F0D16C /* PropertyListView.xib */; };
		45D455101001970000944852 /* PropertyStatesView.xib in Resources */ = {isa = PBXBuildFile; fileRef = 457AA38A0FDAC45900F0D16C /* PropertyStatesView.xib */; };
		45D455111001970000944852 /* PropertyMapView.xib in Resources */ = {isa = PBXBuildFile; fileRef = 458783A50FDB45F7000B4F5D /* PropertyMapView.xib */; };
		45D455121001970000944852 /* PropertyDetailsView.xib in Resources */ = {isa = PBXBuildFile; fileRef = 455BFE3F0FDC9BC4000BCD39 /* PropertyDetailsView.xib */; };
		45D455131001970000944852 /* PropertyHistoryView.xib in Resources */ = {isa = PBXBuildFile; fileRef = 45C974150FDCCA150021EE6D /* PropertyHistoryView.xib */; };
		45D455141001970000944852 /* SummaryCell.xib in Resources */ = {isa = PBXBuildFile; fileRef = 457931000FE36A08008E2ACD /* SummaryCell.xib */; };
		45D455151001970000944852 /* PropertySortChoicesView.xib in Resources */ = {isa = PBXBuildFile; fileRef = 4579324D0FE59791008E2ACD /* PropertySortChoicesView.xib */; };
		45D455161001970000944852 /* Geography.sqlite in Resources */ = {isa = PBXBuildFile; fileRef = DD8C53470FE9F8AE0056F3B7 /* Geography.sqlite */; };
		45D455171001970000944852 /* PropertyFavoritesView.xib in Resources */ = {isa = PBXBuildFile; fileRef = 45FF76C70FE9FF810053B4D8 /* PropertyFavoritesView.xib */; };
		45D455191001970000944852 /* locate.png in Resources */ = {isa = PBXBuildFile; fileRef = 45D93C6D0FECAC1C00AD4A5B /* locate.png */; };
		45D4551A1001970000944852 /* LocationCell.xib in Resources */ = {isa = PBXBuildFile; fileRef = 45D9401D0FEFDA3600AD4A5B /* LocationCell.xib */; };
		45D4551B1001970000944852 /* down.png in Resources */ = {isa = PBXBuildFile; fileRef = 45D942280FF0696C00AD4A5B /* down.png */; };
		45D4551C1001970000944852 /* up.png in Resources */ = {isa = PBXBuildFile; fileRef = 45D942290FF0696C00AD4A5B /* up.png */; };
		45D4551D1001970000944852 /* DescriptionCell.xib in Resources */ = {isa = PBXBuildFile; fileRef = 453EE36D0FF084DB0044390F /* DescriptionCell.xib */; };
		45D4551F1001970000944852 /* main.m in Sources */ = {isa = PBXBuildFile; fileRef = 29B97316FDCFA39411CA2CEA /* main.m */; };
		45D455201001970000944852 /* UrlUtil.m in Sources */ = {isa = PBXBuildFile; fileRef = 457AA3380FDAC26100F0D16C /* UrlUtil.m */; };
		45D455211001970000944852 /* XmlParser.m in Sources */ = {isa = PBXBuildFile; fileRef = 457AA33A0FDAC26100F0D16C /* XmlParser.m */; };
		45D455231001970000944852 /* InputRangeCell.m in Sources */ = {isa = PBXBuildFile; fileRef = 457AA37A0FDAC45900F0D16C /* InputRangeCell.m */; };
		45D455241001970000944852 /* InputSimpleCell.m in Sources */ = {isa = PBXBuildFile; fileRef = 457AA37D0FDAC45900F0D16C /* InputSimpleCell.m */; };
		45D455251001970000944852 /* PropertyCitiesViewController.m in Sources */ = {isa = PBXBuildFile; fileRef = 457AA3800FDAC45900F0D16C /* PropertyCitiesViewController.m */; };
		45D455261001970000944852 /* PropertyCriteriaViewController.m in Sources */ = {isa = PBXBuildFile; fileRef = 457AA3830FDAC45900F0D16C /* PropertyCriteriaViewController.m */; };
		45D455271001970000944852 /* PropertyListViewController.m in Sources */ = {isa = PBXBuildFile; fileRef = 457AA3860FDAC45900F0D16C /* PropertyListViewController.m */; };
		45D455281001970000944852 /* PropertyStatesViewController.m in Sources */ = {isa = PBXBuildFile; fileRef = 457AA3890FDAC45900F0D16C /* PropertyStatesViewController.m */; };
		45D455291001970000944852 /* PropertyUrlConstructor.m in Sources */ = {isa = PBXBuildFile; fileRef = 457AA38C0FDAC45900F0D16C /* PropertyUrlConstructor.m */; };
		45D4552A1001970000944852 /* PropertyDetailsViewController.m in Sources */ = {isa = PBXBuildFile; fileRef = 457AA3E70FDB04B200F0D16C /* PropertyDetailsViewController.m */; };
		45D4552B1001970000944852 /* PropertyMapViewController.m in Sources */ = {isa = PBXBuildFile; fileRef = 458783A40FDB45F7000B4F5D /* PropertyMapViewController.m */; };
		45D4552C1001970000944852 /* PropertyHistoryViewController.m in Sources */ = {isa = PBXBuildFile; fileRef = 45C974170FDCCA150021EE6D /* PropertyHistoryViewController.m */; };
		45D4552D1001970000944852 /* Property.xcdatamodel in Sources */ = {isa = PBXBuildFile; fileRef = 45858DE30FDEF476003F8831 /* Property.xcdatamodel */; };
		45D4552E1001970000944852 /* PropertySummary.m in Sources */ = {isa = PBXBuildFile; fileRef = 457930A20FE3601C008E2ACD /* PropertySummary.m */; };
		45D4552F1001970000944852 /* SummaryCell.m in Sources */ = {isa = PBXBuildFile; fileRef = 457930FF0FE36A08008E2ACD /* SummaryCell.m */; };
		45D455301001970000944852 /* PropertySortChoicesViewController.m in Sources */ = {isa = PBXBuildFile; fileRef = 4579324B0FE59783008E2ACD /* PropertySortChoicesViewController.m */; };
		45D455311001970000944852 /* PropertyFavoritesViewController.m in Sources */ = {isa = PBXBuildFile; fileRef = 4579337F0FE5ED93008E2ACD /* PropertyFavoritesViewController.m */; };
		45D455321001970000944852 /* PropertyListEmailerViewController.m in Sources */ = {isa = PBXBuildFile; fileRef = 45C767C80FEC7A1C00C75D90 /* PropertyListEmailerViewController.m */; };
		45D455331001970000944852 /* Geography.xcdatamodel in Sources */ = {isa = PBXBuildFile; fileRef = DD4581250FEEC7B500783A46 /* Geography.xcdatamodel */; };
		45D455341001970000944852 /* CityOrPostalCode.m in Sources */ = {isa = PBXBuildFile; fileRef = DD4581490FEEC86300783A46 /* CityOrPostalCode.m */; };
		45D455351001970000944852 /* State.m in Sources */ = {isa = PBXBuildFile; fileRef = DD45814B0FEEC86300783A46 /* State.m */; };
		45D455361001970000944852 /* PropertyCriteria.m in Sources */ = {isa = PBXBuildFile; fileRef = 45D93EDB0FEEDB0B00AD4A5B /* PropertyCriteria.m */; };
		45D455371001970000944852 /* PropertyHistory.m in Sources */ = {isa = PBXBuildFile; fileRef = 45D93EDD0FEEDB0B00AD4A5B /* PropertyHistory.m */; };
		45D455381001970000944852 /* StringFormatter.m in Sources */ = {isa = PBXBuildFile; fileRef = 45D93FA80FEEE5E800AD4A5B /* StringFormatter.m */; };
		45D455391001970000944852 /* LocationCell.m in Sources */ = {isa = PBXBuildFile; fileRef = 45D9401C0FEFDA3600AD4A5B /* LocationCell.m */; };
		45D4553A1001970000944852 /* PropertyImage.m in Sources */ = {isa = PBXBuildFile; fileRef = 45D941980FF02BF000AD4A5B /* PropertyImage.m */; };
		45D4553B1001970000944852 /* PropertyDetails.m in Sources */ = {isa = PBXBuildFile; fileRef = 45D941DD0FF051B600AD4A5B /* PropertyDetails.m */; };
		45D4553C1001970000944852 /* DescriptionCell.m in Sources */ = {isa = PBXBuildFile; fileRef = 453EE3700FF084EC0044390F /* DescriptionCell.m */; };
		45D4553D1001970000944852 /* LocationManager.m in Sources */ = {isa = PBXBuildFile; fileRef = DD9B613D0FF45FED00348478 /* LocationManager.m */; };
		45D4553E1001970000944852 /* NSObject+SBJSON.m in Sources */ = {isa = PBXBuildFile; fileRef = DD10BA590FFC1E9000588928 /* NSObject+SBJSON.m */; };
		45D4553F1001970000944852 /* NSString+SBJSON.m in Sources */ = {isa = PBXBuildFile; fileRef = DD10BA5B0FFC1E9000588928 /* NSString+SBJSON.m */; };
		45D455401001970000944852 /* SBJSON.m in Sources */ = {isa = PBXBuildFile; fileRef = DD10BA5D0FFC1E9000588928 /* SBJSON.m */; };
		45D455411001970000944852 /* SBJsonBase.m in Sources */ = {isa = PBXBuildFile; fileRef = DD10BA5F0FFC1E9000588928 /* SBJsonBase.m */; };
		45D455421001970000944852 /* SBJsonParser.m in Sources */ = {isa = PBXBuildFile; fileRef = DD10BA610FFC1E9000588928 /* SBJsonParser.m */; };
		45D455431001970000944852 /* SBJsonWriter.m in Sources */ = {isa = PBXBuildFile; fileRef = DD10BA630FFC1E9000588928 /* SBJsonWriter.m */; };
		45D455441001970000944852 /* PropertyAnnotation.m in Sources */ = {isa = PBXBuildFile; fileRef = DD10BC390FFC592300588928 /* PropertyAnnotation.m */; };
		45D455461001970000944852 /* Foundation.framework in Frameworks */ = {isa = PBXBuildFile; fileRef = 1D30AB110D05D00D00671497 /* Foundation.framework */; };
		45D455471001970000944852 /* UIKit.framework in Frameworks */ = {isa = PBXBuildFile; fileRef = 1DF5F4DF0D08C38300B7A737 /* UIKit.framework */; };
		45D455481001970000944852 /* CoreGraphics.framework in Frameworks */ = {isa = PBXBuildFile; fileRef = 288765A40DF7441C002DB57D /* CoreGraphics.framework */; };
		45D455491001970000944852 /* CoreData.framework in Frameworks */ = {isa = PBXBuildFile; fileRef = 28D801B30F44B63D00FB423F /* CoreData.framework */; };
		45D4554A1001970000944852 /* libxml2.2.dylib in Frameworks */ = {isa = PBXBuildFile; fileRef = 457AA2AE0FD8D4FF00F0D16C /* libxml2.2.dylib */; };
		45D4554B1001970000944852 /* MessageUI.framework in Frameworks */ = {isa = PBXBuildFile; fileRef = 45C7682B0FEC804100C75D90 /* MessageUI.framework */; };
		45D4554C1001970000944852 /* CoreLocation.framework in Frameworks */ = {isa = PBXBuildFile; fileRef = DD9B5E1B0FF42D0600348478 /* CoreLocation.framework */; };
		45D4554D1001970000944852 /* MapKit.framework in Frameworks */ = {isa = PBXBuildFile; fileRef = DD9B5F2A0FF4432E00348478 /* MapKit.framework */; };
		45D4559310019BDE00944852 /* HomeFinderIcon.png in Resources */ = {isa = PBXBuildFile; fileRef = 45D4559210019BDE00944852 /* HomeFinderIcon.png */; };
		45D4559510019BED00944852 /* FindAnApartmentIcon.png in Resources */ = {isa = PBXBuildFile; fileRef = 45D4559410019BED00944852 /* FindAnApartmentIcon.png */; };
		45D455C61001A32100944852 /* HomeFinderMainWindow.xib in Resources */ = {isa = PBXBuildFile; fileRef = 45D455C51001A32100944852 /* HomeFinderMainWindow.xib */; };
		45D456891002E4C000944852 /* AppDelegate.m in Sources */ = {isa = PBXBuildFile; fileRef = 45D456881002E4C000944852 /* AppDelegate.m */; };
		45D93C6E0FECAC1C00AD4A5B /* locate.png in Resources */ = {isa = PBXBuildFile; fileRef = 45D93C6D0FECAC1C00AD4A5B /* locate.png */; };
		45D93EDE0FEEDB0B00AD4A5B /* PropertyCriteria.m in Sources */ = {isa = PBXBuildFile; fileRef = 45D93EDB0FEEDB0B00AD4A5B /* PropertyCriteria.m */; };
		45D93EDF0FEEDB0B00AD4A5B /* PropertyHistory.m in Sources */ = {isa = PBXBuildFile; fileRef = 45D93EDD0FEEDB0B00AD4A5B /* PropertyHistory.m */; };
		45D93FA90FEEE5E800AD4A5B /* StringFormatter.m in Sources */ = {isa = PBXBuildFile; fileRef = 45D93FA80FEEE5E800AD4A5B /* StringFormatter.m */; };
		45D9401E0FEFDA3600AD4A5B /* LocationCell.m in Sources */ = {isa = PBXBuildFile; fileRef = 45D9401C0FEFDA3600AD4A5B /* LocationCell.m */; };
		45D9401F0FEFDA3600AD4A5B /* LocationCell.xib in Resources */ = {isa = PBXBuildFile; fileRef = 45D9401D0FEFDA3600AD4A5B /* LocationCell.xib */; };
		45D9419A0FF02BF000AD4A5B /* PropertyImage.m in Sources */ = {isa = PBXBuildFile; fileRef = 45D941980FF02BF000AD4A5B /* PropertyImage.m */; };
		45D941DE0FF051B600AD4A5B /* PropertyDetails.m in Sources */ = {isa = PBXBuildFile; fileRef = 45D941DD0FF051B600AD4A5B /* PropertyDetails.m */; };
		45D9422A0FF0696C00AD4A5B /* down.png in Resources */ = {isa = PBXBuildFile; fileRef = 45D942280FF0696C00AD4A5B /* down.png */; };
		45D9422B0FF0696C00AD4A5B /* up.png in Resources */ = {isa = PBXBuildFile; fileRef = 45D942290FF0696C00AD4A5B /* up.png */; };
		45FF76C80FE9FF810053B4D8 /* PropertyFavoritesView.xib in Resources */ = {isa = PBXBuildFile; fileRef = 45FF76C70FE9FF810053B4D8 /* PropertyFavoritesView.xib */; };
		DD10BA640FFC1E9000588928 /* NSObject+SBJSON.m in Sources */ = {isa = PBXBuildFile; fileRef = DD10BA590FFC1E9000588928 /* NSObject+SBJSON.m */; };
		DD10BA650FFC1E9000588928 /* NSString+SBJSON.m in Sources */ = {isa = PBXBuildFile; fileRef = DD10BA5B0FFC1E9000588928 /* NSString+SBJSON.m */; };
		DD10BA660FFC1E9000588928 /* SBJSON.m in Sources */ = {isa = PBXBuildFile; fileRef = DD10BA5D0FFC1E9000588928 /* SBJSON.m */; };
		DD10BA670FFC1E9000588928 /* SBJsonBase.m in Sources */ = {isa = PBXBuildFile; fileRef = DD10BA5F0FFC1E9000588928 /* SBJsonBase.m */; };
		DD10BA680FFC1E9000588928 /* SBJsonParser.m in Sources */ = {isa = PBXBuildFile; fileRef = DD10BA610FFC1E9000588928 /* SBJsonParser.m */; };
		DD10BA690FFC1E9000588928 /* SBJsonWriter.m in Sources */ = {isa = PBXBuildFile; fileRef = DD10BA630FFC1E9000588928 /* SBJsonWriter.m */; };
		DD10BC3A0FFC592300588928 /* PropertyAnnotation.m in Sources */ = {isa = PBXBuildFile; fileRef = DD10BC390FFC592300588928 /* PropertyAnnotation.m */; };
		DD4581260FEEC7B500783A46 /* Geography.xcdatamodel in Sources */ = {isa = PBXBuildFile; fileRef = DD4581250FEEC7B500783A46 /* Geography.xcdatamodel */; };
		DD45814C0FEEC86300783A46 /* CityOrPostalCode.m in Sources */ = {isa = PBXBuildFile; fileRef = DD4581490FEEC86300783A46 /* CityOrPostalCode.m */; };
		DD45814D0FEEC86300783A46 /* State.m in Sources */ = {isa = PBXBuildFile; fileRef = DD45814B0FEEC86300783A46 /* State.m */; };
		DD4A5DAA1002BFB9004599FB /* Default.png in Resources */ = {isa = PBXBuildFile; fileRef = DD4A5DA91002BFB9004599FB /* Default.png */; };
		DD8C53480FE9F8AE0056F3B7 /* Geography.sqlite in Resources */ = {isa = PBXBuildFile; fileRef = DD8C53470FE9F8AE0056F3B7 /* Geography.sqlite */; };
		DD9B5E1C0FF42D0600348478 /* CoreLocation.framework in Frameworks */ = {isa = PBXBuildFile; fileRef = DD9B5E1B0FF42D0600348478 /* CoreLocation.framework */; };
		DD9B5F2B0FF4432E00348478 /* MapKit.framework in Frameworks */ = {isa = PBXBuildFile; fileRef = DD9B5F2A0FF4432E00348478 /* MapKit.framework */; };
		DD9B613E0FF45FED00348478 /* LocationManager.m in Sources */ = {isa = PBXBuildFile; fileRef = DD9B613D0FF45FED00348478 /* LocationManager.m */; };
/* End PBXBuildFile section */

/* Begin PBXFileReference section */
		1D30AB110D05D00D00671497 /* Foundation.framework */ = {isa = PBXFileReference; lastKnownFileType = wrapper.framework; name = Foundation.framework; path = System/Library/Frameworks/Foundation.framework; sourceTree = SDKROOT; };
		1D6058910D05DD3D006BFB54 /* Find an Apartment.app */ = {isa = PBXFileReference; explicitFileType = wrapper.application; includeInIndex = 0; path = "Find an Apartment.app"; sourceTree = BUILT_PRODUCTS_DIR; };
		1DF5F4DF0D08C38300B7A737 /* UIKit.framework */ = {isa = PBXFileReference; lastKnownFileType = wrapper.framework; name = UIKit.framework; path = System/Library/Frameworks/UIKit.framework; sourceTree = SDKROOT; };
		288765A40DF7441C002DB57D /* CoreGraphics.framework */ = {isa = PBXFileReference; lastKnownFileType = wrapper.framework; name = CoreGraphics.framework; path = System/Library/Frameworks/CoreGraphics.framework; sourceTree = SDKROOT; };
		28AD733E0D9D9553002E5188 /* FindAnApartmentMainWindow.xib */ = {isa = PBXFileReference; lastKnownFileType = file.xib; path = FindAnApartmentMainWindow.xib; sourceTree = "<group>"; };
		28D801B30F44B63D00FB423F /* CoreData.framework */ = {isa = PBXFileReference; lastKnownFileType = wrapper.framework; name = CoreData.framework; path = System/Library/Frameworks/CoreData.framework; sourceTree = SDKROOT; };
		29B97316FDCFA39411CA2CEA /* main.m */ = {isa = PBXFileReference; fileEncoding = 4; lastKnownFileType = sourcecode.c.objc; path = main.m; sourceTree = "<group>"; };
		32CA4F630368D1EE00C91783 /* Find_an_Apartment_Prefix.pch */ = {isa = PBXFileReference; fileEncoding = 4; lastKnownFileType = sourcecode.c.h; path = Find_an_Apartment_Prefix.pch; sourceTree = "<group>"; };
		453EE36D0FF084DB0044390F /* DescriptionCell.xib */ = {isa = PBXFileReference; lastKnownFileType = file.xib; name = DescriptionCell.xib; path = Classes/DescriptionCell.xib; sourceTree = "<group>"; };
		453EE36F0FF084EC0044390F /* DescriptionCell.h */ = {isa = PBXFileReference; fileEncoding = 4; lastKnownFileType = sourcecode.c.h; name = DescriptionCell.h; path = Classes/DescriptionCell.h; sourceTree = "<group>"; };
		453EE3700FF084EC0044390F /* DescriptionCell.m */ = {isa = PBXFileReference; fileEncoding = 4; lastKnownFileType = sourcecode.c.objc; name = DescriptionCell.m; path = Classes/DescriptionCell.m; sourceTree = "<group>"; };
		4558D5AC1002FECD0065C4DD /* HomeFinderAppDelegate.h */ = {isa = PBXFileReference; fileEncoding = 4; lastKnownFileType = sourcecode.c.h; name = HomeFinderAppDelegate.h; path = Classes/HomeFinderAppDelegate.h; sourceTree = "<group>"; };
		4558D5AD1002FECD0065C4DD /* HomeFinderAppDelegate.m */ = {isa = PBXFileReference; fileEncoding = 4; lastKnownFileType = sourcecode.c.objc; name = HomeFinderAppDelegate.m; path = Classes/HomeFinderAppDelegate.m; sourceTree = "<group>"; };
		4558D65610058CF30065C4DD /* MortgageCriteriaViewController.h */ = {isa = PBXFileReference; fileEncoding = 4; lastKnownFileType = sourcecode.c.h; name = MortgageCriteriaViewController.h; path = Classes/MortgageCriteriaViewController.h; sourceTree = "<group>"; };
		4558D65710058CF30065C4DD /* MortgageCriteriaViewController.m */ = {isa = PBXFileReference; fileEncoding = 4; lastKnownFileType = sourcecode.c.objc; name = MortgageCriteriaViewController.m; path = Classes/MortgageCriteriaViewController.m; sourceTree = "<group>"; };
		4558D65810058CF30065C4DD /* MortgageCriteriaView.xib */ = {isa = PBXFileReference; lastKnownFileType = file.xib; name = MortgageCriteriaView.xib; path = Classes/MortgageCriteriaView.xib; sourceTree = "<group>"; };
		455BFE3F0FDC9BC4000BCD39 /* PropertyDetailsView.xib */ = {isa = PBXFileReference; lastKnownFileType = file.xib; name = PropertyDetailsView.xib; path = Classes/PropertyDetailsView.xib; sourceTree = "<group>"; };
		457930A10FE3601C008E2ACD /* PropertySummary.h */ = {isa = PBXFileReference; fileEncoding = 4; lastKnownFileType = sourcecode.c.h; name = PropertySummary.h; path = Classes/PropertySummary.h; sourceTree = "<group>"; };
		457930A20FE3601C008E2ACD /* PropertySummary.m */ = {isa = PBXFileReference; fileEncoding = 4; lastKnownFileType = sourcecode.c.objc; name = PropertySummary.m; path = Classes/PropertySummary.m; sourceTree = "<group>"; };
		457930FE0FE36A08008E2ACD /* SummaryCell.h */ = {isa = PBXFileReference; fileEncoding = 4; lastKnownFileType = sourcecode.c.h; name = SummaryCell.h; path = Classes/SummaryCell.h; sourceTree = "<group>"; };
		457930FF0FE36A08008E2ACD /* SummaryCell.m */ = {isa = PBXFileReference; fileEncoding = 4; lastKnownFileType = sourcecode.c.objc; name = SummaryCell.m; path = Classes/SummaryCell.m; sourceTree = "<group>"; };
		457931000FE36A08008E2ACD /* SummaryCell.xib */ = {isa = PBXFileReference; lastKnownFileType = file.xib; name = SummaryCell.xib; path = Classes/SummaryCell.xib; sourceTree = "<group>"; };
		457932490FE59771008E2ACD /* PropertyCriteriaConstants.h */ = {isa = PBXFileReference; fileEncoding = 4; lastKnownFileType = sourcecode.c.h; name = PropertyCriteriaConstants.h; path = Classes/PropertyCriteriaConstants.h; sourceTree = "<group>"; };
		4579324A0FE59783008E2ACD /* PropertySortChoicesViewController.h */ = {isa = PBXFileReference; fileEncoding = 4; lastKnownFileType = sourcecode.c.h; name = PropertySortChoicesViewController.h; path = Classes/PropertySortChoicesViewController.h; sourceTree = "<group>"; };
		4579324B0FE59783008E2ACD /* PropertySortChoicesViewController.m */ = {isa = PBXFileReference; fileEncoding = 4; lastKnownFileType = sourcecode.c.objc; name = PropertySortChoicesViewController.m; path = Classes/PropertySortChoicesViewController.m; sourceTree = "<group>"; };
		4579324D0FE59791008E2ACD /* PropertySortChoicesView.xib */ = {isa = PBXFileReference; lastKnownFileType = file.xib; name = PropertySortChoicesView.xib; path = Classes/PropertySortChoicesView.xib; sourceTree = "<group>"; };
		4579337E0FE5ED93008E2ACD /* PropertyFavoritesViewController.h */ = {isa = PBXFileReference; fileEncoding = 4; lastKnownFileType = sourcecode.c.h; name = PropertyFavoritesViewController.h; path = Classes/PropertyFavoritesViewController.h; sourceTree = "<group>"; };
		4579337F0FE5ED93008E2ACD /* PropertyFavoritesViewController.m */ = {isa = PBXFileReference; fileEncoding = 4; lastKnownFileType = sourcecode.c.objc; name = PropertyFavoritesViewController.m; path = Classes/PropertyFavoritesViewController.m; sourceTree = "<group>"; };
		457AA2AE0FD8D4FF00F0D16C /* libxml2.2.dylib */ = {isa = PBXFileReference; lastKnownFileType = "compiled.mach-o.dylib"; name = libxml2.2.dylib; path = usr/lib/libxml2.2.dylib; sourceTree = SDKROOT; };
		457AA3370FDAC26100F0D16C /* UrlUtil.h */ = {isa = PBXFileReference; fileEncoding = 4; lastKnownFileType = sourcecode.c.h; path = UrlUtil.h; sourceTree = "<group>"; };
		457AA3380FDAC26100F0D16C /* UrlUtil.m */ = {isa = PBXFileReference; fileEncoding = 4; lastKnownFileType = sourcecode.c.objc; path = UrlUtil.m; sourceTree = "<group>"; };
		457AA3390FDAC26100F0D16C /* XmlParser.h */ = {isa = PBXFileReference; fileEncoding = 4; lastKnownFileType = sourcecode.c.h; path = XmlParser.h; sourceTree = "<group>"; };
		457AA33A0FDAC26100F0D16C /* XmlParser.m */ = {isa = PBXFileReference; fileEncoding = 4; lastKnownFileType = sourcecode.c.objc; path = XmlParser.m; sourceTree = "<group>"; };
		457AA3770FDAC45900F0D16C /* FindAnApartmentAppDelegate.h */ = {isa = PBXFileReference; fileEncoding = 4; lastKnownFileType = sourcecode.c.h; name = FindAnApartmentAppDelegate.h; path = Classes/FindAnApartmentAppDelegate.h; sourceTree = "<group>"; };
		457AA3780FDAC45900F0D16C /* FindAnApartmentAppDelegate.m */ = {isa = PBXFileReference; fileEncoding = 4; lastKnownFileType = sourcecode.c.objc; name = FindAnApartmentAppDelegate.m; path = Classes/FindAnApartmentAppDelegate.m; sourceTree = "<group>"; };
		457AA3790FDAC45900F0D16C /* InputRangeCell.h */ = {isa = PBXFileReference; fileEncoding = 4; lastKnownFileType = sourcecode.c.h; name = InputRangeCell.h; path = Classes/InputRangeCell.h; sourceTree = "<group>"; };
		457AA37A0FDAC45900F0D16C /* InputRangeCell.m */ = {isa = PBXFileReference; fileEncoding = 4; lastKnownFileType = sourcecode.c.objc; name = InputRangeCell.m; path = Classes/InputRangeCell.m; sourceTree = "<group>"; };
		457AA37B0FDAC45900F0D16C /* InputRangeCell.xib */ = {isa = PBXFileReference; lastKnownFileType = file.xib; name = InputRangeCell.xib; path = Classes/InputRangeCell.xib; sourceTree = "<group>"; };
		457AA37C0FDAC45900F0D16C /* InputSimpleCell.h */ = {isa = PBXFileReference; fileEncoding = 4; lastKnownFileType = sourcecode.c.h; name = InputSimpleCell.h; path = Classes/InputSimpleCell.h; sourceTree = "<group>"; };
		457AA37D0FDAC45900F0D16C /* InputSimpleCell.m */ = {isa = PBXFileReference; fileEncoding = 4; lastKnownFileType = sourcecode.c.objc; name = InputSimpleCell.m; path = Classes/InputSimpleCell.m; sourceTree = "<group>"; };
		457AA37E0FDAC45900F0D16C /* InputSimpleCell.xib */ = {isa = PBXFileReference; lastKnownFileType = file.xib; name = InputSimpleCell.xib; path = Classes/InputSimpleCell.xib; sourceTree = "<group>"; };
		457AA37F0FDAC45900F0D16C /* PropertyCitiesViewController.h */ = {isa = PBXFileReference; fileEncoding = 4; lastKnownFileType = sourcecode.c.h; name = PropertyCitiesViewController.h; path = Classes/PropertyCitiesViewController.h; sourceTree = "<group>"; };
		457AA3800FDAC45900F0D16C /* PropertyCitiesViewController.m */ = {isa = PBXFileReference; fileEncoding = 4; lastKnownFileType = sourcecode.c.objc; name = PropertyCitiesViewController.m; path = Classes/PropertyCitiesViewController.m; sourceTree = "<group>"; };
		457AA3810FDAC45900F0D16C /* PropertyCitiesView.xib */ = {isa = PBXFileReference; lastKnownFileType = file.xib; name = PropertyCitiesView.xib; path = Classes/PropertyCitiesView.xib; sourceTree = "<group>"; };
		457AA3820FDAC45900F0D16C /* PropertyCriteriaViewController.h */ = {isa = PBXFileReference; fileEncoding = 4; lastKnownFileType = sourcecode.c.h; name = PropertyCriteriaViewController.h; path = Classes/PropertyCriteriaViewController.h; sourceTree = "<group>"; };
		457AA3830FDAC45900F0D16C /* PropertyCriteriaViewController.m */ = {isa = PBXFileReference; fileEncoding = 4; lastKnownFileType = sourcecode.c.objc; name = PropertyCriteriaViewController.m; path = Classes/PropertyCriteriaViewController.m; sourceTree = "<group>"; };
		457AA3840FDAC45900F0D16C /* PropertyCriteriaView.xib */ = {isa = PBXFileReference; lastKnownFileType = file.xib; name = PropertyCriteriaView.xib; path = Classes/PropertyCriteriaView.xib; sourceTree = "<group>"; };
		457AA3850FDAC45900F0D16C /* PropertyListViewController.h */ = {isa = PBXFileReference; fileEncoding = 4; lastKnownFileType = sourcecode.c.h; name = PropertyListViewController.h; path = Classes/PropertyListViewController.h; sourceTree = "<group>"; };
		457AA3860FDAC45900F0D16C /* PropertyListViewController.m */ = {isa = PBXFileReference; fileEncoding = 4; lastKnownFileType = sourcecode.c.objc; name = PropertyListViewController.m; path = Classes/PropertyListViewController.m; sourceTree = "<group>"; };
		457AA3870FDAC45900F0D16C /* PropertyListView.xib */ = {isa = PBXFileReference; lastKnownFileType = file.xib; name = PropertyListView.xib; path = Classes/PropertyListView.xib; sourceTree = "<group>"; };
		457AA3880FDAC45900F0D16C /* PropertyStatesViewController.h */ = {isa = PBXFileReference; fileEncoding = 4; lastKnownFileType = sourcecode.c.h; name = PropertyStatesViewController.h; path = Classes/PropertyStatesViewController.h; sourceTree = "<group>"; };
		457AA3890FDAC45900F0D16C /* PropertyStatesViewController.m */ = {isa = PBXFileReference; fileEncoding = 4; lastKnownFileType = sourcecode.c.objc; name = PropertyStatesViewController.m; path = Classes/PropertyStatesViewController.m; sourceTree = "<group>"; };
		457AA38A0FDAC45900F0D16C /* PropertyStatesView.xib */ = {isa = PBXFileReference; lastKnownFileType = file.xib; name = PropertyStatesView.xib; path = Classes/PropertyStatesView.xib; sourceTree = "<group>"; };
		457AA38B0FDAC45900F0D16C /* PropertyUrlConstructor.h */ = {isa = PBXFileReference; fileEncoding = 4; lastKnownFileType = sourcecode.c.h; path = PropertyUrlConstructor.h; sourceTree = "<group>"; };
		457AA38C0FDAC45900F0D16C /* PropertyUrlConstructor.m */ = {isa = PBXFileReference; fileEncoding = 4; lastKnownFileType = sourcecode.c.objc; path = PropertyUrlConstructor.m; sourceTree = "<group>"; };
		457AA3E60FDB04B200F0D16C /* PropertyDetailsViewController.h */ = {isa = PBXFileReference; fileEncoding = 4; lastKnownFileType = sourcecode.c.h; name = PropertyDetailsViewController.h; path = Classes/PropertyDetailsViewController.h; sourceTree = "<group>"; };
		457AA3E70FDB04B200F0D16C /* PropertyDetailsViewController.m */ = {isa = PBXFileReference; fileEncoding = 4; lastKnownFileType = sourcecode.c.objc; name = PropertyDetailsViewController.m; path = Classes/PropertyDetailsViewController.m; sourceTree = "<group>"; };
		45858DE30FDEF476003F8831 /* Property.xcdatamodel */ = {isa = PBXFileReference; fileEncoding = 4; lastKnownFileType = wrapper.xcdatamodel; path = Property.xcdatamodel; sourceTree = "<group>"; };
		458783A30FDB45F7000B4F5D /* PropertyMapViewController.h */ = {isa = PBXFileReference; fileEncoding = 4; lastKnownFileType = sourcecode.c.h; name = PropertyMapViewController.h; path = Classes/PropertyMapViewController.h; sourceTree = "<group>"; };
		458783A40FDB45F7000B4F5D /* PropertyMapViewController.m */ = {isa = PBXFileReference; fileEncoding = 4; lastKnownFileType = sourcecode.c.objc; name = PropertyMapViewController.m; path = Classes/PropertyMapViewController.m; sourceTree = "<group>"; };
		458783A50FDB45F7000B4F5D /* PropertyMapView.xib */ = {isa = PBXFileReference; lastKnownFileType = file.xib; name = PropertyMapView.xib; path = Classes/PropertyMapView.xib; sourceTree = "<group>"; };
		45991A220FF0927F00627B7D /* PropertyDetailsConstants.h */ = {isa = PBXFileReference; fileEncoding = 4; lastKnownFileType = sourcecode.c.h; name = PropertyDetailsConstants.h; path = Classes/PropertyDetailsConstants.h; sourceTree = "<group>"; };
		45BEE7A810058F7E0031613E /* mortgageTabBar.png */ = {isa = PBXFileReference; lastKnownFileType = image.png; name = mortgageTabBar.png; path = Images/mortgageTabBar.png; sourceTree = "<group>"; };
		45BEE85310059FEA0031613E /* MortgageCriteriaConstants.h */ = {isa = PBXFileReference; fileEncoding = 4; lastKnownFileType = sourcecode.c.h; name = MortgageCriteriaConstants.h; path = Classes/MortgageCriteriaConstants.h; sourceTree = "<group>"; };
		45BEE8FF1006D7D00031613E /* Mortgage.xcdatamodel */ = {isa = PBXFileReference; fileEncoding = 4; lastKnownFileType = wrapper.xcdatamodel; path = Mortgage.xcdatamodel; sourceTree = "<group>"; };
		45BEE9851008FACC0031613E /* CriteriaViewController.h */ = {isa = PBXFileReference; fileEncoding = 4; lastKnownFileType = sourcecode.c.h; name = CriteriaViewController.h; path = Classes/CriteriaViewController.h; sourceTree = "<group>"; };
		45BEE9861008FACC0031613E /* CriteriaViewController.m */ = {isa = PBXFileReference; fileEncoding = 4; lastKnownFileType = sourcecode.c.objc; name = CriteriaViewController.m; path = Classes/CriteriaViewController.m; sourceTree = "<group>"; };
		45BEEA73100962FF0031613E /* MortgageCriteria.h */ = {isa = PBXFileReference; fileEncoding = 4; lastKnownFileType = sourcecode.c.h; name = MortgageCriteria.h; path = Classes/MortgageCriteria.h; sourceTree = "<group>"; };
		45BEEA74100962FF0031613E /* MortgageCriteria.m */ = {isa = PBXFileReference; fileEncoding = 4; lastKnownFileType = sourcecode.c.objc; name = MortgageCriteria.m; path = Classes/MortgageCriteria.m; sourceTree = "<group>"; };
		45C767C70FEC7A1C00C75D90 /* PropertyListEmailerViewController.h */ = {isa = PBXFileReference; fileEncoding = 4; lastKnownFileType = sourcecode.c.h; name = PropertyListEmailerViewController.h; path = Classes/PropertyListEmailerViewController.h; sourceTree = "<group>"; };
		45C767C80FEC7A1C00C75D90 /* PropertyListEmailerViewController.m */ = {isa = PBXFileReference; fileEncoding = 4; lastKnownFileType = sourcecode.c.objc; name = PropertyListEmailerViewController.m; path = Classes/PropertyListEmailerViewController.m; sourceTree = "<group>"; };
		45C7682B0FEC804100C75D90 /* MessageUI.framework */ = {isa = PBXFileReference; lastKnownFileType = wrapper.framework; name = MessageUI.framework; path = System/Library/Frameworks/MessageUI.framework; sourceTree = SDKROOT; };
		45C974150FDCCA150021EE6D /* PropertyHistoryView.xib */ = {isa = PBXFileReference; lastKnownFileType = file.xib; name = PropertyHistoryView.xib; path = Classes/PropertyHistoryView.xib; sourceTree = "<group>"; };
		45C974160FDCCA150021EE6D /* PropertyHistoryViewController.h */ = {isa = PBXFileReference; fileEncoding = 4; lastKnownFileType = sourcecode.c.h; name = PropertyHistoryViewController.h; path = Classes/PropertyHistoryViewController.h; sourceTree = "<group>"; };
		45C974170FDCCA150021EE6D /* PropertyHistoryViewController.m */ = {isa = PBXFileReference; fileEncoding = 4; lastKnownFileType = sourcecode.c.objc; name = PropertyHistoryViewController.m; path = Classes/PropertyHistoryViewController.m; sourceTree = "<group>"; };
		45D455511001970000944852 /* Home Finder.app */ = {isa = PBXFileReference; explicitFileType = wrapper.application; includeInIndex = 0; path = "Home Finder.app"; sourceTree = BUILT_PRODUCTS_DIR; };
		45D455531001970000944852 /* Home_Finder-Info.plist */ = {isa = PBXFileReference; lastKnownFileType = text.plist.xml; path = "Home_Finder-Info.plist"; plistStructureDefinitionIdentifier = "com.apple.xcode.plist.structure-definition.iphone.info-plist"; sourceTree = "<group>"; };
		45D4559210019BDE00944852 /* HomeFinderIcon.png */ = {isa = PBXFileReference; lastKnownFileType = image.png; path = HomeFinderIcon.png; sourceTree = "<group>"; };
		45D4559410019BED00944852 /* FindAnApartmentIcon.png */ = {isa = PBXFileReference; lastKnownFileType = image.png; path = FindAnApartmentIcon.png; sourceTree = "<group>"; };
		45D455C51001A32100944852 /* HomeFinderMainWindow.xib */ = {isa = PBXFileReference; lastKnownFileType = file.xib; path = HomeFinderMainWindow.xib; sourceTree = "<group>"; };
		45D456871002E4C000944852 /* AppDelegate.h */ = {isa = PBXFileReference; fileEncoding = 4; lastKnownFileType = sourcecode.c.h; name = AppDelegate.h; path = Classes/AppDelegate.h; sourceTree = "<group>"; };
		45D456881002E4C000944852 /* AppDelegate.m */ = {isa = PBXFileReference; fileEncoding = 4; lastKnownFileType = sourcecode.c.objc; name = AppDelegate.m; path = Classes/AppDelegate.m; sourceTree = "<group>"; };
		45D93C6D0FECAC1C00AD4A5B /* locate.png */ = {isa = PBXFileReference; lastKnownFileType = image.png; name = locate.png; path = Images/locate.png; sourceTree = "<group>"; };
		45D93EDA0FEEDB0B00AD4A5B /* PropertyCriteria.h */ = {isa = PBXFileReference; fileEncoding = 4; lastKnownFileType = sourcecode.c.h; name = PropertyCriteria.h; path = Classes/PropertyCriteria.h; sourceTree = "<group>"; };
		45D93EDB0FEEDB0B00AD4A5B /* PropertyCriteria.m */ = {isa = PBXFileReference; fileEncoding = 4; lastKnownFileType = sourcecode.c.objc; name = PropertyCriteria.m; path = Classes/PropertyCriteria.m; sourceTree = "<group>"; };
		45D93EDC0FEEDB0B00AD4A5B /* PropertyHistory.h */ = {isa = PBXFileReference; fileEncoding = 4; lastKnownFileType = sourcecode.c.h; name = PropertyHistory.h; path = Classes/PropertyHistory.h; sourceTree = "<group>"; };
		45D93EDD0FEEDB0B00AD4A5B /* PropertyHistory.m */ = {isa = PBXFileReference; fileEncoding = 4; lastKnownFileType = sourcecode.c.objc; name = PropertyHistory.m; path = Classes/PropertyHistory.m; sourceTree = "<group>"; };
		45D93FA70FEEE5E800AD4A5B /* StringFormatter.h */ = {isa = PBXFileReference; fileEncoding = 4; lastKnownFileType = sourcecode.c.h; path = StringFormatter.h; sourceTree = "<group>"; };
		45D93FA80FEEE5E800AD4A5B /* StringFormatter.m */ = {isa = PBXFileReference; fileEncoding = 4; lastKnownFileType = sourcecode.c.objc; path = StringFormatter.m; sourceTree = "<group>"; };
		45D9401B0FEFDA3600AD4A5B /* LocationCell.h */ = {isa = PBXFileReference; fileEncoding = 4; lastKnownFileType = sourcecode.c.h; name = LocationCell.h; path = Classes/LocationCell.h; sourceTree = "<group>"; };
		45D9401C0FEFDA3600AD4A5B /* LocationCell.m */ = {isa = PBXFileReference; fileEncoding = 4; lastKnownFileType = sourcecode.c.objc; name = LocationCell.m; path = Classes/LocationCell.m; sourceTree = "<group>"; };
		45D9401D0FEFDA3600AD4A5B /* LocationCell.xib */ = {isa = PBXFileReference; lastKnownFileType = file.xib; name = LocationCell.xib; path = Classes/LocationCell.xib; sourceTree = "<group>"; };
		45D941970FF02BF000AD4A5B /* PropertyImage.h */ = {isa = PBXFileReference; fileEncoding = 4; lastKnownFileType = sourcecode.c.h; name = PropertyImage.h; path = Classes/PropertyImage.h; sourceTree = "<group>"; };
		45D941980FF02BF000AD4A5B /* PropertyImage.m */ = {isa = PBXFileReference; fileEncoding = 4; lastKnownFileType = sourcecode.c.objc; name = PropertyImage.m; path = Classes/PropertyImage.m; sourceTree = "<group>"; };
		45D941DC0FF051B600AD4A5B /* PropertyDetails.h */ = {isa = PBXFileReference; fileEncoding = 4; lastKnownFileType = sourcecode.c.h; name = PropertyDetails.h; path = Classes/PropertyDetails.h; sourceTree = "<group>"; };
		45D941DD0FF051B600AD4A5B /* PropertyDetails.m */ = {isa = PBXFileReference; fileEncoding = 4; lastKnownFileType = sourcecode.c.objc; name = PropertyDetails.m; path = Classes/PropertyDetails.m; sourceTree = "<group>"; };
		45D942280FF0696C00AD4A5B /* down.png */ = {isa = PBXFileReference; lastKnownFileType = image.png; name = down.png; path = Images/down.png; sourceTree = "<group>"; };
		45D942290FF0696C00AD4A5B /* up.png */ = {isa = PBXFileReference; lastKnownFileType = image.png; name = up.png; path = Images/up.png; sourceTree = "<group>"; };
		45FF76C70FE9FF810053B4D8 /* PropertyFavoritesView.xib */ = {isa = PBXFileReference; lastKnownFileType = file.xib; name = PropertyFavoritesView.xib; path = Classes/PropertyFavoritesView.xib; sourceTree = "<group>"; };
		8D1107310486CEB800E47090 /* Find_an_Apartment-Info.plist */ = {isa = PBXFileReference; fileEncoding = 4; lastKnownFileType = text.plist.xml; path = "Find_an_Apartment-Info.plist"; sourceTree = "<group>"; };
		DD10BA570FFC1E9000588928 /* JSON.h */ = {isa = PBXFileReference; fileEncoding = 4; lastKnownFileType = sourcecode.c.h; path = JSON.h; sourceTree = "<group>"; };
		DD10BA580FFC1E9000588928 /* NSObject+SBJSON.h */ = {isa = PBXFileReference; fileEncoding = 4; lastKnownFileType = sourcecode.c.h; path = "NSObject+SBJSON.h"; sourceTree = "<group>"; };
		DD10BA590FFC1E9000588928 /* NSObject+SBJSON.m */ = {isa = PBXFileReference; fileEncoding = 4; lastKnownFileType = sourcecode.c.objc; path = "NSObject+SBJSON.m"; sourceTree = "<group>"; };
		DD10BA5A0FFC1E9000588928 /* NSString+SBJSON.h */ = {isa = PBXFileReference; fileEncoding = 4; lastKnownFileType = sourcecode.c.h; path = "NSString+SBJSON.h"; sourceTree = "<group>"; };
		DD10BA5B0FFC1E9000588928 /* NSString+SBJSON.m */ = {isa = PBXFileReference; fileEncoding = 4; lastKnownFileType = sourcecode.c.objc; path = "NSString+SBJSON.m"; sourceTree = "<group>"; };
		DD10BA5C0FFC1E9000588928 /* SBJSON.h */ = {isa = PBXFileReference; fileEncoding = 4; lastKnownFileType = sourcecode.c.h; path = SBJSON.h; sourceTree = "<group>"; };
		DD10BA5D0FFC1E9000588928 /* SBJSON.m */ = {isa = PBXFileReference; fileEncoding = 4; lastKnownFileType = sourcecode.c.objc; path = SBJSON.m; sourceTree = "<group>"; };
		DD10BA5E0FFC1E9000588928 /* SBJsonBase.h */ = {isa = PBXFileReference; fileEncoding = 4; lastKnownFileType = sourcecode.c.h; path = SBJsonBase.h; sourceTree = "<group>"; };
		DD10BA5F0FFC1E9000588928 /* SBJsonBase.m */ = {isa = PBXFileReference; fileEncoding = 4; lastKnownFileType = sourcecode.c.objc; path = SBJsonBase.m; sourceTree = "<group>"; };
		DD10BA600FFC1E9000588928 /* SBJsonParser.h */ = {isa = PBXFileReference; fileEncoding = 4; lastKnownFileType = sourcecode.c.h; path = SBJsonParser.h; sourceTree = "<group>"; };
		DD10BA610FFC1E9000588928 /* SBJsonParser.m */ = {isa = PBXFileReference; fileEncoding = 4; lastKnownFileType = sourcecode.c.objc; path = SBJsonParser.m; sourceTree = "<group>"; };
		DD10BA620FFC1E9000588928 /* SBJsonWriter.h */ = {isa = PBXFileReference; fileEncoding = 4; lastKnownFileType = sourcecode.c.h; path = SBJsonWriter.h; sourceTree = "<group>"; };
		DD10BA630FFC1E9000588928 /* SBJsonWriter.m */ = {isa = PBXFileReference; fileEncoding = 4; lastKnownFileType = sourcecode.c.objc; path = SBJsonWriter.m; sourceTree = "<group>"; };
		DD10BC380FFC592300588928 /* PropertyAnnotation.h */ = {isa = PBXFileReference; fileEncoding = 4; lastKnownFileType = sourcecode.c.h; path = PropertyAnnotation.h; sourceTree = "<group>"; };
		DD10BC390FFC592300588928 /* PropertyAnnotation.m */ = {isa = PBXFileReference; fileEncoding = 4; lastKnownFileType = sourcecode.c.objc; path = PropertyAnnotation.m; sourceTree = "<group>"; };
		DD4581250FEEC7B500783A46 /* Geography.xcdatamodel */ = {isa = PBXFileReference; fileEncoding = 4; lastKnownFileType = wrapper.xcdatamodel; path = Geography.xcdatamodel; sourceTree = "<group>"; };
		DD4581480FEEC86300783A46 /* CityOrPostalCode.h */ = {isa = PBXFileReference; fileEncoding = 4; lastKnownFileType = sourcecode.c.h; name = CityOrPostalCode.h; path = Classes/CityOrPostalCode.h; sourceTree = "<group>"; };
		DD4581490FEEC86300783A46 /* CityOrPostalCode.m */ = {isa = PBXFileReference; fileEncoding = 4; lastKnownFileType = sourcecode.c.objc; name = CityOrPostalCode.m; path = Classes/CityOrPostalCode.m; sourceTree = "<group>"; };
		DD45814A0FEEC86300783A46 /* State.h */ = {isa = PBXFileReference; fileEncoding = 4; lastKnownFileType = sourcecode.c.h; name = State.h; path = Classes/State.h; sourceTree = "<group>"; };
		DD45814B0FEEC86300783A46 /* State.m */ = {isa = PBXFileReference; fileEncoding = 4; lastKnownFileType = sourcecode.c.objc; name = State.m; path = Classes/State.m; sourceTree = "<group>"; };
		DD4A5DA91002BFB9004599FB /* Default.png */ = {isa = PBXFileReference; lastKnownFileType = image.png; path = Default.png; sourceTree = "<group>"; };
		DD8C53470FE9F8AE0056F3B7 /* Geography.sqlite */ = {isa = PBXFileReference; lastKnownFileType = file; path = Geography.sqlite; sourceTree = "<group>"; };
		DD9B5E1B0FF42D0600348478 /* CoreLocation.framework */ = {isa = PBXFileReference; lastKnownFileType = wrapper.framework; name = CoreLocation.framework; path = System/Library/Frameworks/CoreLocation.framework; sourceTree = SDKROOT; };
		DD9B5F2A0FF4432E00348478 /* MapKit.framework */ = {isa = PBXFileReference; lastKnownFileType = wrapper.framework; name = MapKit.framework; path = System/Library/Frameworks/MapKit.framework; sourceTree = SDKROOT; };
		DD9B613C0FF45FED00348478 /* LocationManager.h */ = {isa = PBXFileReference; fileEncoding = 4; lastKnownFileType = sourcecode.c.h; path = LocationManager.h; sourceTree = "<group>"; };
		DD9B613D0FF45FED00348478 /* LocationManager.m */ = {isa = PBXFileReference; fileEncoding = 4; lastKnownFileType = sourcecode.c.objc; path = LocationManager.m; sourceTree = "<group>"; };
/* End PBXFileReference section */

/* Begin PBXFrameworksBuildPhase section */
		1D60588F0D05DD3D006BFB54 /* Frameworks */ = {
			isa = PBXFrameworksBuildPhase;
			buildActionMask = 2147483647;
			files = (
				1D60589F0D05DD5A006BFB54 /* Foundation.framework in Frameworks */,
				1DF5F4E00D08C38300B7A737 /* UIKit.framework in Frameworks */,
				288765A50DF7441C002DB57D /* CoreGraphics.framework in Frameworks */,
				28D801B40F44B63D00FB423F /* CoreData.framework in Frameworks */,
				457AA2AF0FD8D4FF00F0D16C /* libxml2.2.dylib in Frameworks */,
				45C7682C0FEC804100C75D90 /* MessageUI.framework in Frameworks */,
				DD9B5E1C0FF42D0600348478 /* CoreLocation.framework in Frameworks */,
				DD9B5F2B0FF4432E00348478 /* MapKit.framework in Frameworks */,
			);
			runOnlyForDeploymentPostprocessing = 0;
		};
		45D455451001970000944852 /* Frameworks */ = {
			isa = PBXFrameworksBuildPhase;
			buildActionMask = 2147483647;
			files = (
				45D455461001970000944852 /* Foundation.framework in Frameworks */,
				45D455471001970000944852 /* UIKit.framework in Frameworks */,
				45D455481001970000944852 /* CoreGraphics.framework in Frameworks */,
				45D455491001970000944852 /* CoreData.framework in Frameworks */,
				45D4554A1001970000944852 /* libxml2.2.dylib in Frameworks */,
				45D4554B1001970000944852 /* MessageUI.framework in Frameworks */,
				45D4554C1001970000944852 /* CoreLocation.framework in Frameworks */,
				45D4554D1001970000944852 /* MapKit.framework in Frameworks */,
			);
			runOnlyForDeploymentPostprocessing = 0;
		};
/* End PBXFrameworksBuildPhase section */

/* Begin PBXGroup section */
		080E96DDFE201D6D7F000001 /* Classes */ = {
			isa = PBXGroup;
			children = (
				455BFE520FDC9E99000BCD39 /* Property */,
				455BFE530FDC9EDF000BCD39 /* Utility */,
			);
			path = Classes;
			sourceTree = "<group>";
		};
		19C28FACFE9D520D11CA2CBB /* Products */ = {
			isa = PBXGroup;
			children = (
				1D6058910D05DD3D006BFB54 /* Find an Apartment.app */,
				45D455511001970000944852 /* Home Finder.app */,
			);
			name = Products;
			sourceTree = "<group>";
		};
		29B97314FDCFA39411CA2CEA /* CustomTemplate */ = {
			isa = PBXGroup;
			children = (
				45D93C6A0FECABA800AD4A5B /* Images */,
				457931EC0FE58F84008E2ACD /* Constants */,
				455BFE710FDCA0BF000BCD39 /* App Delegate */,
				455BFE600FDC9F7C000BCD39 /* Controllers */,
				455BFE510FDC9E47000BCD39 /* Views */,
				457AA34B0FDAC27000F0D16C /* Model */,
				080E96DDFE201D6D7F000001 /* Classes */,
				29B97315FDCFA39411CA2CEA /* Other Sources */,
				29B97317FDCFA39411CA2CEA /* Resources */,
				29B97323FDCFA39411CA2CEA /* Frameworks */,
				19C28FACFE9D520D11CA2CBB /* Products */,
			);
			name = CustomTemplate;
			sourceTree = "<group>";
		};
		29B97315FDCFA39411CA2CEA /* Other Sources */ = {
			isa = PBXGroup;
			children = (
				32CA4F630368D1EE00C91783 /* Find_an_Apartment_Prefix.pch */,
				29B97316FDCFA39411CA2CEA /* main.m */,
			);
			name = "Other Sources";
			sourceTree = "<group>";
		};
		29B97317FDCFA39411CA2CEA /* Resources */ = {
			isa = PBXGroup;
			children = (
				DD4A5DA91002BFB9004599FB /* Default.png */,
				45D4559410019BED00944852 /* FindAnApartmentIcon.png */,
				45D4559210019BDE00944852 /* HomeFinderIcon.png */,
				DD4581250FEEC7B500783A46 /* Geography.xcdatamodel */,
				DD8C53470FE9F8AE0056F3B7 /* Geography.sqlite */,
				45858DE30FDEF476003F8831 /* Property.xcdatamodel */,
				45BEE8FF1006D7D00031613E /* Mortgage.xcdatamodel */,
				28AD733E0D9D9553002E5188 /* FindAnApartmentMainWindow.xib */,
				45D455C51001A32100944852 /* HomeFinderMainWindow.xib */,
				8D1107310486CEB800E47090 /* Find_an_Apartment-Info.plist */,
				45D455531001970000944852 /* Home_Finder-Info.plist */,
			);
			name = Resources;
			sourceTree = "<group>";
		};
		29B97323FDCFA39411CA2CEA /* Frameworks */ = {
			isa = PBXGroup;
			children = (
				DD9B5F2A0FF4432E00348478 /* MapKit.framework */,
				DD9B5E1B0FF42D0600348478 /* CoreLocation.framework */,
				45C7682B0FEC804100C75D90 /* MessageUI.framework */,
				457AA2AE0FD8D4FF00F0D16C /* libxml2.2.dylib */,
				1DF5F4DF0D08C38300B7A737 /* UIKit.framework */,
				1D30AB110D05D00D00671497 /* Foundation.framework */,
				288765A40DF7441C002DB57D /* CoreGraphics.framework */,
				28D801B30F44B63D00FB423F /* CoreData.framework */,
			);
			name = Frameworks;
			sourceTree = "<group>";
		};
		4558D64E10058C770065C4DD /* Mortgage */ = {
			isa = PBXGroup;
			children = (
				4558D65610058CF30065C4DD /* MortgageCriteriaViewController.h */,
				4558D65710058CF30065C4DD /* MortgageCriteriaViewController.m */,
			);
			name = Mortgage;
			sourceTree = "<group>";
		};
		455BFE510FDC9E47000BCD39 /* Views */ = {
			isa = PBXGroup;
			children = (
				455BFE640FDCA012000BCD39 /* General UI */,
				455BFE630FDCA004000BCD39 /* Property */,
				45BEE7CF100595A10031613E /* Mortgage */,
			);
			name = Views;
			sourceTree = "<group>";
		};
		455BFE520FDC9E99000BCD39 /* Property */ = {
			isa = PBXGroup;
			children = (
				457AA38B0FDAC45900F0D16C /* PropertyUrlConstructor.h */,
				457AA38C0FDAC45900F0D16C /* PropertyUrlConstructor.m */,
			);
			name = Property;
			sourceTree = "<group>";
		};
		455BFE530FDC9EDF000BCD39 /* Utility */ = {
			isa = PBXGroup;
			children = (
				DD10BA560FFC1E8F00588928 /* JSON */,
				45D93FA70FEEE5E800AD4A5B /* StringFormatter.h */,
				45D93FA80FEEE5E800AD4A5B /* StringFormatter.m */,
				457AA3370FDAC26100F0D16C /* UrlUtil.h */,
				457AA3380FDAC26100F0D16C /* UrlUtil.m */,
				457AA3390FDAC26100F0D16C /* XmlParser.h */,
				457AA33A0FDAC26100F0D16C /* XmlParser.m */,
				DD9B613C0FF45FED00348478 /* LocationManager.h */,
				DD9B613D0FF45FED00348478 /* LocationManager.m */,
			);
			name = Utility;
			sourceTree = "<group>";
		};
		455BFE600FDC9F7C000BCD39 /* Controllers */ = {
			isa = PBXGroup;
			children = (
				455BFE650FDCA022000BCD39 /* General UI */,
				455BFE610FDC9F84000BCD39 /* Property */,
				4558D64E10058C770065C4DD /* Mortgage */,
			);
			name = Controllers;
			sourceTree = "<group>";
		};
		455BFE610FDC9F84000BCD39 /* Property */ = {
			isa = PBXGroup;
			children = (
				457AA37F0FDAC45900F0D16C /* PropertyCitiesViewController.h */,
				457AA3800FDAC45900F0D16C /* PropertyCitiesViewController.m */,
				457AA3820FDAC45900F0D16C /* PropertyCriteriaViewController.h */,
				457AA3830FDAC45900F0D16C /* PropertyCriteriaViewController.m */,
				457AA3E60FDB04B200F0D16C /* PropertyDetailsViewController.h */,
				457AA3E70FDB04B200F0D16C /* PropertyDetailsViewController.m */,
				4579337E0FE5ED93008E2ACD /* PropertyFavoritesViewController.h */,
				4579337F0FE5ED93008E2ACD /* PropertyFavoritesViewController.m */,
				45C974160FDCCA150021EE6D /* PropertyHistoryViewController.h */,
				45C974170FDCCA150021EE6D /* PropertyHistoryViewController.m */,
				45C767C70FEC7A1C00C75D90 /* PropertyListEmailerViewController.h */,
				45C767C80FEC7A1C00C75D90 /* PropertyListEmailerViewController.m */,
				457AA3850FDAC45900F0D16C /* PropertyListViewController.h */,
				457AA3860FDAC45900F0D16C /* PropertyListViewController.m */,
				458783A30FDB45F7000B4F5D /* PropertyMapViewController.h */,
				458783A40FDB45F7000B4F5D /* PropertyMapViewController.m */,
				4579324A0FE59783008E2ACD /* PropertySortChoicesViewController.h */,
				4579324B0FE59783008E2ACD /* PropertySortChoicesViewController.m */,
				457AA3880FDAC45900F0D16C /* PropertyStatesViewController.h */,
				457AA3890FDAC45900F0D16C /* PropertyStatesViewController.m */,
			);
			name = Property;
			sourceTree = "<group>";
		};
		455BFE630FDCA004000BCD39 /* Property */ = {
			isa = PBXGroup;
			children = (
				457AA3810FDAC45900F0D16C /* PropertyCitiesView.xib */,
				457AA3840FDAC45900F0D16C /* PropertyCriteriaView.xib */,
				455BFE3F0FDC9BC4000BCD39 /* PropertyDetailsView.xib */,
				45FF76C70FE9FF810053B4D8 /* PropertyFavoritesView.xib */,
				45C974150FDCCA150021EE6D /* PropertyHistoryView.xib */,
				457AA3870FDAC45900F0D16C /* PropertyListView.xib */,
				458783A50FDB45F7000B4F5D /* PropertyMapView.xib */,
				4579324D0FE59791008E2ACD /* PropertySortChoicesView.xib */,
				457AA38A0FDAC45900F0D16C /* PropertyStatesView.xib */,
			);
			name = Property;
			sourceTree = "<group>";
		};
		455BFE640FDCA012000BCD39 /* General UI */ = {
			isa = PBXGroup;
			children = (
				453EE36D0FF084DB0044390F /* DescriptionCell.xib */,
				457AA37B0FDAC45900F0D16C /* InputRangeCell.xib */,
				457AA37E0FDAC45900F0D16C /* InputSimpleCell.xib */,
				45D9401D0FEFDA3600AD4A5B /* LocationCell.xib */,
				457931000FE36A08008E2ACD /* SummaryCell.xib */,
			);
			name = "General UI";
			sourceTree = "<group>";
		};
		455BFE650FDCA022000BCD39 /* General UI */ = {
			isa = PBXGroup;
			children = (
				45BEE9851008FACC0031613E /* CriteriaViewController.h */,
				45BEE9861008FACC0031613E /* CriteriaViewController.m */,
				453EE36F0FF084EC0044390F /* DescriptionCell.h */,
				453EE3700FF084EC0044390F /* DescriptionCell.m */,
				457AA3790FDAC45900F0D16C /* InputRangeCell.h */,
				457AA37A0FDAC45900F0D16C /* InputRangeCell.m */,
				457AA37C0FDAC45900F0D16C /* InputSimpleCell.h */,
				457AA37D0FDAC45900F0D16C /* InputSimpleCell.m */,
				45D9401B0FEFDA3600AD4A5B /* LocationCell.h */,
				45D9401C0FEFDA3600AD4A5B /* LocationCell.m */,
				457930FE0FE36A08008E2ACD /* SummaryCell.h */,
				457930FF0FE36A08008E2ACD /* SummaryCell.m */,
			);
			name = "General UI";
			sourceTree = "<group>";
		};
		455BFE660FDCA036000BCD39 /* Property */ = {
			isa = PBXGroup;
			children = (
				45D93EDA0FEEDB0B00AD4A5B /* PropertyCriteria.h */,
				45D93EDB0FEEDB0B00AD4A5B /* PropertyCriteria.m */,
				45D941DC0FF051B600AD4A5B /* PropertyDetails.h */,
				45D941DD0FF051B600AD4A5B /* PropertyDetails.m */,
				45D93EDC0FEEDB0B00AD4A5B /* PropertyHistory.h */,
				45D93EDD0FEEDB0B00AD4A5B /* PropertyHistory.m */,
				45D941970FF02BF000AD4A5B /* PropertyImage.h */,
				45D941980FF02BF000AD4A5B /* PropertyImage.m */,
				457930A10FE3601C008E2ACD /* PropertySummary.h */,
				457930A20FE3601C008E2ACD /* PropertySummary.m */,
				DD10BC380FFC592300588928 /* PropertyAnnotation.h */,
				DD10BC390FFC592300588928 /* PropertyAnnotation.m */,
			);
			name = Property;
			sourceTree = "<group>";
		};
		455BFE710FDCA0BF000BCD39 /* App Delegate */ = {
			isa = PBXGroup;
			children = (
				457AA3770FDAC45900F0D16C /* FindAnApartmentAppDelegate.h */,
				457AA3780FDAC45900F0D16C /* FindAnApartmentAppDelegate.m */,
				4558D5AC1002FECD0065C4DD /* HomeFinderAppDelegate.h */,
				4558D5AD1002FECD0065C4DD /* HomeFinderAppDelegate.m */,
				45D456871002E4C000944852 /* AppDelegate.h */,
				45D456881002E4C000944852 /* AppDelegate.m */,
			);
			name = "App Delegate";
			sourceTree = "<group>";
		};
		457931EC0FE58F84008E2ACD /* Constants */ = {
			isa = PBXGroup;
			children = (
				457932490FE59771008E2ACD /* PropertyCriteriaConstants.h */,
				45991A220FF0927F00627B7D /* PropertyDetailsConstants.h */,
				45BEE85310059FEA0031613E /* MortgageCriteriaConstants.h */,
			);
			name = Constants;
			sourceTree = "<group>";
		};
		457AA34B0FDAC27000F0D16C /* Model */ = {
			isa = PBXGroup;
			children = (
				45858DF00FDEF4C2003F8831 /* Geography */,
				455BFE660FDCA036000BCD39 /* Property */,
				45BEE9261006DE4D0031613E /* Mortgage */,
			);
			name = Model;
			sourceTree = "<group>";
		};
		45858DF00FDEF4C2003F8831 /* Geography */ = {
			isa = PBXGroup;
			children = (
				DD4581480FEEC86300783A46 /* CityOrPostalCode.h */,
				DD4581490FEEC86300783A46 /* CityOrPostalCode.m */,
				DD45814A0FEEC86300783A46 /* State.h */,
				DD45814B0FEEC86300783A46 /* State.m */,
			);
			name = Geography;
			sourceTree = "<group>";
		};
		45BEE7CF100595A10031613E /* Mortgage */ = {
			isa = PBXGroup;
			children = (
				4558D65810058CF30065C4DD /* MortgageCriteriaView.xib */,
			);
			name = Mortgage;
			sourceTree = "<group>";
		};
		45BEE9261006DE4D0031613E /* Mortgage */ = {
			isa = PBXGroup;
			children = (
				45BEEA73100962FF0031613E /* MortgageCriteria.h */,
				45BEEA74100962FF0031613E /* MortgageCriteria.m */,
			);
			name = Mortgage;
			sourceTree = "<group>";
		};
		45D93C6A0FECABA800AD4A5B /* Images */ = {
			isa = PBXGroup;
			children = (
				45BEE7A810058F7E0031613E /* mortgageTabBar.png */,
				45D942280FF0696C00AD4A5B /* down.png */,
				45D942290FF0696C00AD4A5B /* up.png */,
				45D93C6D0FECAC1C00AD4A5B /* locate.png */,
			);
			name = Images;
			sourceTree = "<group>";
		};
		DD10BA560FFC1E8F00588928 /* JSON */ = {
			isa = PBXGroup;
			children = (
				DD10BA570FFC1E9000588928 /* JSON.h */,
				DD10BA580FFC1E9000588928 /* NSObject+SBJSON.h */,
				DD10BA590FFC1E9000588928 /* NSObject+SBJSON.m */,
				DD10BA5A0FFC1E9000588928 /* NSString+SBJSON.h */,
				DD10BA5B0FFC1E9000588928 /* NSString+SBJSON.m */,
				DD10BA5C0FFC1E9000588928 /* SBJSON.h */,
				DD10BA5D0FFC1E9000588928 /* SBJSON.m */,
				DD10BA5E0FFC1E9000588928 /* SBJsonBase.h */,
				DD10BA5F0FFC1E9000588928 /* SBJsonBase.m */,
				DD10BA600FFC1E9000588928 /* SBJsonParser.h */,
				DD10BA610FFC1E9000588928 /* SBJsonParser.m */,
				DD10BA620FFC1E9000588928 /* SBJsonWriter.h */,
				DD10BA630FFC1E9000588928 /* SBJsonWriter.m */,
			);
			path = JSON;
			sourceTree = "<group>";
		};
/* End PBXGroup section */

/* Begin PBXNativeTarget section */
		1D6058900D05DD3D006BFB54 /* Find an Apartment */ = {
			isa = PBXNativeTarget;
			buildConfigurationList = 1D6058960D05DD3E006BFB54 /* Build configuration list for PBXNativeTarget "Find an Apartment" */;
			buildPhases = (
				1D60588D0D05DD3D006BFB54 /* Resources */,
				1D60588E0D05DD3D006BFB54 /* Sources */,
				1D60588F0D05DD3D006BFB54 /* Frameworks */,
			);
			buildRules = (
			);
			dependencies = (
			);
			name = "Find an Apartment";
			productName = "Find an Apartment";
			productReference = 1D6058910D05DD3D006BFB54 /* Find an Apartment.app */;
			productType = "com.apple.product-type.application";
		};
		45D455081001970000944852 /* Home Finder */ = {
			isa = PBXNativeTarget;
			buildConfigurationList = 45D4554E1001970000944852 /* Build configuration list for PBXNativeTarget "Home Finder" */;
			buildPhases = (
				45D455091001970000944852 /* Resources */,
				45D4551E1001970000944852 /* Sources */,
				45D455451001970000944852 /* Frameworks */,
			);
			buildRules = (
			);
			dependencies = (
			);
			name = "Home Finder";
			productName = "Find an Apartment";
			productReference = 45D455511001970000944852 /* Home Finder.app */;
			productType = "com.apple.product-type.application";
		};
/* End PBXNativeTarget section */

/* Begin PBXProject section */
		29B97313FDCFA39411CA2CEA /* Project object */ = {
			isa = PBXProject;
			buildConfigurationList = C01FCF4E08A954540054247B /* Build configuration list for PBXProject "Find an Apartment" */;
			compatibilityVersion = "Xcode 3.1";
			hasScannedForEncodings = 1;
			mainGroup = 29B97314FDCFA39411CA2CEA /* CustomTemplate */;
			projectDirPath = "";
			projectRoot = "";
			targets = (
				1D6058900D05DD3D006BFB54 /* Find an Apartment */,
				45D455081001970000944852 /* Home Finder */,
			);
		};
/* End PBXProject section */

/* Begin PBXResourcesBuildPhase section */
		1D60588D0D05DD3D006BFB54 /* Resources */ = {
			isa = PBXResourcesBuildPhase;
			buildActionMask = 2147483647;
			files = (
				28AD733F0D9D9553002E5188 /* FindAnApartmentMainWindow.xib in Resources */,
				457AA38F0FDAC45900F0D16C /* InputRangeCell.xib in Resources */,
				457AA3910FDAC45900F0D16C /* InputSimpleCell.xib in Resources */,
				457AA3930FDAC45900F0D16C /* PropertyCitiesView.xib in Resources */,
				457AA3950FDAC45900F0D16C /* PropertyCriteriaView.xib in Resources */,
				457AA3970FDAC45900F0D16C /* PropertyListView.xib in Resources */,
				457AA3990FDAC45900F0D16C /* PropertyStatesView.xib in Resources */,
				458783A70FDB45F7000B4F5D /* PropertyMapView.xib in Resources */,
				455BFE400FDC9BC4000BCD39 /* PropertyDetailsView.xib in Resources */,
				45C974180FDCCA150021EE6D /* PropertyHistoryView.xib in Resources */,
				457931020FE36A08008E2ACD /* SummaryCell.xib in Resources */,
				4579324E0FE59791008E2ACD /* PropertySortChoicesView.xib in Resources */,
				DD8C53480FE9F8AE0056F3B7 /* Geography.sqlite in Resources */,
				45FF76C80FE9FF810053B4D8 /* PropertyFavoritesView.xib in Resources */,
				45D93C6E0FECAC1C00AD4A5B /* locate.png in Resources */,
				45D9401F0FEFDA3600AD4A5B /* LocationCell.xib in Resources */,
				45D9422A0FF0696C00AD4A5B /* down.png in Resources */,
				45D9422B0FF0696C00AD4A5B /* up.png in Resources */,
				453EE36E0FF084DB0044390F /* DescriptionCell.xib in Resources */,
				45D4559510019BED00944852 /* FindAnApartmentIcon.png in Resources */,
				DD4A5DAA1002BFB9004599FB /* Default.png in Resources */,
			);
			runOnlyForDeploymentPostprocessing = 0;
		};
		45D455091001970000944852 /* Resources */ = {
			isa = PBXResourcesBuildPhase;
			buildActionMask = 2147483647;
			files = (
				45D4550B1001970000944852 /* InputRangeCell.xib in Resources */,
				45D4550C1001970000944852 /* InputSimpleCell.xib in Resources */,
				45D4550D1001970000944852 /* PropertyCitiesView.xib in Resources */,
				45D4550E1001970000944852 /* PropertyCriteriaView.xib in Resources */,
				45D4550F1001970000944852 /* PropertyListView.xib in Resources */,
				45D455101001970000944852 /* PropertyStatesView.xib in Resources */,
				45D455111001970000944852 /* PropertyMapView.xib in Resources */,
				45D455121001970000944852 /* PropertyDetailsView.xib in Resources */,
				45D455131001970000944852 /* PropertyHistoryView.xib in Resources */,
				45D455141001970000944852 /* SummaryCell.xib in Resources */,
				45D455151001970000944852 /* PropertySortChoicesView.xib in Resources */,
				45D455161001970000944852 /* Geography.sqlite in Resources */,
				45D455171001970000944852 /* PropertyFavoritesView.xib in Resources */,
				45D455191001970000944852 /* locate.png in Resources */,
				45D4551A1001970000944852 /* LocationCell.xib in Resources */,
				45D4551B1001970000944852 /* down.png in Resources */,
				45D4551C1001970000944852 /* up.png in Resources */,
				45D4551D1001970000944852 /* DescriptionCell.xib in Resources */,
				45D4559310019BDE00944852 /* HomeFinderIcon.png in Resources */,
				45D455C61001A32100944852 /* HomeFinderMainWindow.xib in Resources */,
				4558D65A10058CF30065C4DD /* MortgageCriteriaView.xib in Resources */,
				45BEE7A910058F7E0031613E /* mortgageTabBar.png in Resources */,
			);
			runOnlyForDeploymentPostprocessing = 0;
		};
/* End PBXResourcesBuildPhase section */

/* Begin PBXSourcesBuildPhase section */
		1D60588E0D05DD3D006BFB54 /* Sources */ = {
			isa = PBXSourcesBuildPhase;
			buildActionMask = 2147483647;
			files = (
				1D60589B0D05DD56006BFB54 /* main.m in Sources */,
				457AA3490FDAC26100F0D16C /* UrlUtil.m in Sources */,
				457AA34A0FDAC26100F0D16C /* XmlParser.m in Sources */,
				457AA38D0FDAC45900F0D16C /* FindAnApartmentAppDelegate.m in Sources */,
				457AA38E0FDAC45900F0D16C /* InputRangeCell.m in Sources */,
				457AA3900FDAC45900F0D16C /* InputSimpleCell.m in Sources */,
				457AA3920FDAC45900F0D16C /* PropertyCitiesViewController.m in Sources */,
				457AA3940FDAC45900F0D16C /* PropertyCriteriaViewController.m in Sources */,
				457AA3960FDAC45900F0D16C /* PropertyListViewController.m in Sources */,
				457AA3980FDAC45900F0D16C /* PropertyStatesViewController.m in Sources */,
				457AA39A0FDAC45900F0D16C /* PropertyUrlConstructor.m in Sources */,
				457AA3E90FDB04B200F0D16C /* PropertyDetailsViewController.m in Sources */,
				458783A60FDB45F7000B4F5D /* PropertyMapViewController.m in Sources */,
				45C974190FDCCA150021EE6D /* PropertyHistoryViewController.m in Sources */,
				45858DE40FDEF476003F8831 /* Property.xcdatamodel in Sources */,
				457930A40FE3601C008E2ACD /* PropertySummary.m in Sources */,
				457931010FE36A08008E2ACD /* SummaryCell.m in Sources */,
				4579324C0FE59783008E2ACD /* PropertySortChoicesViewController.m in Sources */,
				457933800FE5ED93008E2ACD /* PropertyFavoritesViewController.m in Sources */,
				45C767CA0FEC7A1C00C75D90 /* PropertyListEmailerViewController.m in Sources */,
				DD4581260FEEC7B500783A46 /* Geography.xcdatamodel in Sources */,
				DD45814C0FEEC86300783A46 /* CityOrPostalCode.m in Sources */,
				DD45814D0FEEC86300783A46 /* State.m in Sources */,
				45D93EDE0FEEDB0B00AD4A5B /* PropertyCriteria.m in Sources */,
				45D93EDF0FEEDB0B00AD4A5B /* PropertyHistory.m in Sources */,
				45D93FA90FEEE5E800AD4A5B /* StringFormatter.m in Sources */,
				45D9401E0FEFDA3600AD4A5B /* LocationCell.m in Sources */,
				45D9419A0FF02BF000AD4A5B /* PropertyImage.m in Sources */,
				45D941DE0FF051B600AD4A5B /* PropertyDetails.m in Sources */,
				453EE3710FF084EC0044390F /* DescriptionCell.m in Sources */,
				DD9B613E0FF45FED00348478 /* LocationManager.m in Sources */,
				DD10BA640FFC1E9000588928 /* NSObject+SBJSON.m in Sources */,
				DD10BA650FFC1E9000588928 /* NSString+SBJSON.m in Sources */,
				DD10BA660FFC1E9000588928 /* SBJSON.m in Sources */,
				DD10BA670FFC1E9000588928 /* SBJsonBase.m in Sources */,
				DD10BA680FFC1E9000588928 /* SBJsonParser.m in Sources */,
				DD10BA690FFC1E9000588928 /* SBJsonWriter.m in Sources */,
				DD10BC3A0FFC592300588928 /* PropertyAnnotation.m in Sources */,
				453DBF881002ED760090982C /* AppDelegate.m in Sources */,
				45BEE9881008FACC0031613E /* CriteriaViewController.m in Sources */,
			);
			runOnlyForDeploymentPostprocessing = 0;
		};
		45D4551E1001970000944852 /* Sources */ = {
			isa = PBXSourcesBuildPhase;
			buildActionMask = 2147483647;
			files = (
				45D4551F1001970000944852 /* main.m in Sources */,
				45D455201001970000944852 /* UrlUtil.m in Sources */,
				45D455211001970000944852 /* XmlParser.m in Sources */,
				45D455231001970000944852 /* InputRangeCell.m in Sources */,
				45D455241001970000944852 /* InputSimpleCell.m in Sources */,
				45D455251001970000944852 /* PropertyCitiesViewController.m in Sources */,
				45D455261001970000944852 /* PropertyCriteriaViewController.m in Sources */,
				45D455271001970000944852 /* PropertyListViewController.m in Sources */,
				45D455281001970000944852 /* PropertyStatesViewController.m in Sources */,
				45D455291001970000944852 /* PropertyUrlConstructor.m in Sources */,
				45D4552A1001970000944852 /* PropertyDetailsViewController.m in Sources */,
				45D4552B1001970000944852 /* PropertyMapViewController.m in Sources */,
				45D4552C1001970000944852 /* PropertyHistoryViewController.m in Sources */,
				45D4552D1001970000944852 /* Property.xcdatamodel in Sources */,
				45D4552E1001970000944852 /* PropertySummary.m in Sources */,
				45D4552F1001970000944852 /* SummaryCell.m in Sources */,
				45D455301001970000944852 /* PropertySortChoicesViewController.m in Sources */,
				45D455311001970000944852 /* PropertyFavoritesViewController.m in Sources */,
				45D455321001970000944852 /* PropertyListEmailerViewController.m in Sources */,
				45D455331001970000944852 /* Geography.xcdatamodel in Sources */,
				45D455341001970000944852 /* CityOrPostalCode.m in Sources */,
				45D455351001970000944852 /* State.m in Sources */,
				45D455361001970000944852 /* PropertyCriteria.m in Sources */,
				45D455371001970000944852 /* PropertyHistory.m in Sources */,
				45D455381001970000944852 /* StringFormatter.m in Sources */,
				45D455391001970000944852 /* LocationCell.m in Sources */,
				45D4553A1001970000944852 /* PropertyImage.m in Sources */,
				45D4553B1001970000944852 /* PropertyDetails.m in Sources */,
				45D4553C1001970000944852 /* DescriptionCell.m in Sources */,
				45D4553D1001970000944852 /* LocationManager.m in Sources */,
				45D4553E1001970000944852 /* NSObject+SBJSON.m in Sources */,
				45D4553F1001970000944852 /* NSString+SBJSON.m in Sources */,
				45D455401001970000944852 /* SBJSON.m in Sources */,
				45D455411001970000944852 /* SBJsonBase.m in Sources */,
				45D455421001970000944852 /* SBJsonParser.m in Sources */,
				45D455431001970000944852 /* SBJsonWriter.m in Sources */,
				45D455441001970000944852 /* PropertyAnnotation.m in Sources */,
				45D456891002E4C000944852 /* AppDelegate.m in Sources */,
				4558D5AE1002FECD0065C4DD /* HomeFinderAppDelegate.m in Sources */,
				4558D65910058CF30065C4DD /* MortgageCriteriaViewController.m in Sources */,
				45BEE9001006D7D00031613E /* Mortgage.xcdatamodel in Sources */,
				45BEE9871008FACC0031613E /* CriteriaViewController.m in Sources */,
				45BEEA75100962FF0031613E /* MortgageCriteria.m in Sources */,
			);
			runOnlyForDeploymentPostprocessing = 0;
		};
/* End PBXSourcesBuildPhase section */

/* Begin XCBuildConfiguration section */
		1D6058940D05DD3E006BFB54 /* Debug */ = {
			isa = XCBuildConfiguration;
			buildSettings = {
				ALWAYS_SEARCH_USER_PATHS = NO;
				COPY_PHASE_STRIP = NO;
				FRAMEWORK_SEARCH_PATHS = (
					"$(inherited)",
					"\"/Volumes/Skiiing2/CD/ViewBased/Unknown Path/System/Library/Frameworks\"",
				);
				GCC_DYNAMIC_NO_PIC = NO;
				GCC_OPTIMIZATION_LEVEL = 0;
				GCC_PRECOMPILE_PREFIX_HEADER = YES;
				GCC_PREFIX_HEADER = Find_an_Apartment_Prefix.pch;
				GCC_PREPROCESSOR_DEFINITIONS = FIND_AN_APARTMENT;
				INFOPLIST_FILE = "Find_an_Apartment-Info.plist";
				PRODUCT_NAME = "Find an Apartment";
			};
			name = Debug;
		};
		1D6058950D05DD3E006BFB54 /* Release */ = {
			isa = XCBuildConfiguration;
			buildSettings = {
				ALWAYS_SEARCH_USER_PATHS = NO;
				COPY_PHASE_STRIP = YES;
				FRAMEWORK_SEARCH_PATHS = (
					"$(inherited)",
					"\"/Volumes/Skiiing2/CD/ViewBased/Unknown Path/System/Library/Frameworks\"",
				);
				GCC_PRECOMPILE_PREFIX_HEADER = YES;
				GCC_PREFIX_HEADER = Find_an_Apartment_Prefix.pch;
				GCC_PREPROCESSOR_DEFINITIONS = FIND_AN_APARTMENT;
				INFOPLIST_FILE = "Find_an_Apartment-Info.plist";
				PRODUCT_NAME = "Find an Apartment";
			};
			name = Release;
		};
		45D4554F1001970000944852 /* Debug */ = {
			isa = XCBuildConfiguration;
			buildSettings = {
				ALWAYS_SEARCH_USER_PATHS = NO;
				COPY_PHASE_STRIP = NO;
				FRAMEWORK_SEARCH_PATHS = (
					"$(inherited)",
					"\\\"/Volumes/Skiiing2/CD/ViewBased/Unknown\\ Path/System/Library/Frameworks\\\"",
				);
				GCC_DYNAMIC_NO_PIC = NO;
				GCC_OPTIMIZATION_LEVEL = 0;
				GCC_PRECOMPILE_PREFIX_HEADER = YES;
				GCC_PREFIX_HEADER = Find_an_Apartment_Prefix.pch;
				GCC_PREPROCESSOR_DEFINITIONS = HOME_FINDER;
				INFOPLIST_FILE = "Home_Finder-Info.plist";
				PRODUCT_NAME = "Home Finder";
			};
			name = Debug;
		};
		45D455501001970000944852 /* Release */ = {
			isa = XCBuildConfiguration;
			buildSettings = {
				ALWAYS_SEARCH_USER_PATHS = NO;
				COPY_PHASE_STRIP = YES;
				FRAMEWORK_SEARCH_PATHS = (
					"$(inherited)",
					"\\\"/Volumes/Skiiing2/CD/ViewBased/Unknown\\ Path/System/Library/Frameworks\\\"",
				);
				GCC_PRECOMPILE_PREFIX_HEADER = YES;
				GCC_PREFIX_HEADER = Find_an_Apartment_Prefix.pch;
				GCC_PREPROCESSOR_DEFINITIONS = HOME_FINDER;
				INFOPLIST_FILE = "Home_Finder-Info.plist";
				PRODUCT_NAME = "Home Finder";
			};
			name = Release;
		};
		C01FCF4F08A954540054247B /* Debug */ = {
			isa = XCBuildConfiguration;
			buildSettings = {
				ARCHS = "$(ARCHS_STANDARD_32_BIT)";
				"CODE_SIGN_IDENTITY[sdk=iphoneos*]" = "iPhone Developer";
				GCC_C_LANGUAGE_STANDARD = c99;
				GCC_TREAT_IMPLICIT_FUNCTION_DECLARATIONS_AS_ERRORS = YES;
				GCC_TREAT_WARNINGS_AS_ERRORS = YES;
				GCC_WARN_64_TO_32_BIT_CONVERSION = YES;
				GCC_WARN_ABOUT_MISSING_NEWLINE = YES;
				GCC_WARN_ABOUT_RETURN_TYPE = YES;
				GCC_WARN_CHECK_SWITCH_STATEMENTS = YES;
				GCC_WARN_EFFECTIVE_CPLUSPLUS_VIOLATIONS = YES;
				GCC_WARN_FOUR_CHARACTER_CONSTANTS = YES;
				GCC_WARN_HIDDEN_VIRTUAL_FUNCTIONS = YES;
				GCC_WARN_INITIALIZER_NOT_FULLY_BRACKETED = YES;
				GCC_WARN_MISSING_PARENTHESES = YES;
				GCC_WARN_NON_VIRTUAL_DESTRUCTOR = YES;
				GCC_WARN_SIGN_COMPARE = YES;
				GCC_WARN_TYPECHECK_CALLS_TO_PRINTF = YES;
				GCC_WARN_UNKNOWN_PRAGMAS = YES;
				GCC_WARN_UNUSED_LABEL = YES;
				GCC_WARN_UNUSED_VALUE = YES;
				GCC_WARN_UNUSED_VARIABLE = YES;
				HEADER_SEARCH_PATHS = /Developer/Platforms/iPhoneOS.platform/Developer/SDKs/iPhoneOS3.0.sdk/usr/include/libxml2;
				ONLY_ACTIVE_ARCH = YES;
				PREBINDING = NO;
				SDKROOT = iphoneos3.0;
			};
			name = Debug;
		};
		C01FCF5008A954540054247B /* Release */ = {
			isa = XCBuildConfiguration;
			buildSettings = {
				ARCHS = "$(ARCHS_STANDARD_32_BIT)";
				"CODE_SIGN_IDENTITY[sdk=iphoneos*]" = "iPhone Developer";
				GCC_C_LANGUAGE_STANDARD = c99;
				GCC_TREAT_IMPLICIT_FUNCTION_DECLARATIONS_AS_ERRORS = YES;
				GCC_TREAT_WARNINGS_AS_ERRORS = YES;
				GCC_WARN_64_TO_32_BIT_CONVERSION = YES;
				GCC_WARN_ABOUT_MISSING_NEWLINE = YES;
				GCC_WARN_ABOUT_RETURN_TYPE = YES;
				GCC_WARN_CHECK_SWITCH_STATEMENTS = YES;
				GCC_WARN_EFFECTIVE_CPLUSPLUS_VIOLATIONS = YES;
				GCC_WARN_FOUR_CHARACTER_CONSTANTS = YES;
				GCC_WARN_HIDDEN_VIRTUAL_FUNCTIONS = YES;
				GCC_WARN_INITIALIZER_NOT_FULLY_BRACKETED = YES;
				GCC_WARN_MISSING_PARENTHESES = YES;
				GCC_WARN_NON_VIRTUAL_DESTRUCTOR = YES;
				GCC_WARN_SIGN_COMPARE = YES;
				GCC_WARN_TYPECHECK_CALLS_TO_PRINTF = YES;
				GCC_WARN_UNKNOWN_PRAGMAS = YES;
				GCC_WARN_UNUSED_LABEL = YES;
				GCC_WARN_UNUSED_VALUE = YES;
				GCC_WARN_UNUSED_VARIABLE = YES;
				PREBINDING = NO;
				SDKROOT = iphoneos3.0;
			};
			name = Release;
		};
/* End XCBuildConfiguration section */

/* Begin XCConfigurationList section */
		1D6058960D05DD3E006BFB54 /* Build configuration list for PBXNativeTarget "Find an Apartment" */ = {
			isa = XCConfigurationList;
			buildConfigurations = (
				1D6058940D05DD3E006BFB54 /* Debug */,
				1D6058950D05DD3E006BFB54 /* Release */,
			);
			defaultConfigurationIsVisible = 0;
			defaultConfigurationName = Release;
		};
		45D4554E1001970000944852 /* Build configuration list for PBXNativeTarget "Home Finder" */ = {
			isa = XCConfigurationList;
			buildConfigurations = (
				45D4554F1001970000944852 /* Debug */,
				45D455501001970000944852 /* Release */,
			);
			defaultConfigurationIsVisible = 0;
			defaultConfigurationName = Release;
		};
		C01FCF4E08A954540054247B /* Build configuration list for PBXProject "Find an Apartment" */ = {
			isa = XCConfigurationList;
			buildConfigurations = (
				C01FCF4F08A954540054247B /* Debug */,
				C01FCF5008A954540054247B /* Release */,
			);
			defaultConfigurationIsVisible = 0;
			defaultConfigurationName = Release;
		};
/* End XCConfigurationList section */
	};
	rootObject = 29B97313FDCFA39411CA2CEA /* Project object */;
}
