// !$*UTF8*$!
{
	archiveVersion = 1;
	classes = {
	};
	objectVersion = 45;
	objects = {

/* Begin PBXBuildFile section */
		1D60589B0D05DD56006BFB54 /* main.m in Sources */ = {isa = PBXBuildFile; fileRef = 29B97316FDCFA39411CA2CEA /* main.m */; };
		1D60589F0D05DD5A006BFB54 /* Foundation.framework in Frameworks */ = {isa = PBXBuildFile; fileRef = 1D30AB110D05D00D00671497 /* Foundation.framework */; };
		1DF5F4E00D08C38300B7A737 /* UIKit.framework in Frameworks */ = {isa = PBXBuildFile; fileRef = 1DF5F4DF0D08C38300B7A737 /* UIKit.framework */; };
		288765A50DF7441C002DB57D /* CoreGraphics.framework in Frameworks */ = {isa = PBXBuildFile; fileRef = 288765A40DF7441C002DB57D /* CoreGraphics.framework */; };
		28AD733F0D9D9553002E5188 /* FindAnApartmentMainWindow.xib in Resources */ = {isa = PBXBuildFile; fileRef = 28AD733E0D9D9553002E5188 /* FindAnApartmentMainWindow.xib */; };
		28D801B40F44B63D00FB423F /* CoreData.framework in Frameworks */ = {isa = PBXBuildFile; fileRef = 28D801B30F44B63D00FB423F /* CoreData.framework */; };
		452A89F61033A07F00AD21AB /* XmlElement.m in Sources */ = {isa = PBXBuildFile; fileRef = 452A89F51033A07F00AD21AB /* XmlElement.m */; };
		452A89F71033A07F00AD21AB /* XmlElement.m in Sources */ = {isa = PBXBuildFile; fileRef = 452A89F51033A07F00AD21AB /* XmlElement.m */; };
		452A8AD51033AED400AD21AB /* Placemark.m in Sources */ = {isa = PBXBuildFile; fileRef = 452A8AD41033AED400AD21AB /* Placemark.m */; };
		452A8AD61033AED400AD21AB /* Placemark.m in Sources */ = {isa = PBXBuildFile; fileRef = 452A8AD41033AED400AD21AB /* Placemark.m */; };
		453DBF881002ED760090982C /* AppDelegate.m in Sources */ = {isa = PBXBuildFile; fileRef = 45D456881002E4C000944852 /* AppDelegate.m */; };
		453EE36E0FF084DB0044390F /* DescriptionCell.xib in Resources */ = {isa = PBXBuildFile; fileRef = 453EE36D0FF084DB0044390F /* DescriptionCell.xib */; };
		453EE3710FF084EC0044390F /* DescriptionCell.m in Sources */ = {isa = PBXBuildFile; fileRef = 453EE3700FF084EC0044390F /* DescriptionCell.m */; };
		4557336C10374A800013278E /* WebView.xib in Resources */ = {isa = PBXBuildFile; fileRef = 4557336B10374A800013278E /* WebView.xib */; };
		4557336D10374A800013278E /* WebView.xib in Resources */ = {isa = PBXBuildFile; fileRef = 4557336B10374A800013278E /* WebView.xib */; };
		455734351038FC770013278E /* PropertySearchSourcesViewController.m in Sources */ = {isa = PBXBuildFile; fileRef = 455734331038FC770013278E /* PropertySearchSourcesViewController.m */; };
		455734361038FC770013278E /* PropertySearchSourcesView.xib in Resources */ = {isa = PBXBuildFile; fileRef = 455734341038FC770013278E /* PropertySearchSourcesView.xib */; };
		4557346D103901C30013278E /* PropertyCriteria.m in Sources */ = {isa = PBXBuildFile; fileRef = 4557346C103901C30013278E /* PropertyCriteria.m */; };
		4557346E103901C30013278E /* PropertyCriteria.m in Sources */ = {isa = PBXBuildFile; fileRef = 4557346C103901C30013278E /* PropertyCriteria.m */; };
		4558D65910058CF30065C4DD /* MortgageCriteriaViewController.m in Sources */ = {isa = PBXBuildFile; fileRef = 4558D65710058CF30065C4DD /* MortgageCriteriaViewController.m */; };
		4558D65A10058CF30065C4DD /* MortgageCriteriaView.xib in Resources */ = {isa = PBXBuildFile; fileRef = 4558D65810058CF30065C4DD /* MortgageCriteriaView.xib */; };
		455BFE400FDC9BC4000BCD39 /* PropertyDetailsView.xib in Resources */ = {isa = PBXBuildFile; fileRef = 455BFE3F0FDC9BC4000BCD39 /* PropertyDetailsView.xib */; };
		4576665D104DF8F500EEFF22 /* Location.m in Sources */ = {isa = PBXBuildFile; fileRef = 4576665C104DF8F500EEFF22 /* Location.m */; };
		4576665E104DF8F500EEFF22 /* Location.m in Sources */ = {isa = PBXBuildFile; fileRef = 4576665C104DF8F500EEFF22 /* Location.m */; };
		457931010FE36A08008E2ACD /* SummaryCell.m in Sources */ = {isa = PBXBuildFile; fileRef = 457930FF0FE36A08008E2ACD /* SummaryCell.m */; };
		457931020FE36A08008E2ACD /* SummaryCell.xib in Resources */ = {isa = PBXBuildFile; fileRef = 457931000FE36A08008E2ACD /* SummaryCell.xib */; };
		4579324C0FE59783008E2ACD /* PropertySortChoicesViewController.m in Sources */ = {isa = PBXBuildFile; fileRef = 4579324B0FE59783008E2ACD /* PropertySortChoicesViewController.m */; };
		4579324E0FE59791008E2ACD /* PropertySortChoicesView.xib in Resources */ = {isa = PBXBuildFile; fileRef = 4579324D0FE59791008E2ACD /* PropertySortChoicesView.xib */; };
		457933800FE5ED93008E2ACD /* PropertyFavoritesViewController.m in Sources */ = {isa = PBXBuildFile; fileRef = 4579337F0FE5ED93008E2ACD /* PropertyFavoritesViewController.m */; };
		457AA2AF0FD8D4FF00F0D16C /* libxml2.2.dylib in Frameworks */ = {isa = PBXBuildFile; fileRef = 457AA2AE0FD8D4FF00F0D16C /* libxml2.2.dylib */; };
		457AA3490FDAC26100F0D16C /* UrlUtil.m in Sources */ = {isa = PBXBuildFile; fileRef = 457AA3380FDAC26100F0D16C /* UrlUtil.m */; };
		457AA34A0FDAC26100F0D16C /* XmlParser.m in Sources */ = {isa = PBXBuildFile; fileRef = 457AA33A0FDAC26100F0D16C /* XmlParser.m */; };
		457AA38E0FDAC45900F0D16C /* InputRangeCell.m in Sources */ = {isa = PBXBuildFile; fileRef = 457AA37A0FDAC45900F0D16C /* InputRangeCell.m */; };
		457AA38F0FDAC45900F0D16C /* InputRangeCell.xib in Resources */ = {isa = PBXBuildFile; fileRef = 457AA37B0FDAC45900F0D16C /* InputRangeCell.xib */; };
		457AA3900FDAC45900F0D16C /* InputSimpleCell.m in Sources */ = {isa = PBXBuildFile; fileRef = 457AA37D0FDAC45900F0D16C /* InputSimpleCell.m */; };
		457AA3910FDAC45900F0D16C /* InputSimpleCell.xib in Resources */ = {isa = PBXBuildFile; fileRef = 457AA37E0FDAC45900F0D16C /* InputSimpleCell.xib */; };
		457AA3920FDAC45900F0D16C /* PropertyCitiesViewController.m in Sources */ = {isa = PBXBuildFile; fileRef = 457AA3800FDAC45900F0D16C /* PropertyCitiesViewController.m */; };
		457AA3930FDAC45900F0D16C /* PropertyCitiesView.xib in Resources */ = {isa = PBXBuildFile; fileRef = 457AA3810FDAC45900F0D16C /* PropertyCitiesView.xib */; };
		457AA3940FDAC45900F0D16C /* PropertyCriteriaViewController.m in Sources */ = {isa = PBXBuildFile; fileRef = 457AA3830FDAC45900F0D16C /* PropertyCriteriaViewController.m */; };
		457AA3950FDAC45900F0D16C /* PropertyCriteriaView.xib in Resources */ = {isa = PBXBuildFile; fileRef = 457AA3840FDAC45900F0D16C /* PropertyCriteriaView.xib */; };
		457AA3960FDAC45900F0D16C /* PropertyListViewController.m in Sources */ = {isa = PBXBuildFile; fileRef = 457AA3860FDAC45900F0D16C /* PropertyListViewController.m */; };
		457AA3970FDAC45900F0D16C /* PropertyListView.xib in Resources */ = {isa = PBXBuildFile; fileRef = 457AA3870FDAC45900F0D16C /* PropertyListView.xib */; };
		457AA3980FDAC45900F0D16C /* PropertyStatesViewController.m in Sources */ = {isa = PBXBuildFile; fileRef = 457AA3890FDAC45900F0D16C /* PropertyStatesViewController.m */; };
		457AA3990FDAC45900F0D16C /* PropertyStatesView.xib in Resources */ = {isa = PBXBuildFile; fileRef = 457AA38A0FDAC45900F0D16C /* PropertyStatesView.xib */; };
		457AA39A0FDAC45900F0D16C /* PropertyUrlConstructor.m in Sources */ = {isa = PBXBuildFile; fileRef = 457AA38C0FDAC45900F0D16C /* PropertyUrlConstructor.m */; };
		457AA3E90FDB04B200F0D16C /* PropertyDetailsViewController.m in Sources */ = {isa = PBXBuildFile; fileRef = 457AA3E70FDB04B200F0D16C /* PropertyDetailsViewController.m */; };
		45858DE40FDEF476003F8831 /* Property.xcdatamodel in Sources */ = {isa = PBXBuildFile; fileRef = 45858DE30FDEF476003F8831 /* Property.xcdatamodel */; };
		458783A60FDB45F7000B4F5D /* PropertyMapViewController.m in Sources */ = {isa = PBXBuildFile; fileRef = 458783A40FDB45F7000B4F5D /* PropertyMapViewController.m */; };
		458783A70FDB45F7000B4F5D /* PropertyMapView.xib in Resources */ = {isa = PBXBuildFile; fileRef = 458783A50FDB45F7000B4F5D /* PropertyMapView.xib */; };
		458A49AA1031373000375D4C /* PropertySummary.m in Sources */ = {isa = PBXBuildFile; fileRef = 458A49A91031373000375D4C /* PropertySummary.m */; };
		458A49AB1031373000375D4C /* PropertySummary.m in Sources */ = {isa = PBXBuildFile; fileRef = 458A49A91031373000375D4C /* PropertySummary.m */; };
		459CA0D1100AA98700108747 /* MortgageUrlConstructor.m in Sources */ = {isa = PBXBuildFile; fileRef = 459CA0D0100AA98700108747 /* MortgageUrlConstructor.m */; };
		459CA0D4100AAA0000108747 /* UrlConstructor.m in Sources */ = {isa = PBXBuildFile; fileRef = 459CA0D3100AAA0000108747 /* UrlConstructor.m */; };
		459CA108100ABEF900108747 /* MortgageResultsViewController.m in Sources */ = {isa = PBXBuildFile; fileRef = 459CA106100ABEF900108747 /* MortgageResultsViewController.m */; };
		459CA109100ABEF900108747 /* MortgageResultsView.xib in Resources */ = {isa = PBXBuildFile; fileRef = 459CA107100ABEF900108747 /* MortgageResultsView.xib */; };
		45BEE7A910058F7E0031613E /* mortgageTabBar.png in Resources */ = {isa = PBXBuildFile; fileRef = 45BEE7A810058F7E0031613E /* mortgageTabBar.png */; };
		45BEE9001006D7D00031613E /* Mortgage.xcdatamodel in Sources */ = {isa = PBXBuildFile; fileRef = 45BEE8FF1006D7D00031613E /* Mortgage.xcdatamodel */; };
		45BEE9871008FACC0031613E /* CriteriaViewController.m in Sources */ = {isa = PBXBuildFile; fileRef = 45BEE9861008FACC0031613E /* CriteriaViewController.m */; };
		45BEE9881008FACC0031613E /* CriteriaViewController.m in Sources */ = {isa = PBXBuildFile; fileRef = 45BEE9861008FACC0031613E /* CriteriaViewController.m */; };
		45BEEA75100962FF0031613E /* MortgageCriteria.m in Sources */ = {isa = PBXBuildFile; fileRef = 45BEEA74100962FF0031613E /* MortgageCriteria.m */; };
		45C5FEED1055AEDE001B0CB3 /* State.m in Sources */ = {isa = PBXBuildFile; fileRef = 45C5FEEA1055AEDE001B0CB3 /* State.m */; };
		45C5FEEE1055AEDE001B0CB3 /* City.m in Sources */ = {isa = PBXBuildFile; fileRef = 45C5FEEC1055AEDE001B0CB3 /* City.m */; };
		45C5FEEF1055AEDE001B0CB3 /* State.m in Sources */ = {isa = PBXBuildFile; fileRef = 45C5FEEA1055AEDE001B0CB3 /* State.m */; };
		45C5FEF01055AEDE001B0CB3 /* City.m in Sources */ = {isa = PBXBuildFile; fileRef = 45C5FEEC1055AEDE001B0CB3 /* City.m */; };
		45C767CA0FEC7A1C00C75D90 /* PropertyListEmailerViewController.m in Sources */ = {isa = PBXBuildFile; fileRef = 45C767C80FEC7A1C00C75D90 /* PropertyListEmailerViewController.m */; };
		45C7682C0FEC804100C75D90 /* MessageUI.framework in Frameworks */ = {isa = PBXBuildFile; fileRef = 45C7682B0FEC804100C75D90 /* MessageUI.framework */; };
		45C974180FDCCA150021EE6D /* PropertyHistoryView.xib in Resources */ = {isa = PBXBuildFile; fileRef = 45C974150FDCCA150021EE6D /* PropertyHistoryView.xib */; };
		45C974190FDCCA150021EE6D /* PropertyHistoryViewController.m in Sources */ = {isa = PBXBuildFile; fileRef = 45C974170FDCCA150021EE6D /* PropertyHistoryViewController.m */; };
		45C9B1C7105D8F3100428FFE /* providedByZillow.png in Resources */ = {isa = PBXBuildFile; fileRef = 45C9B1C6105D8F3100428FFE /* providedByZillow.png */; };
		45C9B1DA105D984F00428FFE /* ProvidedByZillowCell.m in Sources */ = {isa = PBXBuildFile; fileRef = 45C9B1D8105D984F00428FFE /* ProvidedByZillowCell.m */; };
		45C9B1DB105D984F00428FFE /* ProvidedByZillowCell.xib in Resources */ = {isa = PBXBuildFile; fileRef = 45C9B1D9105D984F00428FFE /* ProvidedByZillowCell.xib */; };
		45D4550B1001970000944852 /* InputRangeCell.xib in Resources */ = {isa = PBXBuildFile; fileRef = 457AA37B0FDAC45900F0D16C /* InputRangeCell.xib */; };
		45D4550C1001970000944852 /* InputSimpleCell.xib in Resources */ = {isa = PBXBuildFile; fileRef = 457AA37E0FDAC45900F0D16C /* InputSimpleCell.xib */; };
		45D4550D1001970000944852 /* PropertyCitiesView.xib in Resources */ = {isa = PBXBuildFile; fileRef = 457AA3810FDAC45900F0D16C /* PropertyCitiesView.xib */; };
		45D4550E1001970000944852 /* PropertyCriteriaView.xib in Resources */ = {isa = PBXBuildFile; fileRef = 457AA3840FDAC45900F0D16C /* PropertyCriteriaView.xib */; };
		45D4550F1001970000944852 /* PropertyListView.xib in Resources */ = {isa = PBXBuildFile; fileRef = 457AA3870FDAC45900F0D16C /* PropertyListView.xib */; };
		45D455101001970000944852 /* PropertyStatesView.xib in Resources */ = {isa = PBXBuildFile; fileRef = 457AA38A0FDAC45900F0D16C /* PropertyStatesView.xib */; };
		45D455111001970000944852 /* PropertyMapView.xib in Resources */ = {isa = PBXBuildFile; fileRef = 458783A50FDB45F7000B4F5D /* PropertyMapView.xib */; };
		45D455121001970000944852 /* PropertyDetailsView.xib in Resources */ = {isa = PBXBuildFile; fileRef = 455BFE3F0FDC9BC4000BCD39 /* PropertyDetailsView.xib */; };
		45D455131001970000944852 /* PropertyHistoryView.xib in Resources */ = {isa = PBXBuildFile; fileRef = 45C974150FDCCA150021EE6D /* PropertyHistoryView.xib */; };
		45D455141001970000944852 /* SummaryCell.xib in Resources */ = {isa = PBXBuildFile; fileRef = 457931000FE36A08008E2ACD /* SummaryCell.xib */; };
		45D455151001970000944852 /* PropertySortChoicesView.xib in Resources */ = {isa = PBXBuildFile; fileRef = 4579324D0FE59791008E2ACD /* PropertySortChoicesView.xib */; };
		45D455161001970000944852 /* Geography.sqlite in Resources */ = {isa = PBXBuildFile; fileRef = DD8C53470FE9F8AE0056F3B7 /* Geography.sqlite */; };
		45D455171001970000944852 /* PropertyFavoritesView.xib in Resources */ = {isa = PBXBuildFile; fileRef = 45FF76C70FE9FF810053B4D8 /* PropertyFavoritesView.xib */; };
		45D455191001970000944852 /* locate.png in Resources */ = {isa = PBXBuildFile; fileRef = 45D93C6D0FECAC1C00AD4A5B /* locate.png */; };
		45D4551A1001970000944852 /* LocationCell.xib in Resources */ = {isa = PBXBuildFile; fileRef = 45D9401D0FEFDA3600AD4A5B /* LocationCell.xib */; };
		45D4551B1001970000944852 /* down.png in Resources */ = {isa = PBXBuildFile; fileRef = 45D942280FF0696C00AD4A5B /* down.png */; };
		45D4551C1001970000944852 /* up.png in Resources */ = {isa = PBXBuildFile; fileRef = 45D942290FF0696C00AD4A5B /* up.png */; };
		45D4551D1001970000944852 /* DescriptionCell.xib in Resources */ = {isa = PBXBuildFile; fileRef = 453EE36D0FF084DB0044390F /* DescriptionCell.xib */; };
		45D4551F1001970000944852 /* main.m in Sources */ = {isa = PBXBuildFile; fileRef = 29B97316FDCFA39411CA2CEA /* main.m */; };
		45D455201001970000944852 /* UrlUtil.m in Sources */ = {isa = PBXBuildFile; fileRef = 457AA3380FDAC26100F0D16C /* UrlUtil.m */; };
		45D455211001970000944852 /* XmlParser.m in Sources */ = {isa = PBXBuildFile; fileRef = 457AA33A0FDAC26100F0D16C /* XmlParser.m */; };
		45D455231001970000944852 /* InputRangeCell.m in Sources */ = {isa = PBXBuildFile; fileRef = 457AA37A0FDAC45900F0D16C /* InputRangeCell.m */; };
		45D455241001970000944852 /* InputSimpleCell.m in Sources */ = {isa = PBXBuildFile; fileRef = 457AA37D0FDAC45900F0D16C /* InputSimpleCell.m */; };
		45D455251001970000944852 /* PropertyCitiesViewController.m in Sources */ = {isa = PBXBuildFile; fileRef = 457AA3800FDAC45900F0D16C /* PropertyCitiesViewController.m */; };
		45D455261001970000944852 /* PropertyCriteriaViewController.m in Sources */ = {isa = PBXBuildFile; fileRef = 457AA3830FDAC45900F0D16C /* PropertyCriteriaViewController.m */; };
		45D455271001970000944852 /* PropertyListViewController.m in Sources */ = {isa = PBXBuildFile; fileRef = 457AA3860FDAC45900F0D16C /* PropertyListViewController.m */; };
		45D455281001970000944852 /* PropertyStatesViewController.m in Sources */ = {isa = PBXBuildFile; fileRef = 457AA3890FDAC45900F0D16C /* PropertyStatesViewController.m */; };
		45D455291001970000944852 /* PropertyUrlConstructor.m in Sources */ = {isa = PBXBuildFile; fileRef = 457AA38C0FDAC45900F0D16C /* PropertyUrlConstructor.m */; };
		45D4552A1001970000944852 /* PropertyDetailsViewController.m in Sources */ = {isa = PBXBuildFile; fileRef = 457AA3E70FDB04B200F0D16C /* PropertyDetailsViewController.m */; };
		45D4552B1001970000944852 /* PropertyMapViewController.m in Sources */ = {isa = PBXBuildFile; fileRef = 458783A40FDB45F7000B4F5D /* PropertyMapViewController.m */; };
		45D4552C1001970000944852 /* PropertyHistoryViewController.m in Sources */ = {isa = PBXBuildFile; fileRef = 45C974170FDCCA150021EE6D /* PropertyHistoryViewController.m */; };
		45D4552D1001970000944852 /* Property.xcdatamodel in Sources */ = {isa = PBXBuildFile; fileRef = 45858DE30FDEF476003F8831 /* Property.xcdatamodel */; };
		45D4552F1001970000944852 /* SummaryCell.m in Sources */ = {isa = PBXBuildFile; fileRef = 457930FF0FE36A08008E2ACD /* SummaryCell.m */; };
		45D455301001970000944852 /* PropertySortChoicesViewController.m in Sources */ = {isa = PBXBuildFile; fileRef = 4579324B0FE59783008E2ACD /* PropertySortChoicesViewController.m */; };
		45D455311001970000944852 /* PropertyFavoritesViewController.m in Sources */ = {isa = PBXBuildFile; fileRef = 4579337F0FE5ED93008E2ACD /* PropertyFavoritesViewController.m */; };
		45D455321001970000944852 /* PropertyListEmailerViewController.m in Sources */ = {isa = PBXBuildFile; fileRef = 45C767C80FEC7A1C00C75D90 /* PropertyListEmailerViewController.m */; };
		45D455331001970000944852 /* Geography.xcdatamodel in Sources */ = {isa = PBXBuildFile; fileRef = DD4581250FEEC7B500783A46 /* Geography.xcdatamodel */; };
		45D455371001970000944852 /* PropertyHistory.m in Sources */ = {isa = PBXBuildFile; fileRef = 45D93EDD0FEEDB0B00AD4A5B /* PropertyHistory.m */; };
		45D455381001970000944852 /* StringFormatter.m in Sources */ = {isa = PBXBuildFile; fileRef = 45D93FA80FEEE5E800AD4A5B /* StringFormatter.m */; };
		45D455391001970000944852 /* LocationCell.m in Sources */ = {isa = PBXBuildFile; fileRef = 45D9401C0FEFDA3600AD4A5B /* LocationCell.m */; };
		45D4553A1001970000944852 /* PropertyImage.m in Sources */ = {isa = PBXBuildFile; fileRef = 45D941980FF02BF000AD4A5B /* PropertyImage.m */; };
		45D4553B1001970000944852 /* PropertyDetails.m in Sources */ = {isa = PBXBuildFile; fileRef = 45D941DD0FF051B600AD4A5B /* PropertyDetails.m */; };
		45D4553C1001970000944852 /* DescriptionCell.m in Sources */ = {isa = PBXBuildFile; fileRef = 453EE3700FF084EC0044390F /* DescriptionCell.m */; };
		45D4553D1001970000944852 /* Locator.m in Sources */ = {isa = PBXBuildFile; fileRef = DD9B613D0FF45FED00348478 /* Locator.m */; };
		45D455461001970000944852 /* Foundation.framework in Frameworks */ = {isa = PBXBuildFile; fileRef = 1D30AB110D05D00D00671497 /* Foundation.framework */; };
		45D455471001970000944852 /* UIKit.framework in Frameworks */ = {isa = PBXBuildFile; fileRef = 1DF5F4DF0D08C38300B7A737 /* UIKit.framework */; };
		45D455481001970000944852 /* CoreGraphics.framework in Frameworks */ = {isa = PBXBuildFile; fileRef = 288765A40DF7441C002DB57D /* CoreGraphics.framework */; };
		45D455491001970000944852 /* CoreData.framework in Frameworks */ = {isa = PBXBuildFile; fileRef = 28D801B30F44B63D00FB423F /* CoreData.framework */; };
		45D4554A1001970000944852 /* libxml2.2.dylib in Frameworks */ = {isa = PBXBuildFile; fileRef = 457AA2AE0FD8D4FF00F0D16C /* libxml2.2.dylib */; };
		45D4554B1001970000944852 /* MessageUI.framework in Frameworks */ = {isa = PBXBuildFile; fileRef = 45C7682B0FEC804100C75D90 /* MessageUI.framework */; };
		45D4554C1001970000944852 /* CoreLocation.framework in Frameworks */ = {isa = PBXBuildFile; fileRef = DD9B5E1B0FF42D0600348478 /* CoreLocation.framework */; };
		45D4554D1001970000944852 /* MapKit.framework in Frameworks */ = {isa = PBXBuildFile; fileRef = DD9B5F2A0FF4432E00348478 /* MapKit.framework */; };
		45D4559310019BDE00944852 /* HomeFinderIcon.png in Resources */ = {isa = PBXBuildFile; fileRef = 45D4559210019BDE00944852 /* HomeFinderIcon.png */; };
		45D4559510019BED00944852 /* FindAnApartmentIcon.png in Resources */ = {isa = PBXBuildFile; fileRef = 45D4559410019BED00944852 /* FindAnApartmentIcon.png */; };
		45D455C61001A32100944852 /* HomeFinderMainWindow.xib in Resources */ = {isa = PBXBuildFile; fileRef = 45D455C51001A32100944852 /* HomeFinderMainWindow.xib */; };
		45D456891002E4C000944852 /* AppDelegate.m in Sources */ = {isa = PBXBuildFile; fileRef = 45D456881002E4C000944852 /* AppDelegate.m */; };
		45D93C6E0FECAC1C00AD4A5B /* locate.png in Resources */ = {isa = PBXBuildFile; fileRef = 45D93C6D0FECAC1C00AD4A5B /* locate.png */; };
		45D93EDF0FEEDB0B00AD4A5B /* PropertyHistory.m in Sources */ = {isa = PBXBuildFile; fileRef = 45D93EDD0FEEDB0B00AD4A5B /* PropertyHistory.m */; };
		45D93FA90FEEE5E800AD4A5B /* StringFormatter.m in Sources */ = {isa = PBXBuildFile; fileRef = 45D93FA80FEEE5E800AD4A5B /* StringFormatter.m */; };
		45D9401E0FEFDA3600AD4A5B /* LocationCell.m in Sources */ = {isa = PBXBuildFile; fileRef = 45D9401C0FEFDA3600AD4A5B /* LocationCell.m */; };
		45D9401F0FEFDA3600AD4A5B /* LocationCell.xib in Resources */ = {isa = PBXBuildFile; fileRef = 45D9401D0FEFDA3600AD4A5B /* LocationCell.xib */; };
		45D9419A0FF02BF000AD4A5B /* PropertyImage.m in Sources */ = {isa = PBXBuildFile; fileRef = 45D941980FF02BF000AD4A5B /* PropertyImage.m */; };
		45D941DE0FF051B600AD4A5B /* PropertyDetails.m in Sources */ = {isa = PBXBuildFile; fileRef = 45D941DD0FF051B600AD4A5B /* PropertyDetails.m */; };
		45D9422A0FF0696C00AD4A5B /* down.png in Resources */ = {isa = PBXBuildFile; fileRef = 45D942280FF0696C00AD4A5B /* down.png */; };
		45D9422B0FF0696C00AD4A5B /* up.png in Resources */ = {isa = PBXBuildFile; fileRef = 45D942290FF0696C00AD4A5B /* up.png */; };
		45DB3C8F104A33BA003A8163 /* imageLoading.png in Resources */ = {isa = PBXBuildFile; fileRef = 45DB3C8E104A33BA003A8163 /* imageLoading.png */; };
		45DB3D01104A3BFF003A8163 /* imageLoading.png in Resources */ = {isa = PBXBuildFile; fileRef = 45DB3C8E104A33BA003A8163 /* imageLoading.png */; };
		45DD4492104502AE0001A93D /* ImageSource.m in Sources */ = {isa = PBXBuildFile; fileRef = 45DD4491104502AE0001A93D /* ImageSource.m */; };
		45DD4493104502AE0001A93D /* ImageSource.m in Sources */ = {isa = PBXBuildFile; fileRef = 45DD4491104502AE0001A93D /* ImageSource.m */; };
		45E6EE271048890E006F8896 /* Image.m in Sources */ = {isa = PBXBuildFile; fileRef = 45E6EE261048890E006F8896 /* Image.m */; };
		45E6EE281048890E006F8896 /* Image.m in Sources */ = {isa = PBXBuildFile; fileRef = 45E6EE261048890E006F8896 /* Image.m */; };
		45E9CD6D102BD39F003D157D /* QuartzCore.framework in Frameworks */ = {isa = PBXBuildFile; fileRef = 45E9CD6C102BD39F003D157D /* QuartzCore.framework */; };
		45E9CD6E102BD39F003D157D /* QuartzCore.framework in Frameworks */ = {isa = PBXBuildFile; fileRef = 45E9CD6C102BD39F003D157D /* QuartzCore.framework */; };
		45E9CD8F102BD87B003D157D /* libThree20.a in Frameworks */ = {isa = PBXBuildFile; fileRef = DDDF6A99101E2C18001621C7 /* libThree20.a */; };
		45E9CD91102BD897003D157D /* libThree20.a in Frameworks */ = {isa = PBXBuildFile; fileRef = DDDF6A99101E2C18001621C7 /* libThree20.a */; };
		45E9CE0B102BE338003D157D /* LocationParser.m in Sources */ = {isa = PBXBuildFile; fileRef = 45E9CE0A102BE338003D157D /* LocationParser.m */; };
		45E9CE0C102BE338003D157D /* LocationParser.m in Sources */ = {isa = PBXBuildFile; fileRef = 45E9CE0A102BE338003D157D /* LocationParser.m */; };
		45FF76C80FE9FF810053B4D8 /* PropertyFavoritesView.xib in Resources */ = {isa = PBXBuildFile; fileRef = 45FF76C70FE9FF810053B4D8 /* PropertyFavoritesView.xib */; };
		DD02AD59100FD399003FD680 /* Default.png in Resources */ = {isa = PBXBuildFile; fileRef = DD4A5DA91002BFB9004599FB /* Default.png */; };
		DD4581260FEEC7B500783A46 /* Geography.xcdatamodel in Sources */ = {isa = PBXBuildFile; fileRef = DD4581250FEEC7B500783A46 /* Geography.xcdatamodel */; };
		DD4A5DAA1002BFB9004599FB /* Default.png in Resources */ = {isa = PBXBuildFile; fileRef = DD4A5DA91002BFB9004599FB /* Default.png */; };
		DD6F1F591026718C000C8207 /* back.png in Resources */ = {isa = PBXBuildFile; fileRef = DD6F1F571026718C000C8207 /* back.png */; };
		DD6F1F5A1026718C000C8207 /* forward.png in Resources */ = {isa = PBXBuildFile; fileRef = DD6F1F581026718C000C8207 /* forward.png */; };
		DD6F1F5B1026718C000C8207 /* back.png in Resources */ = {isa = PBXBuildFile; fileRef = DD6F1F571026718C000C8207 /* back.png */; };
		DD6F1F5C1026718C000C8207 /* forward.png in Resources */ = {isa = PBXBuildFile; fileRef = DD6F1F581026718C000C8207 /* forward.png */; };
		DD6F22571027E1AD000C8207 /* WebViewController.m in Sources */ = {isa = PBXBuildFile; fileRef = DD6F22561027E1AD000C8207 /* WebViewController.m */; };
		DD6F22581027E1AD000C8207 /* WebViewController.m in Sources */ = {isa = PBXBuildFile; fileRef = DD6F22561027E1AD000C8207 /* WebViewController.m */; };
		DD6F225B1027E1C6000C8207 /* ImagesViewController.m in Sources */ = {isa = PBXBuildFile; fileRef = DD6F225A1027E1C6000C8207 /* ImagesViewController.m */; };
		DD6F225C1027E1C6000C8207 /* ImagesViewController.m in Sources */ = {isa = PBXBuildFile; fileRef = DD6F225A1027E1C6000C8207 /* ImagesViewController.m */; };
		DD7DAAD910293FBA00EE70AB /* PropertyAnnotation.m in Sources */ = {isa = PBXBuildFile; fileRef = DD7DAAD810293FBA00EE70AB /* PropertyAnnotation.m */; };
		DD7DAADA10293FBA00EE70AB /* PropertyAnnotation.m in Sources */ = {isa = PBXBuildFile; fileRef = DD7DAAD810293FBA00EE70AB /* PropertyAnnotation.m */; };
		DD8C53480FE9F8AE0056F3B7 /* Geography.sqlite in Resources */ = {isa = PBXBuildFile; fileRef = DD8C53470FE9F8AE0056F3B7 /* Geography.sqlite */; };
		DD9B5E1C0FF42D0600348478 /* CoreLocation.framework in Frameworks */ = {isa = PBXBuildFile; fileRef = DD9B5E1B0FF42D0600348478 /* CoreLocation.framework */; };
		DD9B5F2B0FF4432E00348478 /* MapKit.framework in Frameworks */ = {isa = PBXBuildFile; fileRef = DD9B5F2A0FF4432E00348478 /* MapKit.framework */; };
		DD9B613E0FF45FED00348478 /* Locator.m in Sources */ = {isa = PBXBuildFile; fileRef = DD9B613D0FF45FED00348478 /* Locator.m */; };
		DDDF6ABB101E2CA5001621C7 /* Three20.bundle in Resources */ = {isa = PBXBuildFile; fileRef = DDDF6ABA101E2CA5001621C7 /* Three20.bundle */; };
		DDDF6ABC101E2CA5001621C7 /* Three20.bundle in Resources */ = {isa = PBXBuildFile; fileRef = DDDF6ABA101E2CA5001621C7 /* Three20.bundle */; };
		DDEC73BF1011825000EB56EC /* UrlConstructor.m in Sources */ = {isa = PBXBuildFile; fileRef = 459CA0D3100AAA0000108747 /* UrlConstructor.m */; };
/* End PBXBuildFile section */

/* Begin PBXContainerItemProxy section */
		DDDF6A98101E2C18001621C7 /* PBXContainerItemProxy */ = {
			isa = PBXContainerItemProxy;
			containerPortal = DDDF6A91101E2C18001621C7 /* Three20.xcodeproj */;
			proxyType = 2;
			remoteGlobalIDString = BEF31F3A0F352DF5000DE5D2;
			remoteInfo = Three20;
		};
		DDDF6AAE101E2C5D001621C7 /* PBXContainerItemProxy */ = {
			isa = PBXContainerItemProxy;
			containerPortal = DDDF6A91101E2C18001621C7 /* Three20.xcodeproj */;
			proxyType = 1;
			remoteGlobalIDString = BEF31F390F352DF5000DE5D2;
			remoteInfo = Three20;
		};
		DDDF6AB4101E2C70001621C7 /* PBXContainerItemProxy */ = {
			isa = PBXContainerItemProxy;
			containerPortal = DDDF6A91101E2C18001621C7 /* Three20.xcodeproj */;
			proxyType = 1;
			remoteGlobalIDString = BEF31F390F352DF5000DE5D2;
			remoteInfo = Three20;
		};
/* End PBXContainerItemProxy section */

/* Begin PBXFileReference section */
		1D30AB110D05D00D00671497 /* Foundation.framework */ = {isa = PBXFileReference; lastKnownFileType = wrapper.framework; name = Foundation.framework; path = System/Library/Frameworks/Foundation.framework; sourceTree = SDKROOT; };
		1D6058910D05DD3D006BFB54 /* Find an Apartment.app */ = {isa = PBXFileReference; explicitFileType = wrapper.application; includeInIndex = 0; path = "Find an Apartment.app"; sourceTree = BUILT_PRODUCTS_DIR; };
		1DF5F4DF0D08C38300B7A737 /* UIKit.framework */ = {isa = PBXFileReference; lastKnownFileType = wrapper.framework; name = UIKit.framework; path = System/Library/Frameworks/UIKit.framework; sourceTree = SDKROOT; };
		288765A40DF7441C002DB57D /* CoreGraphics.framework */ = {isa = PBXFileReference; lastKnownFileType = wrapper.framework; name = CoreGraphics.framework; path = System/Library/Frameworks/CoreGraphics.framework; sourceTree = SDKROOT; };
		28AD733E0D9D9553002E5188 /* FindAnApartmentMainWindow.xib */ = {isa = PBXFileReference; lastKnownFileType = file.xib; path = FindAnApartmentMainWindow.xib; sourceTree = "<group>"; };
		28D801B30F44B63D00FB423F /* CoreData.framework */ = {isa = PBXFileReference; lastKnownFileType = wrapper.framework; name = CoreData.framework; path = System/Library/Frameworks/CoreData.framework; sourceTree = SDKROOT; };
		29B97316FDCFA39411CA2CEA /* main.m */ = {isa = PBXFileReference; fileEncoding = 4; lastKnownFileType = sourcecode.c.objc; path = main.m; sourceTree = "<group>"; };
		32CA4F630368D1EE00C91783 /* Find_an_Apartment_Prefix.pch */ = {isa = PBXFileReference; fileEncoding = 4; lastKnownFileType = sourcecode.c.h; path = Find_an_Apartment_Prefix.pch; sourceTree = "<group>"; };
		45267CF6102EA866007BED9D /* MortgageResultsConstants.h */ = {isa = PBXFileReference; fileEncoding = 4; lastKnownFileType = sourcecode.c.h; name = MortgageResultsConstants.h; path = Classes/MortgageResultsConstants.h; sourceTree = "<group>"; };
		452A89F41033A07F00AD21AB /* XmlElement.h */ = {isa = PBXFileReference; fileEncoding = 4; lastKnownFileType = sourcecode.c.h; name = XmlElement.h; path = Classes/XmlElement.h; sourceTree = "<group>"; };
		452A89F51033A07F00AD21AB /* XmlElement.m */ = {isa = PBXFileReference; fileEncoding = 4; lastKnownFileType = sourcecode.c.objc; name = XmlElement.m; path = Classes/XmlElement.m; sourceTree = "<group>"; };
		452A8AD31033AED400AD21AB /* Placemark.h */ = {isa = PBXFileReference; fileEncoding = 4; lastKnownFileType = sourcecode.c.h; name = Placemark.h; path = Classes/Placemark.h; sourceTree = "<group>"; };
		452A8AD41033AED400AD21AB /* Placemark.m */ = {isa = PBXFileReference; fileEncoding = 4; lastKnownFileType = sourcecode.c.objc; name = Placemark.m; path = Classes/Placemark.m; sourceTree = "<group>"; };
		453EE36D0FF084DB0044390F /* DescriptionCell.xib */ = {isa = PBXFileReference; lastKnownFileType = file.xib; name = DescriptionCell.xib; path = Classes/DescriptionCell.xib; sourceTree = "<group>"; };
		453EE36F0FF084EC0044390F /* DescriptionCell.h */ = {isa = PBXFileReference; fileEncoding = 4; lastKnownFileType = sourcecode.c.h; name = DescriptionCell.h; path = Classes/DescriptionCell.h; sourceTree = "<group>"; };
		453EE3700FF084EC0044390F /* DescriptionCell.m */ = {isa = PBXFileReference; fileEncoding = 4; lastKnownFileType = sourcecode.c.objc; name = DescriptionCell.m; path = Classes/DescriptionCell.m; sourceTree = "<group>"; };
		4557336B10374A800013278E /* WebView.xib */ = {isa = PBXFileReference; lastKnownFileType = file.xib; name = WebView.xib; path = Classes/WebView.xib; sourceTree = "<group>"; };
		455733CD103779940013278E /* PropertyListAndMapConstants.h */ = {isa = PBXFileReference; fileEncoding = 4; lastKnownFileType = sourcecode.c.h; name = PropertyListAndMapConstants.h; path = Classes/PropertyListAndMapConstants.h; sourceTree = "<group>"; };
		455734321038FC770013278E /* PropertySearchSourcesViewController.h */ = {isa = PBXFileReference; fileEncoding = 4; lastKnownFileType = sourcecode.c.h; name = PropertySearchSourcesViewController.h; path = Classes/PropertySearchSourcesViewController.h; sourceTree = "<group>"; };
		455734331038FC770013278E /* PropertySearchSourcesViewController.m */ = {isa = PBXFileReference; fileEncoding = 4; lastKnownFileType = sourcecode.c.objc; name = PropertySearchSourcesViewController.m; path = Classes/PropertySearchSourcesViewController.m; sourceTree = "<group>"; };
		455734341038FC770013278E /* PropertySearchSourcesView.xib */ = {isa = PBXFileReference; lastKnownFileType = file.xib; name = PropertySearchSourcesView.xib; path = Classes/PropertySearchSourcesView.xib; sourceTree = "<group>"; };
		4557346B103901C30013278E /* PropertyCriteria.h */ = {isa = PBXFileReference; fileEncoding = 4; lastKnownFileType = sourcecode.c.h; name = PropertyCriteria.h; path = Classes/PropertyCriteria.h; sourceTree = "<group>"; };
		4557346C103901C30013278E /* PropertyCriteria.m */ = {isa = PBXFileReference; fileEncoding = 4; lastKnownFileType = sourcecode.c.objc; name = PropertyCriteria.m; path = Classes/PropertyCriteria.m; sourceTree = "<group>"; };
		4558D65610058CF30065C4DD /* MortgageCriteriaViewController.h */ = {isa = PBXFileReference; fileEncoding = 4; lastKnownFileType = sourcecode.c.h; name = MortgageCriteriaViewController.h; path = Classes/MortgageCriteriaViewController.h; sourceTree = "<group>"; };
		4558D65710058CF30065C4DD /* MortgageCriteriaViewController.m */ = {isa = PBXFileReference; fileEncoding = 4; lastKnownFileType = sourcecode.c.objc; name = MortgageCriteriaViewController.m; path = Classes/MortgageCriteriaViewController.m; sourceTree = "<group>"; };
		4558D65810058CF30065C4DD /* MortgageCriteriaView.xib */ = {isa = PBXFileReference; lastKnownFileType = file.xib; name = MortgageCriteriaView.xib; path = Classes/MortgageCriteriaView.xib; sourceTree = "<group>"; };
		455BFE3F0FDC9BC4000BCD39 /* PropertyDetailsView.xib */ = {isa = PBXFileReference; lastKnownFileType = file.xib; name = PropertyDetailsView.xib; path = Classes/PropertyDetailsView.xib; sourceTree = "<group>"; };
		4576665B104DF8F500EEFF22 /* Location.h */ = {isa = PBXFileReference; fileEncoding = 4; lastKnownFileType = sourcecode.c.h; name = Location.h; path = Classes/Location.h; sourceTree = "<group>"; };
		4576665C104DF8F500EEFF22 /* Location.m */ = {isa = PBXFileReference; fileEncoding = 4; lastKnownFileType = sourcecode.c.objc; name = Location.m; path = Classes/Location.m; sourceTree = "<group>"; };
		457930FE0FE36A08008E2ACD /* SummaryCell.h */ = {isa = PBXFileReference; fileEncoding = 4; lastKnownFileType = sourcecode.c.h; name = SummaryCell.h; path = Classes/SummaryCell.h; sourceTree = "<group>"; };
		457930FF0FE36A08008E2ACD /* SummaryCell.m */ = {isa = PBXFileReference; fileEncoding = 4; lastKnownFileType = sourcecode.c.objc; name = SummaryCell.m; path = Classes/SummaryCell.m; sourceTree = "<group>"; };
		457931000FE36A08008E2ACD /* SummaryCell.xib */ = {isa = PBXFileReference; lastKnownFileType = file.xib; name = SummaryCell.xib; path = Classes/SummaryCell.xib; sourceTree = "<group>"; };
		457932490FE59771008E2ACD /* PropertyCriteriaConstants.h */ = {isa = PBXFileReference; fileEncoding = 4; lastKnownFileType = sourcecode.c.h; name = PropertyCriteriaConstants.h; path = Classes/PropertyCriteriaConstants.h; sourceTree = "<group>"; };
		4579324A0FE59783008E2ACD /* PropertySortChoicesViewController.h */ = {isa = PBXFileReference; fileEncoding = 4; lastKnownFileType = sourcecode.c.h; name = PropertySortChoicesViewController.h; path = Classes/PropertySortChoicesViewController.h; sourceTree = "<group>"; };
		4579324B0FE59783008E2ACD /* PropertySortChoicesViewController.m */ = {isa = PBXFileReference; fileEncoding = 4; lastKnownFileType = sourcecode.c.objc; name = PropertySortChoicesViewController.m; path = Classes/PropertySortChoicesViewController.m; sourceTree = "<group>"; };
		4579324D0FE59791008E2ACD /* PropertySortChoicesView.xib */ = {isa = PBXFileReference; lastKnownFileType = file.xib; name = PropertySortChoicesView.xib; path = Classes/PropertySortChoicesView.xib; sourceTree = "<group>"; };
		4579337E0FE5ED93008E2ACD /* PropertyFavoritesViewController.h */ = {isa = PBXFileReference; fileEncoding = 4; lastKnownFileType = sourcecode.c.h; name = PropertyFavoritesViewController.h; path = Classes/PropertyFavoritesViewController.h; sourceTree = "<group>"; };
		4579337F0FE5ED93008E2ACD /* PropertyFavoritesViewController.m */ = {isa = PBXFileReference; fileEncoding = 4; lastKnownFileType = sourcecode.c.objc; name = PropertyFavoritesViewController.m; path = Classes/PropertyFavoritesViewController.m; sourceTree = "<group>"; };
		457AA2AE0FD8D4FF00F0D16C /* libxml2.2.dylib */ = {isa = PBXFileReference; lastKnownFileType = "compiled.mach-o.dylib"; name = libxml2.2.dylib; path = usr/lib/libxml2.2.dylib; sourceTree = SDKROOT; };
		457AA3370FDAC26100F0D16C /* UrlUtil.h */ = {isa = PBXFileReference; fileEncoding = 4; lastKnownFileType = sourcecode.c.h; path = UrlUtil.h; sourceTree = "<group>"; };
		457AA3380FDAC26100F0D16C /* UrlUtil.m */ = {isa = PBXFileReference; fileEncoding = 4; lastKnownFileType = sourcecode.c.objc; path = UrlUtil.m; sourceTree = "<group>"; };
		457AA3390FDAC26100F0D16C /* XmlParser.h */ = {isa = PBXFileReference; fileEncoding = 4; lastKnownFileType = sourcecode.c.h; path = XmlParser.h; sourceTree = "<group>"; };
		457AA33A0FDAC26100F0D16C /* XmlParser.m */ = {isa = PBXFileReference; fileEncoding = 4; lastKnownFileType = sourcecode.c.objc; path = XmlParser.m; sourceTree = "<group>"; };
		457AA3790FDAC45900F0D16C /* InputRangeCell.h */ = {isa = PBXFileReference; fileEncoding = 4; lastKnownFileType = sourcecode.c.h; name = InputRangeCell.h; path = Classes/InputRangeCell.h; sourceTree = "<group>"; };
		457AA37A0FDAC45900F0D16C /* InputRangeCell.m */ = {isa = PBXFileReference; fileEncoding = 4; lastKnownFileType = sourcecode.c.objc; name = InputRangeCell.m; path = Classes/InputRangeCell.m; sourceTree = "<group>"; };
		457AA37B0FDAC45900F0D16C /* InputRangeCell.xib */ = {isa = PBXFileReference; lastKnownFileType = file.xib; name = InputRangeCell.xib; path = Classes/InputRangeCell.xib; sourceTree = "<group>"; };
		457AA37C0FDAC45900F0D16C /* InputSimpleCell.h */ = {isa = PBXFileReference; fileEncoding = 4; lastKnownFileType = sourcecode.c.h; name = InputSimpleCell.h; path = Classes/InputSimpleCell.h; sourceTree = "<group>"; };
		457AA37D0FDAC45900F0D16C /* InputSimpleCell.m */ = {isa = PBXFileReference; fileEncoding = 4; lastKnownFileType = sourcecode.c.objc; name = InputSimpleCell.m; path = Classes/InputSimpleCell.m; sourceTree = "<group>"; };
		457AA37E0FDAC45900F0D16C /* InputSimpleCell.xib */ = {isa = PBXFileReference; lastKnownFileType = file.xib; name = InputSimpleCell.xib; path = Classes/InputSimpleCell.xib; sourceTree = "<group>"; };
		457AA37F0FDAC45900F0D16C /* PropertyCitiesViewController.h */ = {isa = PBXFileReference; fileEncoding = 4; lastKnownFileType = sourcecode.c.h; name = PropertyCitiesViewController.h; path = Classes/PropertyCitiesViewController.h; sourceTree = "<group>"; };
		457AA3800FDAC45900F0D16C /* PropertyCitiesViewController.m */ = {isa = PBXFileReference; fileEncoding = 4; lastKnownFileType = sourcecode.c.objc; name = PropertyCitiesViewController.m; path = Classes/PropertyCitiesViewController.m; sourceTree = "<group>"; };
		457AA3810FDAC45900F0D16C /* PropertyCitiesView.xib */ = {isa = PBXFileReference; lastKnownFileType = file.xib; name = PropertyCitiesView.xib; path = Classes/PropertyCitiesView.xib; sourceTree = "<group>"; };
		457AA3820FDAC45900F0D16C /* PropertyCriteriaViewController.h */ = {isa = PBXFileReference; fileEncoding = 4; lastKnownFileType = sourcecode.c.h; name = PropertyCriteriaViewController.h; path = Classes/PropertyCriteriaViewController.h; sourceTree = "<group>"; };
		457AA3830FDAC45900F0D16C /* PropertyCriteriaViewController.m */ = {isa = PBXFileReference; fileEncoding = 4; lastKnownFileType = sourcecode.c.objc; name = PropertyCriteriaViewController.m; path = Classes/PropertyCriteriaViewController.m; sourceTree = "<group>"; };
		457AA3840FDAC45900F0D16C /* PropertyCriteriaView.xib */ = {isa = PBXFileReference; lastKnownFileType = file.xib; name = PropertyCriteriaView.xib; path = Classes/PropertyCriteriaView.xib; sourceTree = "<group>"; };
		457AA3850FDAC45900F0D16C /* PropertyListViewController.h */ = {isa = PBXFileReference; fileEncoding = 4; lastKnownFileType = sourcecode.c.h; name = PropertyListViewController.h; path = Classes/PropertyListViewController.h; sourceTree = "<group>"; };
		457AA3860FDAC45900F0D16C /* PropertyListViewController.m */ = {isa = PBXFileReference; fileEncoding = 4; lastKnownFileType = sourcecode.c.objc; name = PropertyListViewController.m; path = Classes/PropertyListViewController.m; sourceTree = "<group>"; };
		457AA3870FDAC45900F0D16C /* PropertyListView.xib */ = {isa = PBXFileReference; lastKnownFileType = file.xib; name = PropertyListView.xib; path = Classes/PropertyListView.xib; sourceTree = "<group>"; };
		457AA3880FDAC45900F0D16C /* PropertyStatesViewController.h */ = {isa = PBXFileReference; fileEncoding = 4; lastKnownFileType = sourcecode.c.h; name = PropertyStatesViewController.h; path = Classes/PropertyStatesViewController.h; sourceTree = "<group>"; };
		457AA3890FDAC45900F0D16C /* PropertyStatesViewController.m */ = {isa = PBXFileReference; fileEncoding = 4; lastKnownFileType = sourcecode.c.objc; name = PropertyStatesViewController.m; path = Classes/PropertyStatesViewController.m; sourceTree = "<group>"; };
		457AA38A0FDAC45900F0D16C /* PropertyStatesView.xib */ = {isa = PBXFileReference; lastKnownFileType = file.xib; name = PropertyStatesView.xib; path = Classes/PropertyStatesView.xib; sourceTree = "<group>"; };
		457AA38B0FDAC45900F0D16C /* PropertyUrlConstructor.h */ = {isa = PBXFileReference; fileEncoding = 4; lastKnownFileType = sourcecode.c.h; path = PropertyUrlConstructor.h; sourceTree = "<group>"; };
		457AA38C0FDAC45900F0D16C /* PropertyUrlConstructor.m */ = {isa = PBXFileReference; fileEncoding = 4; lastKnownFileType = sourcecode.c.objc; path = PropertyUrlConstructor.m; sourceTree = "<group>"; };
		457AA3E60FDB04B200F0D16C /* PropertyDetailsViewController.h */ = {isa = PBXFileReference; fileEncoding = 4; lastKnownFileType = sourcecode.c.h; name = PropertyDetailsViewController.h; path = Classes/PropertyDetailsViewController.h; sourceTree = "<group>"; };
		457AA3E70FDB04B200F0D16C /* PropertyDetailsViewController.m */ = {isa = PBXFileReference; fileEncoding = 4; lastKnownFileType = sourcecode.c.objc; name = PropertyDetailsViewController.m; path = Classes/PropertyDetailsViewController.m; sourceTree = "<group>"; };
		45858DE30FDEF476003F8831 /* Property.xcdatamodel */ = {isa = PBXFileReference; fileEncoding = 4; lastKnownFileType = wrapper.xcdatamodel; path = Property.xcdatamodel; sourceTree = "<group>"; };
		458783A30FDB45F7000B4F5D /* PropertyMapViewController.h */ = {isa = PBXFileReference; fileEncoding = 4; lastKnownFileType = sourcecode.c.h; name = PropertyMapViewController.h; path = Classes/PropertyMapViewController.h; sourceTree = "<group>"; };
		458783A40FDB45F7000B4F5D /* PropertyMapViewController.m */ = {isa = PBXFileReference; fileEncoding = 4; lastKnownFileType = sourcecode.c.objc; name = PropertyMapViewController.m; path = Classes/PropertyMapViewController.m; sourceTree = "<group>"; };
		458783A50FDB45F7000B4F5D /* PropertyMapView.xib */ = {isa = PBXFileReference; lastKnownFileType = file.xib; name = PropertyMapView.xib; path = Classes/PropertyMapView.xib; sourceTree = "<group>"; };
		458A49A81031373000375D4C /* PropertySummary.h */ = {isa = PBXFileReference; fileEncoding = 4; lastKnownFileType = sourcecode.c.h; name = PropertySummary.h; path = Classes/PropertySummary.h; sourceTree = "<group>"; };
		458A49A91031373000375D4C /* PropertySummary.m */ = {isa = PBXFileReference; fileEncoding = 4; lastKnownFileType = sourcecode.c.objc; name = PropertySummary.m; path = Classes/PropertySummary.m; sourceTree = "<group>"; };
		4596B7FD1040D40100B76AC0 /* SaveAndRestoreConstants.h */ = {isa = PBXFileReference; fileEncoding = 4; lastKnownFileType = sourcecode.c.h; name = SaveAndRestoreConstants.h; path = Classes/SaveAndRestoreConstants.h; sourceTree = "<group>"; };
		45991A220FF0927F00627B7D /* PropertyDetailsConstants.h */ = {isa = PBXFileReference; fileEncoding = 4; lastKnownFileType = sourcecode.c.h; name = PropertyDetailsConstants.h; path = Classes/PropertyDetailsConstants.h; sourceTree = "<group>"; };
		459CA0CF100AA98700108747 /* MortgageUrlConstructor.h */ = {isa = PBXFileReference; fileEncoding = 4; lastKnownFileType = sourcecode.c.h; path = MortgageUrlConstructor.h; sourceTree = "<group>"; };
		459CA0D0100AA98700108747 /* MortgageUrlConstructor.m */ = {isa = PBXFileReference; fileEncoding = 4; lastKnownFileType = sourcecode.c.objc; path = MortgageUrlConstructor.m; sourceTree = "<group>"; };
		459CA0D2100AAA0000108747 /* UrlConstructor.h */ = {isa = PBXFileReference; fileEncoding = 4; lastKnownFileType = sourcecode.c.h; path = UrlConstructor.h; sourceTree = "<group>"; };
		459CA0D3100AAA0000108747 /* UrlConstructor.m */ = {isa = PBXFileReference; fileEncoding = 4; lastKnownFileType = sourcecode.c.objc; path = UrlConstructor.m; sourceTree = "<group>"; };
		459CA105100ABEF900108747 /* MortgageResultsViewController.h */ = {isa = PBXFileReference; fileEncoding = 4; lastKnownFileType = sourcecode.c.h; name = MortgageResultsViewController.h; path = Classes/MortgageResultsViewController.h; sourceTree = "<group>"; };
		459CA106100ABEF900108747 /* MortgageResultsViewController.m */ = {isa = PBXFileReference; fileEncoding = 4; lastKnownFileType = sourcecode.c.objc; name = MortgageResultsViewController.m; path = Classes/MortgageResultsViewController.m; sourceTree = "<group>"; };
		459CA107100ABEF900108747 /* MortgageResultsView.xib */ = {isa = PBXFileReference; lastKnownFileType = file.xib; name = MortgageResultsView.xib; path = Classes/MortgageResultsView.xib; sourceTree = "<group>"; };
		45BEE7A810058F7E0031613E /* mortgageTabBar.png */ = {isa = PBXFileReference; lastKnownFileType = image.png; name = mortgageTabBar.png; path = Images/mortgageTabBar.png; sourceTree = "<group>"; };
		45BEE85310059FEA0031613E /* MortgageCriteriaConstants.h */ = {isa = PBXFileReference; fileEncoding = 4; lastKnownFileType = sourcecode.c.h; name = MortgageCriteriaConstants.h; path = Classes/MortgageCriteriaConstants.h; sourceTree = "<group>"; };
		45BEE8FF1006D7D00031613E /* Mortgage.xcdatamodel */ = {isa = PBXFileReference; fileEncoding = 4; lastKnownFileType = wrapper.xcdatamodel; path = Mortgage.xcdatamodel; sourceTree = "<group>"; };
		45BEE9851008FACC0031613E /* CriteriaViewController.h */ = {isa = PBXFileReference; fileEncoding = 4; lastKnownFileType = sourcecode.c.h; name = CriteriaViewController.h; path = Classes/CriteriaViewController.h; sourceTree = "<group>"; };
		45BEE9861008FACC0031613E /* CriteriaViewController.m */ = {isa = PBXFileReference; fileEncoding = 4; lastKnownFileType = sourcecode.c.objc; name = CriteriaViewController.m; path = Classes/CriteriaViewController.m; sourceTree = "<group>"; };
		45BEEA73100962FF0031613E /* MortgageCriteria.h */ = {isa = PBXFileReference; fileEncoding = 4; lastKnownFileType = sourcecode.c.h; name = MortgageCriteria.h; path = Classes/MortgageCriteria.h; sourceTree = "<group>"; };
		45BEEA74100962FF0031613E /* MortgageCriteria.m */ = {isa = PBXFileReference; fileEncoding = 4; lastKnownFileType = sourcecode.c.objc; name = MortgageCriteria.m; path = Classes/MortgageCriteria.m; sourceTree = "<group>"; };
		45C5FEE91055AEDE001B0CB3 /* State.h */ = {isa = PBXFileReference; fileEncoding = 4; lastKnownFileType = sourcecode.c.h; name = State.h; path = Classes/State.h; sourceTree = "<group>"; };
		45C5FEEA1055AEDE001B0CB3 /* State.m */ = {isa = PBXFileReference; fileEncoding = 4; lastKnownFileType = sourcecode.c.objc; name = State.m; path = Classes/State.m; sourceTree = "<group>"; };
		45C5FEEB1055AEDE001B0CB3 /* City.h */ = {isa = PBXFileReference; fileEncoding = 4; lastKnownFileType = sourcecode.c.h; name = City.h; path = Classes/City.h; sourceTree = "<group>"; };
		45C5FEEC1055AEDE001B0CB3 /* City.m */ = {isa = PBXFileReference; fileEncoding = 4; lastKnownFileType = sourcecode.c.objc; name = City.m; path = Classes/City.m; sourceTree = "<group>"; };
		45C767C70FEC7A1C00C75D90 /* PropertyListEmailerViewController.h */ = {isa = PBXFileReference; fileEncoding = 4; lastKnownFileType = sourcecode.c.h; name = PropertyListEmailerViewController.h; path = Classes/PropertyListEmailerViewController.h; sourceTree = "<group>"; };
		45C767C80FEC7A1C00C75D90 /* PropertyListEmailerViewController.m */ = {isa = PBXFileReference; fileEncoding = 4; lastKnownFileType = sourcecode.c.objc; name = PropertyListEmailerViewController.m; path = Classes/PropertyListEmailerViewController.m; sourceTree = "<group>"; };
		45C7682B0FEC804100C75D90 /* MessageUI.framework */ = {isa = PBXFileReference; lastKnownFileType = wrapper.framework; name = MessageUI.framework; path = System/Library/Frameworks/MessageUI.framework; sourceTree = SDKROOT; };
		45C974150FDCCA150021EE6D /* PropertyHistoryView.xib */ = {isa = PBXFileReference; lastKnownFileType = file.xib; name = PropertyHistoryView.xib; path = Classes/PropertyHistoryView.xib; sourceTree = "<group>"; };
		45C974160FDCCA150021EE6D /* PropertyHistoryViewController.h */ = {isa = PBXFileReference; fileEncoding = 4; lastKnownFileType = sourcecode.c.h; name = PropertyHistoryViewController.h; path = Classes/PropertyHistoryViewController.h; sourceTree = "<group>"; };
		45C974170FDCCA150021EE6D /* PropertyHistoryViewController.m */ = {isa = PBXFileReference; fileEncoding = 4; lastKnownFileType = sourcecode.c.objc; name = PropertyHistoryViewController.m; path = Classes/PropertyHistoryViewController.m; sourceTree = "<group>"; };
		45C9B1C6105D8F3100428FFE /* providedByZillow.png */ = {isa = PBXFileReference; lastKnownFileType = image.png; name = providedByZillow.png; path = Images/providedByZillow.png; sourceTree = "<group>"; };
		45C9B1D7105D984F00428FFE /* ProvidedByZillowCell.h */ = {isa = PBXFileReference; fileEncoding = 4; lastKnownFileType = sourcecode.c.h; name = ProvidedByZillowCell.h; path = Classes/ProvidedByZillowCell.h; sourceTree = "<group>"; };
		45C9B1D8105D984F00428FFE /* ProvidedByZillowCell.m */ = {isa = PBXFileReference; fileEncoding = 4; lastKnownFileType = sourcecode.c.objc; name = ProvidedByZillowCell.m; path = Classes/ProvidedByZillowCell.m; sourceTree = "<group>"; };
		45C9B1D9105D984F00428FFE /* ProvidedByZillowCell.xib */ = {isa = PBXFileReference; lastKnownFileType = file.xib; name = ProvidedByZillowCell.xib; path = Classes/ProvidedByZillowCell.xib; sourceTree = "<group>"; };
		45D455511001970000944852 /* Home Finder.app */ = {isa = PBXFileReference; explicitFileType = wrapper.application; includeInIndex = 0; path = "Home Finder.app"; sourceTree = BUILT_PRODUCTS_DIR; };
		45D455531001970000944852 /* Home_Finder-Info.plist */ = {isa = PBXFileReference; lastKnownFileType = text.plist.xml; path = "Home_Finder-Info.plist"; plistStructureDefinitionIdentifier = "com.apple.xcode.plist.structure-definition.iphone.info-plist"; sourceTree = "<group>"; };
		45D4559210019BDE00944852 /* HomeFinderIcon.png */ = {isa = PBXFileReference; lastKnownFileType = image.png; path = HomeFinderIcon.png; sourceTree = "<group>"; };
		45D4559410019BED00944852 /* FindAnApartmentIcon.png */ = {isa = PBXFileReference; lastKnownFileType = image.png; path = FindAnApartmentIcon.png; sourceTree = "<group>"; };
		45D455C51001A32100944852 /* HomeFinderMainWindow.xib */ = {isa = PBXFileReference; lastKnownFileType = file.xib; path = HomeFinderMainWindow.xib; sourceTree = "<group>"; };
		45D456871002E4C000944852 /* AppDelegate.h */ = {isa = PBXFileReference; fileEncoding = 4; lastKnownFileType = sourcecode.c.h; name = AppDelegate.h; path = Classes/AppDelegate.h; sourceTree = "<group>"; };
		45D456881002E4C000944852 /* AppDelegate.m */ = {isa = PBXFileReference; fileEncoding = 4; lastKnownFileType = sourcecode.c.objc; name = AppDelegate.m; path = Classes/AppDelegate.m; sourceTree = "<group>"; };
		45D93C6D0FECAC1C00AD4A5B /* locate.png */ = {isa = PBXFileReference; lastKnownFileType = image.png; name = locate.png; path = Images/locate.png; sourceTree = "<group>"; };
		45D93EDC0FEEDB0B00AD4A5B /* PropertyHistory.h */ = {isa = PBXFileReference; fileEncoding = 4; lastKnownFileType = sourcecode.c.h; name = PropertyHistory.h; path = Classes/PropertyHistory.h; sourceTree = "<group>"; };
		45D93EDD0FEEDB0B00AD4A5B /* PropertyHistory.m */ = {isa = PBXFileReference; fileEncoding = 4; lastKnownFileType = sourcecode.c.objc; name = PropertyHistory.m; path = Classes/PropertyHistory.m; sourceTree = "<group>"; };
		45D93FA70FEEE5E800AD4A5B /* StringFormatter.h */ = {isa = PBXFileReference; fileEncoding = 4; lastKnownFileType = sourcecode.c.h; path = StringFormatter.h; sourceTree = "<group>"; };
		45D93FA80FEEE5E800AD4A5B /* StringFormatter.m */ = {isa = PBXFileReference; fileEncoding = 4; lastKnownFileType = sourcecode.c.objc; path = StringFormatter.m; sourceTree = "<group>"; };
		45D9401B0FEFDA3600AD4A5B /* LocationCell.h */ = {isa = PBXFileReference; fileEncoding = 4; lastKnownFileType = sourcecode.c.h; name = LocationCell.h; path = Classes/LocationCell.h; sourceTree = "<group>"; };
		45D9401C0FEFDA3600AD4A5B /* LocationCell.m */ = {isa = PBXFileReference; fileEncoding = 4; lastKnownFileType = sourcecode.c.objc; name = LocationCell.m; path = Classes/LocationCell.m; sourceTree = "<group>"; };
		45D9401D0FEFDA3600AD4A5B /* LocationCell.xib */ = {isa = PBXFileReference; lastKnownFileType = file.xib; name = LocationCell.xib; path = Classes/LocationCell.xib; sourceTree = "<group>"; };
		45D941970FF02BF000AD4A5B /* PropertyImage.h */ = {isa = PBXFileReference; fileEncoding = 4; lastKnownFileType = sourcecode.c.h; name = PropertyImage.h; path = Classes/PropertyImage.h; sourceTree = "<group>"; };
		45D941980FF02BF000AD4A5B /* PropertyImage.m */ = {isa = PBXFileReference; fileEncoding = 4; lastKnownFileType = sourcecode.c.objc; name = PropertyImage.m; path = Classes/PropertyImage.m; sourceTree = "<group>"; };
		45D941DC0FF051B600AD4A5B /* PropertyDetails.h */ = {isa = PBXFileReference; fileEncoding = 4; lastKnownFileType = sourcecode.c.h; name = PropertyDetails.h; path = Classes/PropertyDetails.h; sourceTree = "<group>"; };
		45D941DD0FF051B600AD4A5B /* PropertyDetails.m */ = {isa = PBXFileReference; fileEncoding = 4; lastKnownFileType = sourcecode.c.objc; name = PropertyDetails.m; path = Classes/PropertyDetails.m; sourceTree = "<group>"; };
		45D942280FF0696C00AD4A5B /* down.png */ = {isa = PBXFileReference; lastKnownFileType = image.png; name = down.png; path = Images/down.png; sourceTree = "<group>"; };
		45D942290FF0696C00AD4A5B /* up.png */ = {isa = PBXFileReference; lastKnownFileType = image.png; name = up.png; path = Images/up.png; sourceTree = "<group>"; };
		45DB3C8E104A33BA003A8163 /* imageLoading.png */ = {isa = PBXFileReference; lastKnownFileType = image.png; name = imageLoading.png; path = Images/imageLoading.png; sourceTree = "<group>"; };
		45DD4490104502AE0001A93D /* ImageSource.h */ = {isa = PBXFileReference; fileEncoding = 4; lastKnownFileType = sourcecode.c.h; path = ImageSource.h; sourceTree = "<group>"; };
		45DD4491104502AE0001A93D /* ImageSource.m */ = {isa = PBXFileReference; fileEncoding = 4; lastKnownFileType = sourcecode.c.objc; path = ImageSource.m; sourceTree = "<group>"; };
		45E6EB9C1040F09E001E66F2 /* SaveAndRestoreProtocol.h */ = {isa = PBXFileReference; fileEncoding = 4; lastKnownFileType = sourcecode.c.h; path = SaveAndRestoreProtocol.h; sourceTree = "<group>"; };
		45E6EE251048890E006F8896 /* Image.h */ = {isa = PBXFileReference; fileEncoding = 4; lastKnownFileType = sourcecode.c.h; path = Image.h; sourceTree = "<group>"; };
		45E6EE261048890E006F8896 /* Image.m */ = {isa = PBXFileReference; fileEncoding = 4; lastKnownFileType = sourcecode.c.objc; path = Image.m; sourceTree = "<group>"; };
		45E9CD6C102BD39F003D157D /* QuartzCore.framework */ = {isa = PBXFileReference; lastKnownFileType = wrapper.framework; name = QuartzCore.framework; path = System/Library/Frameworks/QuartzCore.framework; sourceTree = SDKROOT; };
		45E9CE09102BE338003D157D /* LocationParser.h */ = {isa = PBXFileReference; fileEncoding = 4; lastKnownFileType = sourcecode.c.h; path = LocationParser.h; sourceTree = "<group>"; };
		45E9CE0A102BE338003D157D /* LocationParser.m */ = {isa = PBXFileReference; fileEncoding = 4; lastKnownFileType = sourcecode.c.objc; path = LocationParser.m; sourceTree = "<group>"; };
		45FF76C70FE9FF810053B4D8 /* PropertyFavoritesView.xib */ = {isa = PBXFileReference; lastKnownFileType = file.xib; name = PropertyFavoritesView.xib; path = Classes/PropertyFavoritesView.xib; sourceTree = "<group>"; };
		8D1107310486CEB800E47090 /* Find_an_Apartment-Info.plist */ = {isa = PBXFileReference; fileEncoding = 4; lastKnownFileType = text.plist.xml; path = "Find_an_Apartment-Info.plist"; sourceTree = "<group>"; };
		DD4581250FEEC7B500783A46 /* Geography.xcdatamodel */ = {isa = PBXFileReference; fileEncoding = 4; lastKnownFileType = wrapper.xcdatamodel; path = Geography.xcdatamodel; sourceTree = "<group>"; };
		DD4A5DA91002BFB9004599FB /* Default.png */ = {isa = PBXFileReference; lastKnownFileType = image.png; path = Default.png; sourceTree = "<group>"; };
		DD6F1F571026718C000C8207 /* back.png */ = {isa = PBXFileReference; lastKnownFileType = image.png; name = back.png; path = Images/back.png; sourceTree = "<group>"; };
		DD6F1F581026718C000C8207 /* forward.png */ = {isa = PBXFileReference; lastKnownFileType = image.png; name = forward.png; path = Images/forward.png; sourceTree = "<group>"; };
		DD6F22551027E1AD000C8207 /* WebViewController.h */ = {isa = PBXFileReference; fileEncoding = 4; lastKnownFileType = sourcecode.c.h; name = WebViewController.h; path = Classes/WebViewController.h; sourceTree = "<group>"; };
		DD6F22561027E1AD000C8207 /* WebViewController.m */ = {isa = PBXFileReference; fileEncoding = 4; lastKnownFileType = sourcecode.c.objc; name = WebViewController.m; path = Classes/WebViewController.m; sourceTree = "<group>"; };
		DD6F22591027E1C6000C8207 /* ImagesViewController.h */ = {isa = PBXFileReference; fileEncoding = 4; lastKnownFileType = sourcecode.c.h; name = ImagesViewController.h; path = Classes/ImagesViewController.h; sourceTree = "<group>"; };
		DD6F225A1027E1C6000C8207 /* ImagesViewController.m */ = {isa = PBXFileReference; fileEncoding = 4; lastKnownFileType = sourcecode.c.objc; name = ImagesViewController.m; path = Classes/ImagesViewController.m; sourceTree = "<group>"; };
		DD6F225D1027E1F3000C8207 /* PropertyAnnotation.h */ = {isa = PBXFileReference; fileEncoding = 4; lastKnownFileType = sourcecode.c.h; name = PropertyAnnotation.h; path = Classes/PropertyAnnotation.h; sourceTree = "<group>"; };
		DD7DAAD810293FBA00EE70AB /* PropertyAnnotation.m */ = {isa = PBXFileReference; fileEncoding = 4; lastKnownFileType = sourcecode.c.objc; name = PropertyAnnotation.m; path = Classes/PropertyAnnotation.m; sourceTree = "<group>"; };
		DD8C53470FE9F8AE0056F3B7 /* Geography.sqlite */ = {isa = PBXFileReference; lastKnownFileType = file; path = Geography.sqlite; sourceTree = "<group>"; };
		DD9B5E1B0FF42D0600348478 /* CoreLocation.framework */ = {isa = PBXFileReference; lastKnownFileType = wrapper.framework; name = CoreLocation.framework; path = System/Library/Frameworks/CoreLocation.framework; sourceTree = SDKROOT; };
		DD9B5F2A0FF4432E00348478 /* MapKit.framework */ = {isa = PBXFileReference; lastKnownFileType = wrapper.framework; name = MapKit.framework; path = System/Library/Frameworks/MapKit.framework; sourceTree = SDKROOT; };
		DD9B613C0FF45FED00348478 /* Locator.h */ = {isa = PBXFileReference; fileEncoding = 4; lastKnownFileType = sourcecode.c.h; path = Locator.h; sourceTree = "<group>"; };
		DD9B613D0FF45FED00348478 /* Locator.m */ = {isa = PBXFileReference; fileEncoding = 4; lastKnownFileType = sourcecode.c.objc; path = Locator.m; sourceTree = "<group>"; };
		DDDF6A91101E2C18001621C7 /* Three20.xcodeproj */ = {isa = PBXFileReference; lastKnownFileType = "wrapper.pb-project"; name = Three20.xcodeproj; path = three20/src/Three20.xcodeproj; sourceTree = SOURCE_ROOT; };
		DDDF6ABA101E2CA5001621C7 /* Three20.bundle */ = {isa = PBXFileReference; lastKnownFileType = "wrapper.plug-in"; name = Three20.bundle; path = three20/src/Three20.bundle; sourceTree = SOURCE_ROOT; };
/* End PBXFileReference section */

/* Begin PBXFrameworksBuildPhase section */
		1D60588F0D05DD3D006BFB54 /* Frameworks */ = {
			isa = PBXFrameworksBuildPhase;
			buildActionMask = 2147483647;
			files = (
				1D60589F0D05DD5A006BFB54 /* Foundation.framework in Frameworks */,
				1DF5F4E00D08C38300B7A737 /* UIKit.framework in Frameworks */,
				288765A50DF7441C002DB57D /* CoreGraphics.framework in Frameworks */,
				28D801B40F44B63D00FB423F /* CoreData.framework in Frameworks */,
				457AA2AF0FD8D4FF00F0D16C /* libxml2.2.dylib in Frameworks */,
				45C7682C0FEC804100C75D90 /* MessageUI.framework in Frameworks */,
				DD9B5E1C0FF42D0600348478 /* CoreLocation.framework in Frameworks */,
				DD9B5F2B0FF4432E00348478 /* MapKit.framework in Frameworks */,
				45E9CD6E102BD39F003D157D /* QuartzCore.framework in Frameworks */,
				45E9CD91102BD897003D157D /* libThree20.a in Frameworks */,
			);
			runOnlyForDeploymentPostprocessing = 0;
		};
		45D455451001970000944852 /* Frameworks */ = {
			isa = PBXFrameworksBuildPhase;
			buildActionMask = 2147483647;
			files = (
				45D455461001970000944852 /* Foundation.framework in Frameworks */,
				45D455471001970000944852 /* UIKit.framework in Frameworks */,
				45D455481001970000944852 /* CoreGraphics.framework in Frameworks */,
				45D455491001970000944852 /* CoreData.framework in Frameworks */,
				45D4554A1001970000944852 /* libxml2.2.dylib in Frameworks */,
				45D4554B1001970000944852 /* MessageUI.framework in Frameworks */,
				45D4554C1001970000944852 /* CoreLocation.framework in Frameworks */,
				45D4554D1001970000944852 /* MapKit.framework in Frameworks */,
				45E9CD6D102BD39F003D157D /* QuartzCore.framework in Frameworks */,
				45E9CD8F102BD87B003D157D /* libThree20.a in Frameworks */,
			);
			runOnlyForDeploymentPostprocessing = 0;
		};
/* End PBXFrameworksBuildPhase section */

/* Begin PBXGroup section */
		080E96DDFE201D6D7F000001 /* Classes */ = {
			isa = PBXGroup;
			children = (
				455BFE530FDC9EDF000BCD39 /* General */,
				455BFE520FDC9E99000BCD39 /* Property */,
				459CA0CE100AA97000108747 /* Mortgage */,
			);
			path = Classes;
			sourceTree = "<group>";
		};
		19C28FACFE9D520D11CA2CBB /* Products */ = {
			isa = PBXGroup;
			children = (
				1D6058910D05DD3D006BFB54 /* Find an Apartment.app */,
				45D455511001970000944852 /* Home Finder.app */,
			);
			name = Products;
			sourceTree = "<group>";
		};
		29B97314FDCFA39411CA2CEA /* CustomTemplate */ = {
			isa = PBXGroup;
			children = (
				45D93C6A0FECABA800AD4A5B /* Images */,
				457931EC0FE58F84008E2ACD /* Constants */,
				455BFE710FDCA0BF000BCD39 /* App Delegate */,
				455BFE600FDC9F7C000BCD39 /* Controllers */,
				455BFE510FDC9E47000BCD39 /* Views */,
				457AA34B0FDAC27000F0D16C /* Model */,
				080E96DDFE201D6D7F000001 /* Classes */,
				29B97315FDCFA39411CA2CEA /* Other Sources */,
				29B97317FDCFA39411CA2CEA /* Resources */,
				29B97323FDCFA39411CA2CEA /* Frameworks */,
				19C28FACFE9D520D11CA2CBB /* Products */,
			);
			name = CustomTemplate;
			sourceTree = "<group>";
		};
		29B97315FDCFA39411CA2CEA /* Other Sources */ = {
			isa = PBXGroup;
			children = (
				32CA4F630368D1EE00C91783 /* Find_an_Apartment_Prefix.pch */,
				29B97316FDCFA39411CA2CEA /* main.m */,
			);
			name = "Other Sources";
			sourceTree = "<group>";
		};
		29B97317FDCFA39411CA2CEA /* Resources */ = {
			isa = PBXGroup;
			children = (
				DDDF6ABA101E2CA5001621C7 /* Three20.bundle */,
				DD4A5DA91002BFB9004599FB /* Default.png */,
				45D4559410019BED00944852 /* FindAnApartmentIcon.png */,
				45D4559210019BDE00944852 /* HomeFinderIcon.png */,
				DD4581250FEEC7B500783A46 /* Geography.xcdatamodel */,
				DD8C53470FE9F8AE0056F3B7 /* Geography.sqlite */,
				45858DE30FDEF476003F8831 /* Property.xcdatamodel */,
				45BEE8FF1006D7D00031613E /* Mortgage.xcdatamodel */,
				28AD733E0D9D9553002E5188 /* FindAnApartmentMainWindow.xib */,
				45D455C51001A32100944852 /* HomeFinderMainWindow.xib */,
				8D1107310486CEB800E47090 /* Find_an_Apartment-Info.plist */,
				45D455531001970000944852 /* Home_Finder-Info.plist */,
			);
			name = Resources;
			sourceTree = "<group>";
		};
		29B97323FDCFA39411CA2CEA /* Frameworks */ = {
			isa = PBXGroup;
			children = (
				45E9CD6C102BD39F003D157D /* QuartzCore.framework */,
				DD9B5F2A0FF4432E00348478 /* MapKit.framework */,
				DD9B5E1B0FF42D0600348478 /* CoreLocation.framework */,
				45C7682B0FEC804100C75D90 /* MessageUI.framework */,
				457AA2AE0FD8D4FF00F0D16C /* libxml2.2.dylib */,
				1DF5F4DF0D08C38300B7A737 /* UIKit.framework */,
				1D30AB110D05D00D00671497 /* Foundation.framework */,
				288765A40DF7441C002DB57D /* CoreGraphics.framework */,
				28D801B30F44B63D00FB423F /* CoreData.framework */,
			);
			name = Frameworks;
			sourceTree = "<group>";
		};
		452A89F310339FDC00AD21AB /* General */ = {
			isa = PBXGroup;
			children = (
				4576665B104DF8F500EEFF22 /* Location.h */,
				4576665C104DF8F500EEFF22 /* Location.m */,
				452A8AD31033AED400AD21AB /* Placemark.h */,
				452A8AD41033AED400AD21AB /* Placemark.m */,
				452A89F41033A07F00AD21AB /* XmlElement.h */,
				452A89F51033A07F00AD21AB /* XmlElement.m */,
			);
			name = General;
			sourceTree = "<group>";
		};
		4558D64E10058C770065C4DD /* Mortgage */ = {
			isa = PBXGroup;
			children = (
				4558D65610058CF30065C4DD /* MortgageCriteriaViewController.h */,
				4558D65710058CF30065C4DD /* MortgageCriteriaViewController.m */,
				459CA105100ABEF900108747 /* MortgageResultsViewController.h */,
				459CA106100ABEF900108747 /* MortgageResultsViewController.m */,
				45C9B1D7105D984F00428FFE /* ProvidedByZillowCell.h */,
				45C9B1D8105D984F00428FFE /* ProvidedByZillowCell.m */,
			);
			name = Mortgage;
			sourceTree = "<group>";
		};
		455BFE510FDC9E47000BCD39 /* Views */ = {
			isa = PBXGroup;
			children = (
				455BFE640FDCA012000BCD39 /* General */,
				455BFE630FDCA004000BCD39 /* Property */,
				45BEE7CF100595A10031613E /* Mortgage */,
			);
			name = Views;
			sourceTree = "<group>";
		};
		455BFE520FDC9E99000BCD39 /* Property */ = {
			isa = PBXGroup;
			children = (
				457AA38B0FDAC45900F0D16C /* PropertyUrlConstructor.h */,
				457AA38C0FDAC45900F0D16C /* PropertyUrlConstructor.m */,
			);
			name = Property;
			sourceTree = "<group>";
		};
		455BFE530FDC9EDF000BCD39 /* General */ = {
			isa = PBXGroup;
			children = (
				DDDF6A91101E2C18001621C7 /* Three20.xcodeproj */,
				45E6EE251048890E006F8896 /* Image.h */,
				45E6EE261048890E006F8896 /* Image.m */,
				45DD4490104502AE0001A93D /* ImageSource.h */,
				45DD4491104502AE0001A93D /* ImageSource.m */,
				DD9B613C0FF45FED00348478 /* Locator.h */,
				DD9B613D0FF45FED00348478 /* Locator.m */,
				45E9CE09102BE338003D157D /* LocationParser.h */,
				45E9CE0A102BE338003D157D /* LocationParser.m */,
				45D93FA70FEEE5E800AD4A5B /* StringFormatter.h */,
				45D93FA80FEEE5E800AD4A5B /* StringFormatter.m */,
				459CA0D2100AAA0000108747 /* UrlConstructor.h */,
				459CA0D3100AAA0000108747 /* UrlConstructor.m */,
				457AA3370FDAC26100F0D16C /* UrlUtil.h */,
				457AA3380FDAC26100F0D16C /* UrlUtil.m */,
				457AA3390FDAC26100F0D16C /* XmlParser.h */,
				457AA33A0FDAC26100F0D16C /* XmlParser.m */,
				45E6EB9C1040F09E001E66F2 /* SaveAndRestoreProtocol.h */,
			);
			name = General;
			sourceTree = "<group>";
		};
		455BFE600FDC9F7C000BCD39 /* Controllers */ = {
			isa = PBXGroup;
			children = (
				455BFE650FDCA022000BCD39 /* General */,
				455BFE610FDC9F84000BCD39 /* Property */,
				4558D64E10058C770065C4DD /* Mortgage */,
			);
			name = Controllers;
			sourceTree = "<group>";
		};
		455BFE610FDC9F84000BCD39 /* Property */ = {
			isa = PBXGroup;
			children = (
				457AA37F0FDAC45900F0D16C /* PropertyCitiesViewController.h */,
				457AA3800FDAC45900F0D16C /* PropertyCitiesViewController.m */,
				457AA3820FDAC45900F0D16C /* PropertyCriteriaViewController.h */,
				457AA3830FDAC45900F0D16C /* PropertyCriteriaViewController.m */,
				457AA3E60FDB04B200F0D16C /* PropertyDetailsViewController.h */,
				457AA3E70FDB04B200F0D16C /* PropertyDetailsViewController.m */,
				4579337E0FE5ED93008E2ACD /* PropertyFavoritesViewController.h */,
				4579337F0FE5ED93008E2ACD /* PropertyFavoritesViewController.m */,
				45C974160FDCCA150021EE6D /* PropertyHistoryViewController.h */,
				45C974170FDCCA150021EE6D /* PropertyHistoryViewController.m */,
				45C767C70FEC7A1C00C75D90 /* PropertyListEmailerViewController.h */,
				45C767C80FEC7A1C00C75D90 /* PropertyListEmailerViewController.m */,
				457AA3850FDAC45900F0D16C /* PropertyListViewController.h */,
				457AA3860FDAC45900F0D16C /* PropertyListViewController.m */,
				458783A30FDB45F7000B4F5D /* PropertyMapViewController.h */,
				458783A40FDB45F7000B4F5D /* PropertyMapViewController.m */,
				455734321038FC770013278E /* PropertySearchSourcesViewController.h */,
				455734331038FC770013278E /* PropertySearchSourcesViewController.m */,
				4579324A0FE59783008E2ACD /* PropertySortChoicesViewController.h */,
				4579324B0FE59783008E2ACD /* PropertySortChoicesViewController.m */,
				457AA3880FDAC45900F0D16C /* PropertyStatesViewController.h */,
				457AA3890FDAC45900F0D16C /* PropertyStatesViewController.m */,
			);
			name = Property;
			sourceTree = "<group>";
		};
		455BFE630FDCA004000BCD39 /* Property */ = {
			isa = PBXGroup;
			children = (
				DD6F225D1027E1F3000C8207 /* PropertyAnnotation.h */,
				DD7DAAD810293FBA00EE70AB /* PropertyAnnotation.m */,
				457AA3810FDAC45900F0D16C /* PropertyCitiesView.xib */,
				457AA3840FDAC45900F0D16C /* PropertyCriteriaView.xib */,
				455BFE3F0FDC9BC4000BCD39 /* PropertyDetailsView.xib */,
				45FF76C70FE9FF810053B4D8 /* PropertyFavoritesView.xib */,
				45C974150FDCCA150021EE6D /* PropertyHistoryView.xib */,
				457AA3870FDAC45900F0D16C /* PropertyListView.xib */,
				458783A50FDB45F7000B4F5D /* PropertyMapView.xib */,
				455734341038FC770013278E /* PropertySearchSourcesView.xib */,
				4579324D0FE59791008E2ACD /* PropertySortChoicesView.xib */,
				457AA38A0FDAC45900F0D16C /* PropertyStatesView.xib */,
			);
			name = Property;
			sourceTree = "<group>";
		};
		455BFE640FDCA012000BCD39 /* General */ = {
			isa = PBXGroup;
			children = (
				453EE36D0FF084DB0044390F /* DescriptionCell.xib */,
				457AA37B0FDAC45900F0D16C /* InputRangeCell.xib */,
				457AA37E0FDAC45900F0D16C /* InputSimpleCell.xib */,
				45D9401D0FEFDA3600AD4A5B /* LocationCell.xib */,
				457931000FE36A08008E2ACD /* SummaryCell.xib */,
				4557336B10374A800013278E /* WebView.xib */,
			);
			name = General;
			sourceTree = "<group>";
		};
		455BFE650FDCA022000BCD39 /* General */ = {
			isa = PBXGroup;
			children = (
				45BEE9851008FACC0031613E /* CriteriaViewController.h */,
				45BEE9861008FACC0031613E /* CriteriaViewController.m */,
				453EE36F0FF084EC0044390F /* DescriptionCell.h */,
				453EE3700FF084EC0044390F /* DescriptionCell.m */,
				DD6F22591027E1C6000C8207 /* ImagesViewController.h */,
				DD6F225A1027E1C6000C8207 /* ImagesViewController.m */,
				457AA3790FDAC45900F0D16C /* InputRangeCell.h */,
				457AA37A0FDAC45900F0D16C /* InputRangeCell.m */,
				457AA37C0FDAC45900F0D16C /* InputSimpleCell.h */,
				457AA37D0FDAC45900F0D16C /* InputSimpleCell.m */,
				45D9401B0FEFDA3600AD4A5B /* LocationCell.h */,
				45D9401C0FEFDA3600AD4A5B /* LocationCell.m */,
				457930FE0FE36A08008E2ACD /* SummaryCell.h */,
				457930FF0FE36A08008E2ACD /* SummaryCell.m */,
				DD6F22551027E1AD000C8207 /* WebViewController.h */,
				DD6F22561027E1AD000C8207 /* WebViewController.m */,
			);
			name = General;
			sourceTree = "<group>";
		};
		455BFE660FDCA036000BCD39 /* Property */ = {
			isa = PBXGroup;
			children = (
				4557346B103901C30013278E /* PropertyCriteria.h */,
				4557346C103901C30013278E /* PropertyCriteria.m */,
				45D941DC0FF051B600AD4A5B /* PropertyDetails.h */,
				45D941DD0FF051B600AD4A5B /* PropertyDetails.m */,
				45D93EDC0FEEDB0B00AD4A5B /* PropertyHistory.h */,
				45D93EDD0FEEDB0B00AD4A5B /* PropertyHistory.m */,
				45D941970FF02BF000AD4A5B /* PropertyImage.h */,
				45D941980FF02BF000AD4A5B /* PropertyImage.m */,
				458A49A81031373000375D4C /* PropertySummary.h */,
				458A49A91031373000375D4C /* PropertySummary.m */,
			);
			name = Property;
			sourceTree = "<group>";
		};
		455BFE710FDCA0BF000BCD39 /* App Delegate */ = {
			isa = PBXGroup;
			children = (
				45D456871002E4C000944852 /* AppDelegate.h */,
				45D456881002E4C000944852 /* AppDelegate.m */,
			);
			name = "App Delegate";
			sourceTree = "<group>";
		};
		457931EC0FE58F84008E2ACD /* Constants */ = {
			isa = PBXGroup;
			children = (
				457932490FE59771008E2ACD /* PropertyCriteriaConstants.h */,
				45991A220FF0927F00627B7D /* PropertyDetailsConstants.h */,
				455733CD103779940013278E /* PropertyListAndMapConstants.h */,
				45BEE85310059FEA0031613E /* MortgageCriteriaConstants.h */,
				45267CF6102EA866007BED9D /* MortgageResultsConstants.h */,
				4596B7FD1040D40100B76AC0 /* SaveAndRestoreConstants.h */,
			);
			name = Constants;
			sourceTree = "<group>";
		};
		457AA34B0FDAC27000F0D16C /* Model */ = {
			isa = PBXGroup;
			children = (
				452A89F310339FDC00AD21AB /* General */,
				45858DF00FDEF4C2003F8831 /* Geography */,
				455BFE660FDCA036000BCD39 /* Property */,
				45BEE9261006DE4D0031613E /* Mortgage */,
			);
			name = Model;
			sourceTree = "<group>";
		};
		45858DF00FDEF4C2003F8831 /* Geography */ = {
			isa = PBXGroup;
			children = (
				45C5FEEB1055AEDE001B0CB3 /* City.h */,
				45C5FEEC1055AEDE001B0CB3 /* City.m */,
				45C5FEE91055AEDE001B0CB3 /* State.h */,
				45C5FEEA1055AEDE001B0CB3 /* State.m */,
			);
			name = Geography;
			sourceTree = "<group>";
		};
		459CA0CE100AA97000108747 /* Mortgage */ = {
			isa = PBXGroup;
			children = (
				459CA0CF100AA98700108747 /* MortgageUrlConstructor.h */,
				459CA0D0100AA98700108747 /* MortgageUrlConstructor.m */,
			);
			name = Mortgage;
			sourceTree = "<group>";
		};
		45BEE7CF100595A10031613E /* Mortgage */ = {
			isa = PBXGroup;
			children = (
				4558D65810058CF30065C4DD /* MortgageCriteriaView.xib */,
				459CA107100ABEF900108747 /* MortgageResultsView.xib */,
				45C9B1D9105D984F00428FFE /* ProvidedByZillowCell.xib */,
			);
			name = Mortgage;
			sourceTree = "<group>";
		};
		45BEE9261006DE4D0031613E /* Mortgage */ = {
			isa = PBXGroup;
			children = (
				45BEEA73100962FF0031613E /* MortgageCriteria.h */,
				45BEEA74100962FF0031613E /* MortgageCriteria.m */,
			);
			name = Mortgage;
			sourceTree = "<group>";
		};
		45D93C6A0FECABA800AD4A5B /* Images */ = {
			isa = PBXGroup;
			children = (
				45C9B1C6105D8F3100428FFE /* providedByZillow.png */,
				45DB3C8E104A33BA003A8163 /* imageLoading.png */,
				DD6F1F571026718C000C8207 /* back.png */,
				DD6F1F581026718C000C8207 /* forward.png */,
				45BEE7A810058F7E0031613E /* mortgageTabBar.png */,
				45D942280FF0696C00AD4A5B /* down.png */,
				45D942290FF0696C00AD4A5B /* up.png */,
				45D93C6D0FECAC1C00AD4A5B /* locate.png */,
			);
			name = Images;
			sourceTree = "<group>";
		};
		DDDF6A92101E2C18001621C7 /* Products */ = {
			isa = PBXGroup;
			children = (
				DDDF6A99101E2C18001621C7 /* libThree20.a */,
			);
			name = Products;
			sourceTree = "<group>";
		};
/* End PBXGroup section */

/* Begin PBXNativeTarget section */
		1D6058900D05DD3D006BFB54 /* Find an Apartment */ = {
			isa = PBXNativeTarget;
			buildConfigurationList = 1D6058960D05DD3E006BFB54 /* Build configuration list for PBXNativeTarget "Find an Apartment" */;
			buildPhases = (
				1D60588D0D05DD3D006BFB54 /* Resources */,
				1D60588E0D05DD3D006BFB54 /* Sources */,
				1D60588F0D05DD3D006BFB54 /* Frameworks */,
			);
			buildRules = (
			);
			dependencies = (
				DDDF6AAF101E2C5D001621C7 /* PBXTargetDependency */,
			);
			name = "Find an Apartment";
			productName = "Find an Apartment";
			productReference = 1D6058910D05DD3D006BFB54 /* Find an Apartment.app */;
			productType = "com.apple.product-type.application";
		};
		45D455081001970000944852 /* Home Finder */ = {
			isa = PBXNativeTarget;
			buildConfigurationList = 45D4554E1001970000944852 /* Build configuration list for PBXNativeTarget "Home Finder" */;
			buildPhases = (
				45D455091001970000944852 /* Resources */,
				45D4551E1001970000944852 /* Sources */,
				45D455451001970000944852 /* Frameworks */,
			);
			buildRules = (
			);
			dependencies = (
				DDDF6AB5101E2C70001621C7 /* PBXTargetDependency */,
			);
			name = "Home Finder";
			productName = "Find an Apartment";
			productReference = 45D455511001970000944852 /* Home Finder.app */;
			productType = "com.apple.product-type.application";
		};
/* End PBXNativeTarget section */

/* Begin PBXProject section */
		29B97313FDCFA39411CA2CEA /* Project object */ = {
			isa = PBXProject;
			attributes = {
				ORGANIZATIONNAME = "Alexander Mobile";
			};
			buildConfigurationList = C01FCF4E08A954540054247B /* Build configuration list for PBXProject "Find an Apartment" */;
			compatibilityVersion = "Xcode 3.1";
			hasScannedForEncodings = 1;
			mainGroup = 29B97314FDCFA39411CA2CEA /* CustomTemplate */;
			projectDirPath = "";
			projectReferences = (
				{
					ProductGroup = DDDF6A92101E2C18001621C7 /* Products */;
					ProjectRef = DDDF6A91101E2C18001621C7 /* Three20.xcodeproj */;
				},
			);
			projectRoot = "";
			targets = (
				1D6058900D05DD3D006BFB54 /* Find an Apartment */,
				45D455081001970000944852 /* Home Finder */,
			);
		};
/* End PBXProject section */

/* Begin PBXReferenceProxy section */
		DDDF6A99101E2C18001621C7 /* libThree20.a */ = {
			isa = PBXReferenceProxy;
			fileType = archive.ar;
			path = libThree20.a;
			remoteRef = DDDF6A98101E2C18001621C7 /* PBXContainerItemProxy */;
			sourceTree = BUILT_PRODUCTS_DIR;
		};
/* End PBXReferenceProxy section */

/* Begin PBXResourcesBuildPhase section */
		1D60588D0D05DD3D006BFB54 /* Resources */ = {
			isa = PBXResourcesBuildPhase;
			buildActionMask = 2147483647;
			files = (
				28AD733F0D9D9553002E5188 /* FindAnApartmentMainWindow.xib in Resources */,
				457AA38F0FDAC45900F0D16C /* InputRangeCell.xib in Resources */,
				457AA3910FDAC45900F0D16C /* InputSimpleCell.xib in Resources */,
				457AA3930FDAC45900F0D16C /* PropertyCitiesView.xib in Resources */,
				457AA3950FDAC45900F0D16C /* PropertyCriteriaView.xib in Resources */,
				457AA3970FDAC45900F0D16C /* PropertyListView.xib in Resources */,
				457AA3990FDAC45900F0D16C /* PropertyStatesView.xib in Resources */,
				458783A70FDB45F7000B4F5D /* PropertyMapView.xib in Resources */,
				455BFE400FDC9BC4000BCD39 /* PropertyDetailsView.xib in Resources */,
				45C974180FDCCA150021EE6D /* PropertyHistoryView.xib in Resources */,
				457931020FE36A08008E2ACD /* SummaryCell.xib in Resources */,
				4579324E0FE59791008E2ACD /* PropertySortChoicesView.xib in Resources */,
				DD8C53480FE9F8AE0056F3B7 /* Geography.sqlite in Resources */,
				45FF76C80FE9FF810053B4D8 /* PropertyFavoritesView.xib in Resources */,
				45D93C6E0FECAC1C00AD4A5B /* locate.png in Resources */,
				45D9401F0FEFDA3600AD4A5B /* LocationCell.xib in Resources */,
				45D9422A0FF0696C00AD4A5B /* down.png in Resources */,
				45D9422B0FF0696C00AD4A5B /* up.png in Resources */,
				453EE36E0FF084DB0044390F /* DescriptionCell.xib in Resources */,
				45D4559510019BED00944852 /* FindAnApartmentIcon.png in Resources */,
				DD4A5DAA1002BFB9004599FB /* Default.png in Resources */,
				DDDF6ABB101E2CA5001621C7 /* Three20.bundle in Resources */,
				DD6F1F5B1026718C000C8207 /* back.png in Resources */,
				DD6F1F5C1026718C000C8207 /* forward.png in Resources */,
				4557336C10374A800013278E /* WebView.xib in Resources */,
				45DB3D01104A3BFF003A8163 /* imageLoading.png in Resources */,
			);
			runOnlyForDeploymentPostprocessing = 0;
		};
		45D455091001970000944852 /* Resources */ = {
			isa = PBXResourcesBuildPhase;
			buildActionMask = 2147483647;
			files = (
				45D4550B1001970000944852 /* InputRangeCell.xib in Resources */,
				45D4550C1001970000944852 /* InputSimpleCell.xib in Resources */,
				45D4550D1001970000944852 /* PropertyCitiesView.xib in Resources */,
				45D4550E1001970000944852 /* PropertyCriteriaView.xib in Resources */,
				45D4550F1001970000944852 /* PropertyListView.xib in Resources */,
				45D455101001970000944852 /* PropertyStatesView.xib in Resources */,
				45D455111001970000944852 /* PropertyMapView.xib in Resources */,
				45D455121001970000944852 /* PropertyDetailsView.xib in Resources */,
				45D455131001970000944852 /* PropertyHistoryView.xib in Resources */,
				45D455141001970000944852 /* SummaryCell.xib in Resources */,
				45D455151001970000944852 /* PropertySortChoicesView.xib in Resources */,
				45D455161001970000944852 /* Geography.sqlite in Resources */,
				45D455171001970000944852 /* PropertyFavoritesView.xib in Resources */,
				45D455191001970000944852 /* locate.png in Resources */,
				45D4551A1001970000944852 /* LocationCell.xib in Resources */,
				45D4551B1001970000944852 /* down.png in Resources */,
				45D4551C1001970000944852 /* up.png in Resources */,
				45D4551D1001970000944852 /* DescriptionCell.xib in Resources */,
				45D4559310019BDE00944852 /* HomeFinderIcon.png in Resources */,
				45D455C61001A32100944852 /* HomeFinderMainWindow.xib in Resources */,
				4558D65A10058CF30065C4DD /* MortgageCriteriaView.xib in Resources */,
				DD02AD59100FD399003FD680 /* Default.png in Resources */,
				45BEE7A910058F7E0031613E /* mortgageTabBar.png in Resources */,
				459CA109100ABEF900108747 /* MortgageResultsView.xib in Resources */,
				DDDF6ABC101E2CA5001621C7 /* Three20.bundle in Resources */,
				DD6F1F591026718C000C8207 /* back.png in Resources */,
				DD6F1F5A1026718C000C8207 /* forward.png in Resources */,
				4557336D10374A800013278E /* WebView.xib in Resources */,
				455734361038FC770013278E /* PropertySearchSourcesView.xib in Resources */,
				45DB3C8F104A33BA003A8163 /* imageLoading.png in Resources */,
				45C9B1C7105D8F3100428FFE /* providedByZillow.png in Resources */,
				45C9B1DB105D984F00428FFE /* ProvidedByZillowCell.xib in Resources */,
			);
			runOnlyForDeploymentPostprocessing = 0;
		};
/* End PBXResourcesBuildPhase section */

/* Begin PBXSourcesBuildPhase section */
		1D60588E0D05DD3D006BFB54 /* Sources */ = {
			isa = PBXSourcesBuildPhase;
			buildActionMask = 2147483647;
			files = (
				1D60589B0D05DD56006BFB54 /* main.m in Sources */,
				457AA3490FDAC26100F0D16C /* UrlUtil.m in Sources */,
				457AA34A0FDAC26100F0D16C /* XmlParser.m in Sources */,
				457AA38E0FDAC45900F0D16C /* InputRangeCell.m in Sources */,
				457AA3900FDAC45900F0D16C /* InputSimpleCell.m in Sources */,
				457AA3920FDAC45900F0D16C /* PropertyCitiesViewController.m in Sources */,
				457AA3940FDAC45900F0D16C /* PropertyCriteriaViewController.m in Sources */,
				457AA3960FDAC45900F0D16C /* PropertyListViewController.m in Sources */,
				457AA3980FDAC45900F0D16C /* PropertyStatesViewController.m in Sources */,
				457AA39A0FDAC45900F0D16C /* PropertyUrlConstructor.m in Sources */,
				457AA3E90FDB04B200F0D16C /* PropertyDetailsViewController.m in Sources */,
				458783A60FDB45F7000B4F5D /* PropertyMapViewController.m in Sources */,
				45C974190FDCCA150021EE6D /* PropertyHistoryViewController.m in Sources */,
				45858DE40FDEF476003F8831 /* Property.xcdatamodel in Sources */,
				457931010FE36A08008E2ACD /* SummaryCell.m in Sources */,
				4579324C0FE59783008E2ACD /* PropertySortChoicesViewController.m in Sources */,
				457933800FE5ED93008E2ACD /* PropertyFavoritesViewController.m in Sources */,
				45C767CA0FEC7A1C00C75D90 /* PropertyListEmailerViewController.m in Sources */,
				DD4581260FEEC7B500783A46 /* Geography.xcdatamodel in Sources */,
				45D93EDF0FEEDB0B00AD4A5B /* PropertyHistory.m in Sources */,
				45D93FA90FEEE5E800AD4A5B /* StringFormatter.m in Sources */,
				45D9401E0FEFDA3600AD4A5B /* LocationCell.m in Sources */,
				45D9419A0FF02BF000AD4A5B /* PropertyImage.m in Sources */,
				45D941DE0FF051B600AD4A5B /* PropertyDetails.m in Sources */,
				453EE3710FF084EC0044390F /* DescriptionCell.m in Sources */,
				DD9B613E0FF45FED00348478 /* Locator.m in Sources */,
				453DBF881002ED760090982C /* AppDelegate.m in Sources */,
				45BEE9881008FACC0031613E /* CriteriaViewController.m in Sources */,
				DDEC73BF1011825000EB56EC /* UrlConstructor.m in Sources */,
				DD6F22571027E1AD000C8207 /* WebViewController.m in Sources */,
				DD6F225B1027E1C6000C8207 /* ImagesViewController.m in Sources */,
				DD7DAAD910293FBA00EE70AB /* PropertyAnnotation.m in Sources */,
				45E9CE0C102BE338003D157D /* LocationParser.m in Sources */,
				458A49AB1031373000375D4C /* PropertySummary.m in Sources */,
				452A89F71033A07F00AD21AB /* XmlElement.m in Sources */,
				452A8AD61033AED400AD21AB /* Placemark.m in Sources */,
				4557346E103901C30013278E /* PropertyCriteria.m in Sources */,
				45DD4492104502AE0001A93D /* ImageSource.m in Sources */,
				45E6EE271048890E006F8896 /* Image.m in Sources */,
				4576665E104DF8F500EEFF22 /* Location.m in Sources */,
				45C5FEEF1055AEDE001B0CB3 /* State.m in Sources */,
				45C5FEF01055AEDE001B0CB3 /* City.m in Sources */,
			);
			runOnlyForDeploymentPostprocessing = 0;
		};
		45D4551E1001970000944852 /* Sources */ = {
			isa = PBXSourcesBuildPhase;
			buildActionMask = 2147483647;
			files = (
				45D4551F1001970000944852 /* main.m in Sources */,
				45D455201001970000944852 /* UrlUtil.m in Sources */,
				45D455211001970000944852 /* XmlParser.m in Sources */,
				45D455231001970000944852 /* InputRangeCell.m in Sources */,
				45D455241001970000944852 /* InputSimpleCell.m in Sources */,
				45D455251001970000944852 /* PropertyCitiesViewController.m in Sources */,
				45D455261001970000944852 /* PropertyCriteriaViewController.m in Sources */,
				45D455271001970000944852 /* PropertyListViewController.m in Sources */,
				45D455281001970000944852 /* PropertyStatesViewController.m in Sources */,
				45D455291001970000944852 /* PropertyUrlConstructor.m in Sources */,
				45D4552A1001970000944852 /* PropertyDetailsViewController.m in Sources */,
				45D4552B1001970000944852 /* PropertyMapViewController.m in Sources */,
				45D4552C1001970000944852 /* PropertyHistoryViewController.m in Sources */,
				45D4552D1001970000944852 /* Property.xcdatamodel in Sources */,
				45D4552F1001970000944852 /* SummaryCell.m in Sources */,
				45D455301001970000944852 /* PropertySortChoicesViewController.m in Sources */,
				45D455311001970000944852 /* PropertyFavoritesViewController.m in Sources */,
				45D455321001970000944852 /* PropertyListEmailerViewController.m in Sources */,
				45D455331001970000944852 /* Geography.xcdatamodel in Sources */,
				45D455371001970000944852 /* PropertyHistory.m in Sources */,
				45D455381001970000944852 /* StringFormatter.m in Sources */,
				45D455391001970000944852 /* LocationCell.m in Sources */,
				45D4553A1001970000944852 /* PropertyImage.m in Sources */,
				45D4553B1001970000944852 /* PropertyDetails.m in Sources */,
				45D4553C1001970000944852 /* DescriptionCell.m in Sources */,
				45D4553D1001970000944852 /* Locator.m in Sources */,
				45D456891002E4C000944852 /* AppDelegate.m in Sources */,
				4558D65910058CF30065C4DD /* MortgageCriteriaViewController.m in Sources */,
				45BEE9001006D7D00031613E /* Mortgage.xcdatamodel in Sources */,
				45BEE9871008FACC0031613E /* CriteriaViewController.m in Sources */,
				45BEEA75100962FF0031613E /* MortgageCriteria.m in Sources */,
				459CA0D1100AA98700108747 /* MortgageUrlConstructor.m in Sources */,
				459CA0D4100AAA0000108747 /* UrlConstructor.m in Sources */,
				459CA108100ABEF900108747 /* MortgageResultsViewController.m in Sources */,
				DD6F22581027E1AD000C8207 /* WebViewController.m in Sources */,
				DD6F225C1027E1C6000C8207 /* ImagesViewController.m in Sources */,
				DD7DAADA10293FBA00EE70AB /* PropertyAnnotation.m in Sources */,
				45E9CE0B102BE338003D157D /* LocationParser.m in Sources */,
				458A49AA1031373000375D4C /* PropertySummary.m in Sources */,
				452A89F61033A07F00AD21AB /* XmlElement.m in Sources */,
				452A8AD51033AED400AD21AB /* Placemark.m in Sources */,
				455734351038FC770013278E /* PropertySearchSourcesViewController.m in Sources */,
				4557346D103901C30013278E /* PropertyCriteria.m in Sources */,
				45DD4493104502AE0001A93D /* ImageSource.m in Sources */,
				45E6EE281048890E006F8896 /* Image.m in Sources */,
				4576665D104DF8F500EEFF22 /* Location.m in Sources */,
				45C5FEED1055AEDE001B0CB3 /* State.m in Sources */,
				45C5FEEE1055AEDE001B0CB3 /* City.m in Sources */,
				45C9B1DA105D984F00428FFE /* ProvidedByZillowCell.m in Sources */,
			);
			runOnlyForDeploymentPostprocessing = 0;
		};
/* End PBXSourcesBuildPhase section */

/* Begin PBXTargetDependency section */
		DDDF6AAF101E2C5D001621C7 /* PBXTargetDependency */ = {
			isa = PBXTargetDependency;
			name = Three20;
			targetProxy = DDDF6AAE101E2C5D001621C7 /* PBXContainerItemProxy */;
		};
		DDDF6AB5101E2C70001621C7 /* PBXTargetDependency */ = {
			isa = PBXTargetDependency;
			name = Three20;
			targetProxy = DDDF6AB4101E2C70001621C7 /* PBXContainerItemProxy */;
		};
/* End PBXTargetDependency section */

/* Begin XCBuildConfiguration section */
		1D6058940D05DD3E006BFB54 /* Debug */ = {
			isa = XCBuildConfiguration;
			buildSettings = {
				ALWAYS_SEARCH_USER_PATHS = NO;
				COPY_PHASE_STRIP = NO;
				FRAMEWORK_SEARCH_PATHS = (
					"$(inherited)",
					"\"/Volumes/Skiiing2/CD/ViewBased/Unknown Path/System/Library/Frameworks\"",
				);
				GCC_DYNAMIC_NO_PIC = NO;
				GCC_OPTIMIZATION_LEVEL = 0;
				GCC_PRECOMPILE_PREFIX_HEADER = YES;
				GCC_PREFIX_HEADER = Find_an_Apartment_Prefix.pch;
				GCC_PREPROCESSOR_DEFINITIONS = (
					FIND_AN_APARTMENT,
					DEBUG,
				);
				INFOPLIST_FILE = "Find_an_Apartment-Info.plist";
				PRODUCT_NAME = "Find an Apartment";
			};
			name = Debug;
		};
		1D6058950D05DD3E006BFB54 /* Release */ = {
			isa = XCBuildConfiguration;
			buildSettings = {
				ALWAYS_SEARCH_USER_PATHS = NO;
				COPY_PHASE_STRIP = YES;
				FRAMEWORK_SEARCH_PATHS = (
					"$(inherited)",
					"\"/Volumes/Skiiing2/CD/ViewBased/Unknown Path/System/Library/Frameworks\"",
				);
				GCC_PRECOMPILE_PREFIX_HEADER = YES;
				GCC_PREFIX_HEADER = Find_an_Apartment_Prefix.pch;
				GCC_PREPROCESSOR_DEFINITIONS = FIND_AN_APARTMENT;
				INFOPLIST_FILE = "Find_an_Apartment-Info.plist";
				PRODUCT_NAME = "Find an Apartment";
			};
			name = Release;
		};
		45A239E21058A4F80072C190 /* Distribution */ = {
			isa = XCBuildConfiguration;
			buildSettings = {
				ARCHS = "$(ARCHS_STANDARD_32_BIT)";
				"CODE_SIGN_IDENTITY[sdk=iphoneos*]" = "iPhone Distribution";
				GCC_C_LANGUAGE_STANDARD = c99;
				GCC_TREAT_IMPLICIT_FUNCTION_DECLARATIONS_AS_ERRORS = YES;
				GCC_TREAT_WARNINGS_AS_ERRORS = YES;
				GCC_WARN_64_TO_32_BIT_CONVERSION = YES;
				GCC_WARN_ABOUT_MISSING_NEWLINE = YES;
				GCC_WARN_ABOUT_RETURN_TYPE = YES;
				GCC_WARN_CHECK_SWITCH_STATEMENTS = YES;
				GCC_WARN_EFFECTIVE_CPLUSPLUS_VIOLATIONS = YES;
				GCC_WARN_FOUR_CHARACTER_CONSTANTS = YES;
				GCC_WARN_HIDDEN_VIRTUAL_FUNCTIONS = YES;
				GCC_WARN_INITIALIZER_NOT_FULLY_BRACKETED = YES;
				GCC_WARN_MISSING_PARENTHESES = YES;
				GCC_WARN_NON_VIRTUAL_DESTRUCTOR = YES;
				GCC_WARN_SIGN_COMPARE = YES;
				GCC_WARN_TYPECHECK_CALLS_TO_PRINTF = YES;
				GCC_WARN_UNKNOWN_PRAGMAS = YES;
				GCC_WARN_UNUSED_LABEL = YES;
				GCC_WARN_UNUSED_VALUE = YES;
				GCC_WARN_UNUSED_VARIABLE = YES;
				HEADER_SEARCH_PATHS = (
					three20/src,
					/Developer/Platforms/iPhoneOS.platform/Developer/SDKs/iPhoneOS3.0.sdk/usr/include/libxml2,
				);
				PREBINDING = NO;
				"PROVISIONING_PROFILE[sdk=iphoneos*]" = "";
				SDKROOT = iphoneos3.0;
			};
			name = Distribution;
		};
		45A239E31058A4F80072C190 /* Distribution */ = {
			isa = XCBuildConfiguration;
			buildSettings = {
				ALWAYS_SEARCH_USER_PATHS = NO;
				"CODE_SIGN_IDENTITY[sdk=iphoneos*]" = "iPhone Distribution";
				COPY_PHASE_STRIP = YES;
				FRAMEWORK_SEARCH_PATHS = (
					"$(inherited)",
					"\"/Volumes/Skiiing2/CD/ViewBased/Unknown Path/System/Library/Frameworks\"",
				);
				GCC_PRECOMPILE_PREFIX_HEADER = YES;
				GCC_PREFIX_HEADER = Find_an_Apartment_Prefix.pch;
				GCC_PREPROCESSOR_DEFINITIONS = FIND_AN_APARTMENT;
				INFOPLIST_FILE = "Find_an_Apartment-Info.plist";
				PRODUCT_NAME = "Find an Apartment";
				"PROVISIONING_PROFILE[sdk=iphoneos*]" = "";
			};
			name = Distribution;
		};
		45A239E41058A4F80072C190 /* Distribution */ = {
			isa = XCBuildConfiguration;
			buildSettings = {
				ALWAYS_SEARCH_USER_PATHS = NO;
				COPY_PHASE_STRIP = YES;
				FRAMEWORK_SEARCH_PATHS = (
					"$(inherited)",
					"\\\"/Volumes/Skiiing2/CD/ViewBased/Unknown\\ Path/System/Library/Frameworks\\\"",
				);
				GCC_PRECOMPILE_PREFIX_HEADER = YES;
				GCC_PREFIX_HEADER = Find_an_Apartment_Prefix.pch;
				GCC_PREPROCESSOR_DEFINITIONS = HOME_FINDER;
				INFOPLIST_FILE = "Home_Finder-Info.plist";
				PRODUCT_NAME = "Home Finder";
			};
			name = Distribution;
		};
		45D4554F1001970000944852 /* Debug */ = {
			isa = XCBuildConfiguration;
			buildSettings = {
				ALWAYS_SEARCH_USER_PATHS = NO;
				COPY_PHASE_STRIP = NO;
				FRAMEWORK_SEARCH_PATHS = (
					"$(inherited)",
					"\\\"/Volumes/Skiiing2/CD/ViewBased/Unknown\\ Path/System/Library/Frameworks\\\"",
				);
				GCC_DYNAMIC_NO_PIC = NO;
				GCC_OPTIMIZATION_LEVEL = 0;
				GCC_PRECOMPILE_PREFIX_HEADER = YES;
				GCC_PREFIX_HEADER = Find_an_Apartment_Prefix.pch;
				GCC_PREPROCESSOR_DEFINITIONS = (
					HOME_FINDER,
					DEBUG,
				);
				INFOPLIST_FILE = "Home_Finder-Info.plist";
				PRODUCT_NAME = "Home Finder";
			};
			name = Debug;
		};
		45D455501001970000944852 /* Release */ = {
			isa = XCBuildConfiguration;
			buildSettings = {
				ALWAYS_SEARCH_USER_PATHS = NO;
				COPY_PHASE_STRIP = YES;
				FRAMEWORK_SEARCH_PATHS = (
					"$(inherited)",
					"\\\"/Volumes/Skiiing2/CD/ViewBased/Unknown\\ Path/System/Library/Frameworks\\\"",
				);
				GCC_PRECOMPILE_PREFIX_HEADER = YES;
				GCC_PREFIX_HEADER = Find_an_Apartment_Prefix.pch;
				GCC_PREPROCESSOR_DEFINITIONS = HOME_FINDER;
				INFOPLIST_FILE = "Home_Finder-Info.plist";
				PRODUCT_NAME = "Home Finder";
			};
			name = Release;
		};
		C01FCF4F08A954540054247B /* Debug */ = {
			isa = XCBuildConfiguration;
			buildSettings = {
				ARCHS = "$(ARCHS_STANDARD_32_BIT)";
				"CODE_SIGN_IDENTITY[sdk=iphoneos*]" = "iPhone Developer";
				GCC_C_LANGUAGE_STANDARD = c99;
				GCC_TREAT_IMPLICIT_FUNCTION_DECLARATIONS_AS_ERRORS = YES;
				GCC_TREAT_WARNINGS_AS_ERRORS = YES;
				GCC_WARN_64_TO_32_BIT_CONVERSION = YES;
				GCC_WARN_ABOUT_MISSING_NEWLINE = YES;
				GCC_WARN_ABOUT_RETURN_TYPE = YES;
				GCC_WARN_CHECK_SWITCH_STATEMENTS = YES;
				GCC_WARN_EFFECTIVE_CPLUSPLUS_VIOLATIONS = YES;
				GCC_WARN_FOUR_CHARACTER_CONSTANTS = YES;
				GCC_WARN_HIDDEN_VIRTUAL_FUNCTIONS = YES;
				GCC_WARN_INITIALIZER_NOT_FULLY_BRACKETED = YES;
				GCC_WARN_MISSING_PARENTHESES = YES;
				GCC_WARN_NON_VIRTUAL_DESTRUCTOR = YES;
				GCC_WARN_SIGN_COMPARE = YES;
				GCC_WARN_TYPECHECK_CALLS_TO_PRINTF = YES;
				GCC_WARN_UNKNOWN_PRAGMAS = YES;
				GCC_WARN_UNUSED_LABEL = YES;
				GCC_WARN_UNUSED_VALUE = YES;
				GCC_WARN_UNUSED_VARIABLE = YES;
				HEADER_SEARCH_PATHS = (
					three20/src,
					/Developer/Platforms/iPhoneOS.platform/Developer/SDKs/iPhoneOS3.0.sdk/usr/include/libxml2,
				);
				ONLY_ACTIVE_ARCH = YES;
				OTHER_LDFLAGS = (
					"-all_load",
					"-ObjC",
				);
				PREBINDING = NO;
				SDKROOT = iphoneos3.0;
			};
			name = Debug;
		};
		C01FCF5008A954540054247B /* Release */ = {
			isa = XCBuildConfiguration;
			buildSettings = {
				ARCHS = "$(ARCHS_STANDARD_32_BIT)";
				"CODE_SIGN_IDENTITY[sdk=iphoneos*]" = "iPhone Developer";
				GCC_C_LANGUAGE_STANDARD = c99;
				GCC_TREAT_IMPLICIT_FUNCTION_DECLARATIONS_AS_ERRORS = YES;
				GCC_TREAT_WARNINGS_AS_ERRORS = YES;
				GCC_WARN_64_TO_32_BIT_CONVERSION = YES;
				GCC_WARN_ABOUT_MISSING_NEWLINE = YES;
				GCC_WARN_ABOUT_RETURN_TYPE = YES;
				GCC_WARN_CHECK_SWITCH_STATEMENTS = YES;
				GCC_WARN_EFFECTIVE_CPLUSPLUS_VIOLATIONS = YES;
				GCC_WARN_FOUR_CHARACTER_CONSTANTS = YES;
				GCC_WARN_HIDDEN_VIRTUAL_FUNCTIONS = YES;
				GCC_WARN_INITIALIZER_NOT_FULLY_BRACKETED = YES;
				GCC_WARN_MISSING_PARENTHESES = YES;
				GCC_WARN_NON_VIRTUAL_DESTRUCTOR = YES;
				GCC_WARN_SIGN_COMPARE = YES;
				GCC_WARN_TYPECHECK_CALLS_TO_PRINTF = YES;
				GCC_WARN_UNKNOWN_PRAGMAS = YES;
				GCC_WARN_UNUSED_LABEL = YES;
				GCC_WARN_UNUSED_VALUE = YES;
				GCC_WARN_UNUSED_VARIABLE = YES;
				HEADER_SEARCH_PATHS = (
					three20/src,
					/Developer/Platforms/iPhoneOS.platform/Developer/SDKs/iPhoneOS3.0.sdk/usr/include/libxml2,
				);
				PREBINDING = NO;
				SDKROOT = iphoneos3.0;
			};
			name = Release;
		};
/* End XCBuildConfiguration section */

/* Begin XCConfigurationList section */
		1D6058960D05DD3E006BFB54 /* Build configuration list for PBXNativeTarget "Find an Apartment" */ = {
			isa = XCConfigurationList;
			buildConfigurations = (
				1D6058940D05DD3E006BFB54 /* Debug */,
				1D6058950D05DD3E006BFB54 /* Release */,
				45A239E31058A4F80072C190 /* Distribution */,
			);
			defaultConfigurationIsVisible = 0;
			defaultConfigurationName = Release;
		};
		45D4554E1001970000944852 /* Build configuration list for PBXNativeTarget "Home Finder" */ = {
			isa = XCConfigurationList;
			buildConfigurations = (
				45D4554F1001970000944852 /* Debug */,
				45D455501001970000944852 /* Release */,
				45A239E41058A4F80072C190 /* Distribution */,
			);
			defaultConfigurationIsVisible = 0;
			defaultConfigurationName = Release;
		};
		C01FCF4E08A954540054247B /* Build configuration list for PBXProject "Find an Apartment" */ = {
			isa = XCConfigurationList;
			buildConfigurations = (
				C01FCF4F08A954540054247B /* Debug */,
				C01FCF5008A954540054247B /* Release */,
				45A239E21058A4F80072C190 /* Distribution */,
			);
			defaultConfigurationIsVisible = 0;
			defaultConfigurationName = Release;
		};
/* End XCConfigurationList section */
	};
	rootObject = 29B97313FDCFA39411CA2CEA /* Project object */;
}
